// !$*UTF8*$!
{
	archiveVersion = 1;
	classes = {
	};
	objectVersion = 52;
	objects = {

/* Begin PBXBuildFile section */
		0906958523A300E800CF0398 /* NetworkManager.swift in Sources */ = {isa = PBXBuildFile; fileRef = 0906958223A300E800CF0398 /* NetworkManager.swift */; };
		0906958623A300E800CF0398 /* RequestHandler.swift in Sources */ = {isa = PBXBuildFile; fileRef = 0906958323A300E800CF0398 /* RequestHandler.swift */; };
		0906958723A300E800CF0398 /* ResponseHandler.swift in Sources */ = {isa = PBXBuildFile; fileRef = 0906958423A300E800CF0398 /* ResponseHandler.swift */; };
		0906958923A304BE00CF0398 /* URLSessionClient.swift in Sources */ = {isa = PBXBuildFile; fileRef = 0906958823A304BE00CF0398 /* URLSessionClient.swift */; };
		0922E2B523A2EC0E00EB00C8 /* GetSongQueueInteractor.swift in Sources */ = {isa = PBXBuildFile; fileRef = 0922E2B323A2EB4600EB00C8 /* GetSongQueueInteractor.swift */; };
		0922E2B623A2EC1400EB00C8 /* GetCurrentTrackInteractor.swift in Sources */ = {isa = PBXBuildFile; fileRef = 0990B7AC2378F56000C213B7 /* GetCurrentTrackInteractor.swift */; };
		0922E2B723A2EC2100EB00C8 /* RadioGateway.swift in Sources */ = {isa = PBXBuildFile; fileRef = 0956081B237F52BA008206A1 /* RadioGateway.swift */; };
		0922E2B823A2EC2900EB00C8 /* Track.swift in Sources */ = {isa = PBXBuildFile; fileRef = 09560815237F4CB7008206A1 /* Track.swift */; };
		0922E2B923A2EC3000EB00C8 /* RadioDJ.swift in Sources */ = {isa = PBXBuildFile; fileRef = 09560817237F4D24008206A1 /* RadioDJ.swift */; };
		0922E2BA23A2EC3400EB00C8 /* RadioStatus.swift in Sources */ = {isa = PBXBuildFile; fileRef = 09560819237F4F01008206A1 /* RadioStatus.swift */; };
		0922E2BF23A2F8DC00EB00C8 /* TrackView.swift in Sources */ = {isa = PBXBuildFile; fileRef = 0922E2BE23A2F8DC00EB00C8 /* TrackView.swift */; };
		0922E2C223A2FA2A00EB00C8 /* TrackViewModel.swift in Sources */ = {isa = PBXBuildFile; fileRef = 0922E2C123A2FA2A00EB00C8 /* TrackViewModel.swift */; };
		0922E2C523A2FB5A00EB00C8 /* DateExtensions.swift in Sources */ = {isa = PBXBuildFile; fileRef = 0922E2C423A2FB5A00EB00C8 /* DateExtensions.swift */; };
		0929C24923D11DC80043E1D8 /* SongRequestRequest.swift in Sources */ = {isa = PBXBuildFile; fileRef = 0929C24823D11DC80043E1D8 /* SongRequestRequest.swift */; };
		0929C24B23D123930043E1D8 /* SongRequestButton.swift in Sources */ = {isa = PBXBuildFile; fileRef = 0929C24A23D123930043E1D8 /* SongRequestButton.swift */; };
		0929C24E23D1276F0043E1D8 /* RequestSongInteractor.swift in Sources */ = {isa = PBXBuildFile; fileRef = 0929C24C23D127470043E1D8 /* RequestSongInteractor.swift */; };
		093E6A6423B77F7000578C99 /* RadioMapperTests.swift in Sources */ = {isa = PBXBuildFile; fileRef = 093E6A6323B77F7000578C99 /* RadioMapperTests.swift */; };
		093E6A6723B783BC00578C99 /* GetLastPlayedInteractor.swift in Sources */ = {isa = PBXBuildFile; fileRef = 093E6A6523B7839D00578C99 /* GetLastPlayedInteractor.swift */; };
		093E6A6A23B7931A00578C99 /* KingfisherSwiftUI in Frameworks */ = {isa = PBXBuildFile; productRef = 093E6A6923B7931A00578C99 /* KingfisherSwiftUI */; };
		093E6A6C23B79D5900578C99 /* DJView.swift in Sources */ = {isa = PBXBuildFile; fileRef = 093E6A6B23B79D5900578C99 /* DJView.swift */; };
		093E6A6E23B79E0000578C99 /* DJViewModel.swift in Sources */ = {isa = PBXBuildFile; fileRef = 093E6A6D23B79E0000578C99 /* DJViewModel.swift */; };
		093E6A7123B7A1ED00578C99 /* GetDJInteractor.swift in Sources */ = {isa = PBXBuildFile; fileRef = 093E6A6F23B7A1C200578C99 /* GetDJInteractor.swift */; };
		093E6A7423B7AEDB00578C99 /* GetCurrentStatusInteractor.swift in Sources */ = {isa = PBXBuildFile; fileRef = 093E6A7223B7AED600578C99 /* GetCurrentStatusInteractor.swift */; };
		0941B4EE237873E400994F67 /* PlayRadioInteractor.swift in Sources */ = {isa = PBXBuildFile; fileRef = 0941B4ED237873E400994F67 /* PlayRadioInteractor.swift */; };
		0941B4F12378744200994F67 /* AVGateway.swift in Sources */ = {isa = PBXBuildFile; fileRef = 0941B4F02378744200994F67 /* AVGateway.swift */; };
		0941B4F32378746D00994F67 /* StopRadioInteractor.swift in Sources */ = {isa = PBXBuildFile; fileRef = 0941B4F22378746D00994F67 /* StopRadioInteractor.swift */; };
		0941B4F52378768900994F67 /* GatewayError.swift in Sources */ = {isa = PBXBuildFile; fileRef = 0941B4F42378768900994F67 /* GatewayError.swift */; };
		0941B4FB2378779400994F67 /* AVGatewayImp.swift in Sources */ = {isa = PBXBuildFile; fileRef = 0941B4FA2378779400994F67 /* AVGatewayImp.swift */; };
		0941B4FF23787D4A00994F67 /* RadioView.swift in Sources */ = {isa = PBXBuildFile; fileRef = 0941B4FE23787D4A00994F67 /* RadioView.swift */; };
		0941B50223787EC400994F67 /* Localizable.strings in Resources */ = {isa = PBXBuildFile; fileRef = 0941B50423787EC400994F67 /* Localizable.strings */; };
		0941B5062378800C00994F67 /* RadioPresenter.swift in Sources */ = {isa = PBXBuildFile; fileRef = 0941B5052378800C00994F67 /* RadioPresenter.swift */; };
		0941B5092378823F00994F67 /* Swinject in Frameworks */ = {isa = PBXBuildFile; productRef = 0941B5082378823F00994F67 /* Swinject */; };
		0941B50C2378830400994F67 /* Configurator.swift in Sources */ = {isa = PBXBuildFile; fileRef = 0941B50B2378830400994F67 /* Configurator.swift */; };
		0941B50E2378834700994F67 /* GatewayConfigurator.swift in Sources */ = {isa = PBXBuildFile; fileRef = 0941B50D2378834700994F67 /* GatewayConfigurator.swift */; };
		0941B5102378834F00994F67 /* InteractorConfigurator.swift in Sources */ = {isa = PBXBuildFile; fileRef = 0941B50F2378834F00994F67 /* InteractorConfigurator.swift */; };
		0941B512237883E800994F67 /* RadioConfigurator.swift in Sources */ = {isa = PBXBuildFile; fileRef = 0941B511237883E800994F67 /* RadioConfigurator.swift */; };
		0956081F237F5413008206A1 /* RadioGatewayImp.swift in Sources */ = {isa = PBXBuildFile; fileRef = 0956081E237F5413008206A1 /* RadioGatewayImp.swift */; };
		09560821237F5596008206A1 /* InterfaceConfigurator.swift in Sources */ = {isa = PBXBuildFile; fileRef = 09560820237F5596008206A1 /* InterfaceConfigurator.swift */; };
		096E0B98237A07F300024572 /* RemoteControl.swift in Sources */ = {isa = PBXBuildFile; fileRef = 096E0B97237A07F300024572 /* RemoteControl.swift */; };
		096E0B9A237A089600024572 /* RemoteControlCommand.swift in Sources */ = {isa = PBXBuildFile; fileRef = 096E0B99237A089600024572 /* RemoteControlCommand.swift */; };
		096E0B9C237A08A500024572 /* RemoteControlMetadata.swift in Sources */ = {isa = PBXBuildFile; fileRef = 096E0B9B237A08A500024572 /* RemoteControlMetadata.swift */; };
		096E0B9E237A08B500024572 /* RemoteControlError.swift in Sources */ = {isa = PBXBuildFile; fileRef = 096E0B9D237A08B500024572 /* RemoteControlError.swift */; };
		097C1EA42378716F00A7A5AD /* AppDelegate.swift in Sources */ = {isa = PBXBuildFile; fileRef = 097C1EA32378716F00A7A5AD /* AppDelegate.swift */; };
		097C1EA62378716F00A7A5AD /* SceneDelegate.swift in Sources */ = {isa = PBXBuildFile; fileRef = 097C1EA52378716F00A7A5AD /* SceneDelegate.swift */; };
		097C1EA82378716F00A7A5AD /* MainTabsView.swift in Sources */ = {isa = PBXBuildFile; fileRef = 097C1EA72378716F00A7A5AD /* MainTabsView.swift */; };
		097C1EAA2378717000A7A5AD /* Assets.xcassets in Resources */ = {isa = PBXBuildFile; fileRef = 097C1EA92378717000A7A5AD /* Assets.xcassets */; };
		097C1EAD2378717000A7A5AD /* Preview Assets.xcassets in Resources */ = {isa = PBXBuildFile; fileRef = 097C1EAC2378717000A7A5AD /* Preview Assets.xcassets */; };
		097C1EB02378717000A7A5AD /* LaunchScreen.storyboard in Resources */ = {isa = PBXBuildFile; fileRef = 097C1EAE2378717000A7A5AD /* LaunchScreen.storyboard */; };
		097C1EBB2378717100A7A5AD /* radioTests.swift in Sources */ = {isa = PBXBuildFile; fileRef = 097C1EBA2378717100A7A5AD /* radioTests.swift */; };
		097C1ED32378719700A7A5AD /* Radio_Domain.framework in Frameworks */ = {isa = PBXBuildFile; fileRef = 097C1ECA2378719700A7A5AD /* Radio_Domain.framework */; };
		097C1EDA2378719700A7A5AD /* radio_domainTests.swift in Sources */ = {isa = PBXBuildFile; fileRef = 097C1ED92378719700A7A5AD /* radio_domainTests.swift */; };
		097C1EDC2378719700A7A5AD /* radio_domain.h in Headers */ = {isa = PBXBuildFile; fileRef = 097C1ECC2378719700A7A5AD /* radio_domain.h */; settings = {ATTRIBUTES = (Public, ); }; };
		097C1EDF2378719700A7A5AD /* Radio_Domain.framework in Frameworks */ = {isa = PBXBuildFile; fileRef = 097C1ECA2378719700A7A5AD /* Radio_Domain.framework */; };
		097C1EE02378719700A7A5AD /* Radio_Domain.framework in Embed Frameworks */ = {isa = PBXBuildFile; fileRef = 097C1ECA2378719700A7A5AD /* Radio_Domain.framework */; settings = {ATTRIBUTES = (CodeSignOnCopy, RemoveHeadersOnCopy, ); }; };
		097C1EEA2378720100A7A5AD /* Interactor.swift in Sources */ = {isa = PBXBuildFile; fileRef = 097C1EE92378720100A7A5AD /* Interactor.swift */; };
		098CAF9D23BB8BF800B6B80E /* BottomSheetView.swift in Sources */ = {isa = PBXBuildFile; fileRef = 098CAF9C23BB8BF800B6B80E /* BottomSheetView.swift */; };
		098CAF9F23BB8FF700B6B80E /* SongList.swift in Sources */ = {isa = PBXBuildFile; fileRef = 098CAF9E23BB8FF700B6B80E /* SongList.swift */; };
		098CAFA223BBC03900B6B80E /* SearchView.swift in Sources */ = {isa = PBXBuildFile; fileRef = 098CAFA123BBC03900B6B80E /* SearchView.swift */; };
		098CAFA423BBC4D300B6B80E /* SearchWrapper.swift in Sources */ = {isa = PBXBuildFile; fileRef = 098CAFA323BBC4D300B6B80E /* SearchWrapper.swift */; };
		098CAFA623BBC78A00B6B80E /* SearchPresenter.swift in Sources */ = {isa = PBXBuildFile; fileRef = 098CAFA523BBC78A00B6B80E /* SearchPresenter.swift */; };
		098CAFAD23BBCDE000B6B80E /* SearchedTrack.swift in Sources */ = {isa = PBXBuildFile; fileRef = 098CAFA923BBC9DE00B6B80E /* SearchedTrack.swift */; };
		098CAFAE23BBCDE400B6B80E /* QueuedTrack.swift in Sources */ = {isa = PBXBuildFile; fileRef = 098CAFAB23BBC9F500B6B80E /* QueuedTrack.swift */; };
		098CAFB023BBD04400B6B80E /* SearchConfigurator.swift in Sources */ = {isa = PBXBuildFile; fileRef = 098CAFAF23BBD04400B6B80E /* SearchConfigurator.swift */; };
		098CAFB223BBD13C00B6B80E /* SearchedTrackViewModel.swift in Sources */ = {isa = PBXBuildFile; fileRef = 098CAFB123BBD13C00B6B80E /* SearchedTrackViewModel.swift */; };
		098CAFB423BBD59600B6B80E /* WebViewWrapper.swift in Sources */ = {isa = PBXBuildFile; fileRef = 098CAFB323BBD59600B6B80E /* WebViewWrapper.swift */; };
		0990B7AF2378F8E100C213B7 /* AVClient.swift in Sources */ = {isa = PBXBuildFile; fileRef = 0990B7AE2378F8E100C213B7 /* AVClient.swift */; };
		099FFB70239431D5005E1AD6 /* RadioMapper.swift in Sources */ = {isa = PBXBuildFile; fileRef = 099FFB6F239431D5005E1AD6 /* RadioMapper.swift */; };
		099FFB73239468E6005E1AD6 /* RadioDetailedModel.swift in Sources */ = {isa = PBXBuildFile; fileRef = 099FFB72239468E6005E1AD6 /* RadioDetailedModel.swift */; };
		099FFB7523947A2C005E1AD6 /* MapperConfigurator.swift in Sources */ = {isa = PBXBuildFile; fileRef = 099FFB7423947A2C005E1AD6 /* MapperConfigurator.swift */; };
		09A03D7E23D1162A00277D16 /* GetTokenRequest.swift in Sources */ = {isa = PBXBuildFile; fileRef = 09A03D7D23D1162A00277D16 /* GetTokenRequest.swift */; };
		09A03D8123D1175400277D16 /* SwiftSoup in Frameworks */ = {isa = PBXBuildFile; productRef = 09A03D8023D1175400277D16 /* SwiftSoup */; };
		09A03D8423D1190E00277D16 /* ResponseHandlerTests.swift in Sources */ = {isa = PBXBuildFile; fileRef = 09A03D8323D1190E00277D16 /* ResponseHandlerTests.swift */; };
		09A03D8623D11A1A00277D16 /* RadioHomeAPIFake.html in Resources */ = {isa = PBXBuildFile; fileRef = 09A03D8523D11A0A00277D16 /* RadioHomeAPIFake.html */; };
		09BD7809237E206D008950CD /* AppleLicense in Resources */ = {isa = PBXBuildFile; fileRef = 09BD7808237E206D008950CD /* AppleLicense */; };
		09BD780C237E2527008950CD /* RemoteControlClient.swift in Sources */ = {isa = PBXBuildFile; fileRef = 09BD780B237E2527008950CD /* RemoteControlClient.swift */; };
		09BD7811237E2C01008950CD /* NetworkDispatcher.swift in Sources */ = {isa = PBXBuildFile; fileRef = 09BD7810237E2C01008950CD /* NetworkDispatcher.swift */; };
		09BD7813237E2C5A008950CD /* APIRequest.swift in Sources */ = {isa = PBXBuildFile; fileRef = 09BD7812237E2C5A008950CD /* APIRequest.swift */; };
		09BD7815237E2CED008950CD /* FakeNetworkClient.swift in Sources */ = {isa = PBXBuildFile; fileRef = 09BD7814237E2CED008950CD /* FakeNetworkClient.swift */; };
		09BD7819237E2D77008950CD /* RadioMainAPI.swift in Sources */ = {isa = PBXBuildFile; fileRef = 09BD7818237E2D77008950CD /* RadioMainAPI.swift */; };
		09BD781B237E2D9B008950CD /* RadioMainAPIResponseModel.swift in Sources */ = {isa = PBXBuildFile; fileRef = 09BD781A237E2D9B008950CD /* RadioMainAPIResponseModel.swift */; };
		09BD781D237E2DBB008950CD /* RadioMainAPIFake.json in Resources */ = {isa = PBXBuildFile; fileRef = 09BD781C237E2DBB008950CD /* RadioMainAPIFake.json */; };
		09BD7824237E30FB008950CD /* RadioMainAPITests.swift in Sources */ = {isa = PBXBuildFile; fileRef = 09BD7823237E30FB008950CD /* RadioMainAPITests.swift */; };
		09D49EE723B8E71C00BCC62D /* CurrentTrackViewModel.swift in Sources */ = {isa = PBXBuildFile; fileRef = 09D49EE623B8E71C00BCC62D /* CurrentTrackViewModel.swift */; };
		09DD268B23BCD33200B70C8E /* SearchRequest.swift in Sources */ = {isa = PBXBuildFile; fileRef = 09DD268A23BCD33200B70C8E /* SearchRequest.swift */; };
		09DD268D23BCDB0A00B70C8E /* SearchResponseModel.swift in Sources */ = {isa = PBXBuildFile; fileRef = 09DD268C23BCDB0A00B70C8E /* SearchResponseModel.swift */; };
		09DD269023BCE0FC00B70C8E /* SearchForTermInteractor.swift in Sources */ = {isa = PBXBuildFile; fileRef = 09DD268E23BCE0E400B70C8E /* SearchForTermInteractor.swift */; };
		09DD269223BCE71600B70C8E /* NavigationWrapper.swift in Sources */ = {isa = PBXBuildFile; fileRef = 09DD269123BCE71600B70C8E /* NavigationWrapper.swift */; };
		09E9425223BE132F00A294E2 /* LabelAttributedStringWrapper.swift in Sources */ = {isa = PBXBuildFile; fileRef = 09E9425123BE132F00A294E2 /* LabelAttributedStringWrapper.swift */; };
		09F8A10E23B83E5500D95643 /* ArtworkHandler.swift in Sources */ = {isa = PBXBuildFile; fileRef = 09F8A10D23B83E5500D95643 /* ArtworkHandler.swift */; };
		09F8A11423B853FC00D95643 /* SeekBarView.swift in Sources */ = {isa = PBXBuildFile; fileRef = 09F8A11323B853FC00D95643 /* SeekBarView.swift */; };
		09F8A11623B854AE00D95643 /* ProgressBar.swift in Sources */ = {isa = PBXBuildFile; fileRef = 09F8A11523B854AE00D95643 /* ProgressBar.swift */; };
		09F8EB5B23B818D700FE6E25 /* MediaPlayerInterface.swift in Sources */ = {isa = PBXBuildFile; fileRef = 09F8EB5A23B818D700FE6E25 /* MediaPlayerInterface.swift */; };
		09F8EB5E23B81F8500FE6E25 /* GetPlaybackInfoInteractor.swift in Sources */ = {isa = PBXBuildFile; fileRef = 09F8EB5C23B81F2800FE6E25 /* GetPlaybackInfoInteractor.swift */; };
		09F8EB5F23B81FC500FE6E25 /* PlaybackInfo.swift in Sources */ = {isa = PBXBuildFile; fileRef = 09FDBE73237E03C3001E34DE /* PlaybackInfo.swift */; };
		09F8EB6123B8244F00FE6E25 /* MediaPlayerConfigurator.swift in Sources */ = {isa = PBXBuildFile; fileRef = 09F8EB6023B8244F00FE6E25 /* MediaPlayerConfigurator.swift */; };
		FB0F62FB244A0C3200532FE8 /* IsPlayingUseCase.swift in Sources */ = {isa = PBXBuildFile; fileRef = FB0F62FA244A0C3200532FE8 /* IsPlayingUseCase.swift */; };
		FB242EA6243E3C6100115B49 /* Radio_cross.h in Headers */ = {isa = PBXBuildFile; fileRef = FB242EA4243E3C6100115B49 /* Radio_cross.h */; settings = {ATTRIBUTES = (Public, ); }; };
		FB242EA9243E3C6100115B49 /* Radio_cross.framework in Frameworks */ = {isa = PBXBuildFile; fileRef = FB242EA2243E3C6100115B49 /* Radio_cross.framework */; };
		FB242EAA243E3C6100115B49 /* Radio_cross.framework in Embed Frameworks */ = {isa = PBXBuildFile; fileRef = FB242EA2243E3C6100115B49 /* Radio_cross.framework */; settings = {ATTRIBUTES = (CodeSignOnCopy, RemoveHeadersOnCopy, ); }; };
		FB242EB1243E3CC400115B49 /* AbstractLogger.swift in Sources */ = {isa = PBXBuildFile; fileRef = FB242EB0243E3CC400115B49 /* AbstractLogger.swift */; };
		FB242EB4243E3CFD00115B49 /* OSLogLogger.swift in Sources */ = {isa = PBXBuildFile; fileRef = FB242EB3243E3CFD00115B49 /* OSLogLogger.swift */; };
		FB242EB6243E40D500115B49 /* Radio_cross.framework in Frameworks */ = {isa = PBXBuildFile; fileRef = FB242EA2243E3C6100115B49 /* Radio_cross.framework */; };
		FB242EB8243E424200115B49 /* CrossConfigurator.swift in Sources */ = {isa = PBXBuildFile; fileRef = FB242EB7243E424200115B49 /* CrossConfigurator.swift */; };
		FB66321624464264005C2A7D /* GetNewsRequest.swift in Sources */ = {isa = PBXBuildFile; fileRef = FB66321524464264005C2A7D /* GetNewsRequest.swift */; };
		FB66321824464287005C2A7D /* GetNewsResponseModel.swift in Sources */ = {isa = PBXBuildFile; fileRef = FB66321724464287005C2A7D /* GetNewsResponseModel.swift */; };
		FB66321B244649DA005C2A7D /* NewsListView.swift in Sources */ = {isa = PBXBuildFile; fileRef = FB66321A244649DA005C2A7D /* NewsListView.swift */; };
		FB66321D24464A41005C2A7D /* NewsListPresenter.swift in Sources */ = {isa = PBXBuildFile; fileRef = FB66321C24464A41005C2A7D /* NewsListPresenter.swift */; };
		FB66321F24464A49005C2A7D /* NewsListConfigurator.swift in Sources */ = {isa = PBXBuildFile; fileRef = FB66321E24464A49005C2A7D /* NewsListConfigurator.swift */; };
		FB66322224464B38005C2A7D /* NewsEntry.swift in Sources */ = {isa = PBXBuildFile; fileRef = FB663213244641D7005C2A7D /* NewsEntry.swift */; };
		FB66322324464B49005C2A7D /* GetNewsListInteractor.swift in Sources */ = {isa = PBXBuildFile; fileRef = FB66322024464AF5005C2A7D /* GetNewsListInteractor.swift */; };
		FB66322524464BD4005C2A7D /* NewsEntryView.swift in Sources */ = {isa = PBXBuildFile; fileRef = FB66322424464BD4005C2A7D /* NewsEntryView.swift */; };
		FB67451D2448E72A0044ED68 /* NewsEntryViewModel.swift in Sources */ = {isa = PBXBuildFile; fileRef = FB67451C2448E7290044ED68 /* NewsEntryViewModel.swift */; };
		FB6745212448E78C0044ED68 /* HTMLParser.swift in Sources */ = {isa = PBXBuildFile; fileRef = FB6745202448E78C0044ED68 /* HTMLParser.swift */; };
		FB6745272448F9810044ED68 /* AppAttributedString.swift in Sources */ = {isa = PBXBuildFile; fileRef = FB6745262448F9810044ED68 /* AppAttributedString.swift */; };
		FB81FD12243F775E00058FF8 /* SongRequestResponseModel.swift in Sources */ = {isa = PBXBuildFile; fileRef = FB81FD11243F775E00058FF8 /* SongRequestResponseModel.swift */; };
		FB81FD16243F9B0800058FF8 /* ActivityIndicatorWrapper.swift in Sources */ = {isa = PBXBuildFile; fileRef = FB81FD15243F9B0800058FF8 /* ActivityIndicatorWrapper.swift */; };
		FB81FD18243FC7C300058FF8 /* GetFavoritesRequest.swift in Sources */ = {isa = PBXBuildFile; fileRef = FB81FD17243FC7C300058FF8 /* GetFavoritesRequest.swift */; };
		FB81FD1A243FC88500058FF8 /* GetFavoritesResponseModel.swift in Sources */ = {isa = PBXBuildFile; fileRef = FB81FD19243FC88500058FF8 /* GetFavoritesResponseModel.swift */; };
		FB81FD1D243FCA6F00058FF8 /* FavoriteTrack.swift in Sources */ = {isa = PBXBuildFile; fileRef = FB81FD1B243FC9BE00058FF8 /* FavoriteTrack.swift */; };
		FB81FD20243FCF4B00058FF8 /* FavoritesPresenter.swift in Sources */ = {isa = PBXBuildFile; fileRef = FB81FD1F243FCF4B00058FF8 /* FavoritesPresenter.swift */; };
		FB81FD22243FCF5400058FF8 /* FavoritesView.swift in Sources */ = {isa = PBXBuildFile; fileRef = FB81FD21243FCF5300058FF8 /* FavoritesView.swift */; };
		FB81FD25243FD3D800058FF8 /* GetFavoritesInteractor.swift in Sources */ = {isa = PBXBuildFile; fileRef = FB81FD23243FD3AE00058FF8 /* GetFavoritesInteractor.swift */; };
		FB81FD27243FD57F00058FF8 /* FavoritesConfigurator.swift in Sources */ = {isa = PBXBuildFile; fileRef = FB81FD26243FD57F00058FF8 /* FavoritesConfigurator.swift */; };
		FBD0CACD243F64310093BF71 /* LastPlayedPresenter.swift in Sources */ = {isa = PBXBuildFile; fileRef = FBD0CACC243F64310093BF71 /* LastPlayedPresenter.swift */; };
		FBD0CACF243F643B0093BF71 /* LastPlayedView.swift in Sources */ = {isa = PBXBuildFile; fileRef = FBD0CACE243F643B0093BF71 /* LastPlayedView.swift */; };
		FBD0CAD1243F64470093BF71 /* LastPlayedConfigurator.swift in Sources */ = {isa = PBXBuildFile; fileRef = FBD0CAD0243F64470093BF71 /* LastPlayedConfigurator.swift */; };
/* End PBXBuildFile section */

/* Begin PBXContainerItemProxy section */
		097C1EB72378717100A7A5AD /* PBXContainerItemProxy */ = {
			isa = PBXContainerItemProxy;
			containerPortal = 097C1E982378716F00A7A5AD /* Project object */;
			proxyType = 1;
			remoteGlobalIDString = 097C1E9F2378716F00A7A5AD;
			remoteInfo = radio;
		};
		097C1ED42378719700A7A5AD /* PBXContainerItemProxy */ = {
			isa = PBXContainerItemProxy;
			containerPortal = 097C1E982378716F00A7A5AD /* Project object */;
			proxyType = 1;
			remoteGlobalIDString = 097C1EC92378719700A7A5AD;
			remoteInfo = "radio-domain";
		};
		097C1ED62378719700A7A5AD /* PBXContainerItemProxy */ = {
			isa = PBXContainerItemProxy;
			containerPortal = 097C1E982378716F00A7A5AD /* Project object */;
			proxyType = 1;
			remoteGlobalIDString = 097C1E9F2378716F00A7A5AD;
			remoteInfo = radio;
		};
		097C1EDD2378719700A7A5AD /* PBXContainerItemProxy */ = {
			isa = PBXContainerItemProxy;
			containerPortal = 097C1E982378716F00A7A5AD /* Project object */;
			proxyType = 1;
			remoteGlobalIDString = 097C1EC92378719700A7A5AD;
			remoteInfo = "radio-domain";
		};
		FB242EA7243E3C6100115B49 /* PBXContainerItemProxy */ = {
			isa = PBXContainerItemProxy;
			containerPortal = 097C1E982378716F00A7A5AD /* Project object */;
			proxyType = 1;
			remoteGlobalIDString = FB242EA1243E3C6100115B49;
			remoteInfo = "Radio-cross";
		};
/* End PBXContainerItemProxy section */

/* Begin PBXCopyFilesBuildPhase section */
		097C1EE42378719700A7A5AD /* Embed Frameworks */ = {
			isa = PBXCopyFilesBuildPhase;
			buildActionMask = 2147483647;
			dstPath = "";
			dstSubfolderSpec = 10;
			files = (
				097C1EE02378719700A7A5AD /* Radio_Domain.framework in Embed Frameworks */,
				FB242EAA243E3C6100115B49 /* Radio_cross.framework in Embed Frameworks */,
			);
			name = "Embed Frameworks";
			runOnlyForDeploymentPostprocessing = 0;
		};
/* End PBXCopyFilesBuildPhase section */

/* Begin PBXFileReference section */
		0906958223A300E800CF0398 /* NetworkManager.swift */ = {isa = PBXFileReference; fileEncoding = 4; lastKnownFileType = sourcecode.swift; path = NetworkManager.swift; sourceTree = "<group>"; };
		0906958323A300E800CF0398 /* RequestHandler.swift */ = {isa = PBXFileReference; fileEncoding = 4; lastKnownFileType = sourcecode.swift; path = RequestHandler.swift; sourceTree = "<group>"; };
		0906958423A300E800CF0398 /* ResponseHandler.swift */ = {isa = PBXFileReference; fileEncoding = 4; lastKnownFileType = sourcecode.swift; path = ResponseHandler.swift; sourceTree = "<group>"; };
		0906958823A304BE00CF0398 /* URLSessionClient.swift */ = {isa = PBXFileReference; lastKnownFileType = sourcecode.swift; path = URLSessionClient.swift; sourceTree = "<group>"; };
		0922E2B323A2EB4600EB00C8 /* GetSongQueueInteractor.swift */ = {isa = PBXFileReference; lastKnownFileType = sourcecode.swift; path = GetSongQueueInteractor.swift; sourceTree = "<group>"; };
		0922E2BE23A2F8DC00EB00C8 /* TrackView.swift */ = {isa = PBXFileReference; lastKnownFileType = sourcecode.swift; path = TrackView.swift; sourceTree = "<group>"; };
		0922E2C123A2FA2A00EB00C8 /* TrackViewModel.swift */ = {isa = PBXFileReference; lastKnownFileType = sourcecode.swift; path = TrackViewModel.swift; sourceTree = "<group>"; };
		0922E2C423A2FB5A00EB00C8 /* DateExtensions.swift */ = {isa = PBXFileReference; lastKnownFileType = sourcecode.swift; path = DateExtensions.swift; sourceTree = "<group>"; };
		0929C24823D11DC80043E1D8 /* SongRequestRequest.swift */ = {isa = PBXFileReference; lastKnownFileType = sourcecode.swift; path = SongRequestRequest.swift; sourceTree = "<group>"; };
		0929C24A23D123930043E1D8 /* SongRequestButton.swift */ = {isa = PBXFileReference; lastKnownFileType = sourcecode.swift; path = SongRequestButton.swift; sourceTree = "<group>"; };
		0929C24C23D127470043E1D8 /* RequestSongInteractor.swift */ = {isa = PBXFileReference; lastKnownFileType = sourcecode.swift; path = RequestSongInteractor.swift; sourceTree = "<group>"; };
		093E6A6323B77F7000578C99 /* RadioMapperTests.swift */ = {isa = PBXFileReference; lastKnownFileType = sourcecode.swift; path = RadioMapperTests.swift; sourceTree = "<group>"; };
		093E6A6523B7839D00578C99 /* GetLastPlayedInteractor.swift */ = {isa = PBXFileReference; lastKnownFileType = sourcecode.swift; path = GetLastPlayedInteractor.swift; sourceTree = "<group>"; };
		093E6A6B23B79D5900578C99 /* DJView.swift */ = {isa = PBXFileReference; lastKnownFileType = sourcecode.swift; path = DJView.swift; sourceTree = "<group>"; };
		093E6A6D23B79E0000578C99 /* DJViewModel.swift */ = {isa = PBXFileReference; lastKnownFileType = sourcecode.swift; path = DJViewModel.swift; sourceTree = "<group>"; };
		093E6A6F23B7A1C200578C99 /* GetDJInteractor.swift */ = {isa = PBXFileReference; lastKnownFileType = sourcecode.swift; path = GetDJInteractor.swift; sourceTree = "<group>"; };
		093E6A7223B7AED600578C99 /* GetCurrentStatusInteractor.swift */ = {isa = PBXFileReference; lastKnownFileType = sourcecode.swift; path = GetCurrentStatusInteractor.swift; sourceTree = "<group>"; };
		0941B4ED237873E400994F67 /* PlayRadioInteractor.swift */ = {isa = PBXFileReference; lastKnownFileType = sourcecode.swift; path = PlayRadioInteractor.swift; sourceTree = "<group>"; };
		0941B4F02378744200994F67 /* AVGateway.swift */ = {isa = PBXFileReference; lastKnownFileType = sourcecode.swift; path = AVGateway.swift; sourceTree = "<group>"; };
		0941B4F22378746D00994F67 /* StopRadioInteractor.swift */ = {isa = PBXFileReference; lastKnownFileType = sourcecode.swift; path = StopRadioInteractor.swift; sourceTree = "<group>"; };
		0941B4F42378768900994F67 /* GatewayError.swift */ = {isa = PBXFileReference; lastKnownFileType = sourcecode.swift; path = GatewayError.swift; sourceTree = "<group>"; };
		0941B4FA2378779400994F67 /* AVGatewayImp.swift */ = {isa = PBXFileReference; lastKnownFileType = sourcecode.swift; path = AVGatewayImp.swift; sourceTree = "<group>"; };
		0941B4FE23787D4A00994F67 /* RadioView.swift */ = {isa = PBXFileReference; lastKnownFileType = sourcecode.swift; path = RadioView.swift; sourceTree = "<group>"; };
		0941B50323787EC400994F67 /* en */ = {isa = PBXFileReference; lastKnownFileType = text.plist.strings; name = en; path = en.lproj/Localizable.strings; sourceTree = "<group>"; };
		0941B5052378800C00994F67 /* RadioPresenter.swift */ = {isa = PBXFileReference; lastKnownFileType = sourcecode.swift; path = RadioPresenter.swift; sourceTree = "<group>"; };
		0941B50B2378830400994F67 /* Configurator.swift */ = {isa = PBXFileReference; lastKnownFileType = sourcecode.swift; path = Configurator.swift; sourceTree = "<group>"; };
		0941B50D2378834700994F67 /* GatewayConfigurator.swift */ = {isa = PBXFileReference; lastKnownFileType = sourcecode.swift; path = GatewayConfigurator.swift; sourceTree = "<group>"; };
		0941B50F2378834F00994F67 /* InteractorConfigurator.swift */ = {isa = PBXFileReference; lastKnownFileType = sourcecode.swift; path = InteractorConfigurator.swift; sourceTree = "<group>"; };
		0941B511237883E800994F67 /* RadioConfigurator.swift */ = {isa = PBXFileReference; lastKnownFileType = sourcecode.swift; path = RadioConfigurator.swift; sourceTree = "<group>"; };
		09560815237F4CB7008206A1 /* Track.swift */ = {isa = PBXFileReference; lastKnownFileType = sourcecode.swift; path = Track.swift; sourceTree = "<group>"; };
		09560817237F4D24008206A1 /* RadioDJ.swift */ = {isa = PBXFileReference; lastKnownFileType = sourcecode.swift; path = RadioDJ.swift; sourceTree = "<group>"; };
		09560819237F4F01008206A1 /* RadioStatus.swift */ = {isa = PBXFileReference; lastKnownFileType = sourcecode.swift; path = RadioStatus.swift; sourceTree = "<group>"; };
		0956081B237F52BA008206A1 /* RadioGateway.swift */ = {isa = PBXFileReference; lastKnownFileType = sourcecode.swift; path = RadioGateway.swift; sourceTree = "<group>"; };
		0956081E237F5413008206A1 /* RadioGatewayImp.swift */ = {isa = PBXFileReference; lastKnownFileType = sourcecode.swift; path = RadioGatewayImp.swift; sourceTree = "<group>"; };
		09560820237F5596008206A1 /* InterfaceConfigurator.swift */ = {isa = PBXFileReference; lastKnownFileType = sourcecode.swift; path = InterfaceConfigurator.swift; sourceTree = "<group>"; };
		096DF2E4237A19740094AFB0 /* README.md */ = {isa = PBXFileReference; lastKnownFileType = net.daringfireball.markdown; path = README.md; sourceTree = "<group>"; };
		096E0B97237A07F300024572 /* RemoteControl.swift */ = {isa = PBXFileReference; lastKnownFileType = sourcecode.swift; path = RemoteControl.swift; sourceTree = "<group>"; };
		096E0B99237A089600024572 /* RemoteControlCommand.swift */ = {isa = PBXFileReference; lastKnownFileType = sourcecode.swift; path = RemoteControlCommand.swift; sourceTree = "<group>"; };
		096E0B9B237A08A500024572 /* RemoteControlMetadata.swift */ = {isa = PBXFileReference; lastKnownFileType = sourcecode.swift; path = RemoteControlMetadata.swift; sourceTree = "<group>"; };
		096E0B9D237A08B500024572 /* RemoteControlError.swift */ = {isa = PBXFileReference; lastKnownFileType = sourcecode.swift; path = RemoteControlError.swift; sourceTree = "<group>"; };
		097C1EA02378716F00A7A5AD /* Radio.app */ = {isa = PBXFileReference; explicitFileType = wrapper.application; includeInIndex = 0; path = Radio.app; sourceTree = BUILT_PRODUCTS_DIR; };
		097C1EA32378716F00A7A5AD /* AppDelegate.swift */ = {isa = PBXFileReference; lastKnownFileType = sourcecode.swift; path = AppDelegate.swift; sourceTree = "<group>"; };
		097C1EA52378716F00A7A5AD /* SceneDelegate.swift */ = {isa = PBXFileReference; lastKnownFileType = sourcecode.swift; path = SceneDelegate.swift; sourceTree = "<group>"; };
		097C1EA72378716F00A7A5AD /* MainTabsView.swift */ = {isa = PBXFileReference; lastKnownFileType = sourcecode.swift; path = MainTabsView.swift; sourceTree = "<group>"; };
		097C1EA92378717000A7A5AD /* Assets.xcassets */ = {isa = PBXFileReference; lastKnownFileType = folder.assetcatalog; path = Assets.xcassets; sourceTree = "<group>"; };
		097C1EAC2378717000A7A5AD /* Preview Assets.xcassets */ = {isa = PBXFileReference; lastKnownFileType = folder.assetcatalog; path = "Preview Assets.xcassets"; sourceTree = "<group>"; };
		097C1EAF2378717000A7A5AD /* Base */ = {isa = PBXFileReference; lastKnownFileType = file.storyboard; name = Base; path = Base.lproj/LaunchScreen.storyboard; sourceTree = "<group>"; };
		097C1EB12378717000A7A5AD /* Info.plist */ = {isa = PBXFileReference; lastKnownFileType = text.plist.xml; path = Info.plist; sourceTree = "<group>"; };
		097C1EB62378717100A7A5AD /* RadioTests.xctest */ = {isa = PBXFileReference; explicitFileType = wrapper.cfbundle; includeInIndex = 0; path = RadioTests.xctest; sourceTree = BUILT_PRODUCTS_DIR; };
		097C1EBA2378717100A7A5AD /* radioTests.swift */ = {isa = PBXFileReference; lastKnownFileType = sourcecode.swift; path = radioTests.swift; sourceTree = "<group>"; };
		097C1EBC2378717100A7A5AD /* Info.plist */ = {isa = PBXFileReference; lastKnownFileType = text.plist.xml; path = Info.plist; sourceTree = "<group>"; };
		097C1ECA2378719700A7A5AD /* Radio_Domain.framework */ = {isa = PBXFileReference; explicitFileType = wrapper.framework; includeInIndex = 0; path = Radio_Domain.framework; sourceTree = BUILT_PRODUCTS_DIR; };
		097C1ECC2378719700A7A5AD /* radio_domain.h */ = {isa = PBXFileReference; lastKnownFileType = sourcecode.c.h; path = radio_domain.h; sourceTree = "<group>"; };
		097C1ECD2378719700A7A5AD /* Info.plist */ = {isa = PBXFileReference; lastKnownFileType = text.plist.xml; path = Info.plist; sourceTree = "<group>"; };
		097C1ED22378719700A7A5AD /* Radio-DomainTests.xctest */ = {isa = PBXFileReference; explicitFileType = wrapper.cfbundle; includeInIndex = 0; path = "Radio-DomainTests.xctest"; sourceTree = BUILT_PRODUCTS_DIR; };
		097C1ED92378719700A7A5AD /* radio_domainTests.swift */ = {isa = PBXFileReference; lastKnownFileType = sourcecode.swift; path = radio_domainTests.swift; sourceTree = "<group>"; };
		097C1EDB2378719700A7A5AD /* Info.plist */ = {isa = PBXFileReference; lastKnownFileType = text.plist.xml; path = Info.plist; sourceTree = "<group>"; };
		097C1EE92378720100A7A5AD /* Interactor.swift */ = {isa = PBXFileReference; lastKnownFileType = sourcecode.swift; path = Interactor.swift; sourceTree = "<group>"; };
		098CAF9C23BB8BF800B6B80E /* BottomSheetView.swift */ = {isa = PBXFileReference; lastKnownFileType = sourcecode.swift; path = BottomSheetView.swift; sourceTree = "<group>"; };
		098CAF9E23BB8FF700B6B80E /* SongList.swift */ = {isa = PBXFileReference; lastKnownFileType = sourcecode.swift; path = SongList.swift; sourceTree = "<group>"; };
		098CAFA123BBC03900B6B80E /* SearchView.swift */ = {isa = PBXFileReference; lastKnownFileType = sourcecode.swift; path = SearchView.swift; sourceTree = "<group>"; };
		098CAFA323BBC4D300B6B80E /* SearchWrapper.swift */ = {isa = PBXFileReference; lastKnownFileType = sourcecode.swift; path = SearchWrapper.swift; sourceTree = "<group>"; };
		098CAFA523BBC78A00B6B80E /* SearchPresenter.swift */ = {isa = PBXFileReference; lastKnownFileType = sourcecode.swift; path = SearchPresenter.swift; sourceTree = "<group>"; };
		098CAFA923BBC9DE00B6B80E /* SearchedTrack.swift */ = {isa = PBXFileReference; lastKnownFileType = sourcecode.swift; path = SearchedTrack.swift; sourceTree = "<group>"; };
		098CAFAB23BBC9F500B6B80E /* QueuedTrack.swift */ = {isa = PBXFileReference; lastKnownFileType = sourcecode.swift; path = QueuedTrack.swift; sourceTree = "<group>"; };
		098CAFAF23BBD04400B6B80E /* SearchConfigurator.swift */ = {isa = PBXFileReference; lastKnownFileType = sourcecode.swift; path = SearchConfigurator.swift; sourceTree = "<group>"; };
		098CAFB123BBD13C00B6B80E /* SearchedTrackViewModel.swift */ = {isa = PBXFileReference; lastKnownFileType = sourcecode.swift; path = SearchedTrackViewModel.swift; sourceTree = "<group>"; };
		098CAFB323BBD59600B6B80E /* WebViewWrapper.swift */ = {isa = PBXFileReference; lastKnownFileType = sourcecode.swift; path = WebViewWrapper.swift; sourceTree = "<group>"; };
		0990B7AC2378F56000C213B7 /* GetCurrentTrackInteractor.swift */ = {isa = PBXFileReference; lastKnownFileType = sourcecode.swift; path = GetCurrentTrackInteractor.swift; sourceTree = "<group>"; };
		0990B7AE2378F8E100C213B7 /* AVClient.swift */ = {isa = PBXFileReference; lastKnownFileType = sourcecode.swift; path = AVClient.swift; sourceTree = "<group>"; };
		099FFB6F239431D5005E1AD6 /* RadioMapper.swift */ = {isa = PBXFileReference; lastKnownFileType = sourcecode.swift; path = RadioMapper.swift; sourceTree = "<group>"; };
		099FFB72239468E6005E1AD6 /* RadioDetailedModel.swift */ = {isa = PBXFileReference; lastKnownFileType = sourcecode.swift; path = RadioDetailedModel.swift; sourceTree = "<group>"; };
		099FFB7423947A2C005E1AD6 /* MapperConfigurator.swift */ = {isa = PBXFileReference; lastKnownFileType = sourcecode.swift; path = MapperConfigurator.swift; sourceTree = "<group>"; };
		09A03D7D23D1162A00277D16 /* GetTokenRequest.swift */ = {isa = PBXFileReference; lastKnownFileType = sourcecode.swift; path = GetTokenRequest.swift; sourceTree = "<group>"; };
		09A03D8323D1190E00277D16 /* ResponseHandlerTests.swift */ = {isa = PBXFileReference; lastKnownFileType = sourcecode.swift; path = ResponseHandlerTests.swift; sourceTree = "<group>"; };
		09A03D8523D11A0A00277D16 /* RadioHomeAPIFake.html */ = {isa = PBXFileReference; lastKnownFileType = text.html; path = RadioHomeAPIFake.html; sourceTree = "<group>"; };
		09BD7808237E206D008950CD /* AppleLicense */ = {isa = PBXFileReference; lastKnownFileType = text; path = AppleLicense; sourceTree = "<group>"; };
		09BD780B237E2527008950CD /* RemoteControlClient.swift */ = {isa = PBXFileReference; lastKnownFileType = sourcecode.swift; path = RemoteControlClient.swift; sourceTree = "<group>"; };
		09BD7810237E2C01008950CD /* NetworkDispatcher.swift */ = {isa = PBXFileReference; lastKnownFileType = sourcecode.swift; path = NetworkDispatcher.swift; sourceTree = "<group>"; };
		09BD7812237E2C5A008950CD /* APIRequest.swift */ = {isa = PBXFileReference; lastKnownFileType = sourcecode.swift; path = APIRequest.swift; sourceTree = "<group>"; };
		09BD7814237E2CED008950CD /* FakeNetworkClient.swift */ = {isa = PBXFileReference; lastKnownFileType = sourcecode.swift; path = FakeNetworkClient.swift; sourceTree = "<group>"; };
		09BD7818237E2D77008950CD /* RadioMainAPI.swift */ = {isa = PBXFileReference; lastKnownFileType = sourcecode.swift; path = RadioMainAPI.swift; sourceTree = "<group>"; };
		09BD781A237E2D9B008950CD /* RadioMainAPIResponseModel.swift */ = {isa = PBXFileReference; lastKnownFileType = sourcecode.swift; path = RadioMainAPIResponseModel.swift; sourceTree = "<group>"; };
		09BD781C237E2DBB008950CD /* RadioMainAPIFake.json */ = {isa = PBXFileReference; lastKnownFileType = text.json; path = RadioMainAPIFake.json; sourceTree = "<group>"; };
		09BD7823237E30FB008950CD /* RadioMainAPITests.swift */ = {isa = PBXFileReference; lastKnownFileType = sourcecode.swift; path = RadioMainAPITests.swift; sourceTree = "<group>"; };
		09D49EE623B8E71C00BCC62D /* CurrentTrackViewModel.swift */ = {isa = PBXFileReference; lastKnownFileType = sourcecode.swift; path = CurrentTrackViewModel.swift; sourceTree = "<group>"; };
		09DD268A23BCD33200B70C8E /* SearchRequest.swift */ = {isa = PBXFileReference; lastKnownFileType = sourcecode.swift; path = SearchRequest.swift; sourceTree = "<group>"; };
		09DD268C23BCDB0A00B70C8E /* SearchResponseModel.swift */ = {isa = PBXFileReference; lastKnownFileType = sourcecode.swift; path = SearchResponseModel.swift; sourceTree = "<group>"; };
		09DD268E23BCE0E400B70C8E /* SearchForTermInteractor.swift */ = {isa = PBXFileReference; lastKnownFileType = sourcecode.swift; path = SearchForTermInteractor.swift; sourceTree = "<group>"; };
		09DD269123BCE71600B70C8E /* NavigationWrapper.swift */ = {isa = PBXFileReference; lastKnownFileType = sourcecode.swift; path = NavigationWrapper.swift; sourceTree = "<group>"; };
		09E9425123BE132F00A294E2 /* LabelAttributedStringWrapper.swift */ = {isa = PBXFileReference; lastKnownFileType = sourcecode.swift; path = LabelAttributedStringWrapper.swift; sourceTree = "<group>"; };
		09F8A10D23B83E5500D95643 /* ArtworkHandler.swift */ = {isa = PBXFileReference; lastKnownFileType = sourcecode.swift; path = ArtworkHandler.swift; sourceTree = "<group>"; };
		09F8A11323B853FC00D95643 /* SeekBarView.swift */ = {isa = PBXFileReference; lastKnownFileType = sourcecode.swift; path = SeekBarView.swift; sourceTree = "<group>"; };
		09F8A11523B854AE00D95643 /* ProgressBar.swift */ = {isa = PBXFileReference; lastKnownFileType = sourcecode.swift; path = ProgressBar.swift; sourceTree = "<group>"; };
		09F8EB5A23B818D700FE6E25 /* MediaPlayerInterface.swift */ = {isa = PBXFileReference; lastKnownFileType = sourcecode.swift; path = MediaPlayerInterface.swift; sourceTree = "<group>"; };
		09F8EB5C23B81F2800FE6E25 /* GetPlaybackInfoInteractor.swift */ = {isa = PBXFileReference; lastKnownFileType = sourcecode.swift; path = GetPlaybackInfoInteractor.swift; sourceTree = "<group>"; };
		09F8EB6023B8244F00FE6E25 /* MediaPlayerConfigurator.swift */ = {isa = PBXFileReference; lastKnownFileType = sourcecode.swift; path = MediaPlayerConfigurator.swift; sourceTree = "<group>"; };
		09FDBE73237E03C3001E34DE /* PlaybackInfo.swift */ = {isa = PBXFileReference; lastKnownFileType = sourcecode.swift; path = PlaybackInfo.swift; sourceTree = "<group>"; };
		FB0F62FA244A0C3200532FE8 /* IsPlayingUseCase.swift */ = {isa = PBXFileReference; lastKnownFileType = sourcecode.swift; path = IsPlayingUseCase.swift; sourceTree = "<group>"; };
		FB242EA2243E3C6100115B49 /* Radio_cross.framework */ = {isa = PBXFileReference; explicitFileType = wrapper.framework; includeInIndex = 0; path = Radio_cross.framework; sourceTree = BUILT_PRODUCTS_DIR; };
		FB242EA4243E3C6100115B49 /* Radio_cross.h */ = {isa = PBXFileReference; lastKnownFileType = sourcecode.c.h; path = Radio_cross.h; sourceTree = "<group>"; };
		FB242EA5243E3C6100115B49 /* Info.plist */ = {isa = PBXFileReference; lastKnownFileType = text.plist.xml; path = Info.plist; sourceTree = "<group>"; };
		FB242EB0243E3CC400115B49 /* AbstractLogger.swift */ = {isa = PBXFileReference; lastKnownFileType = sourcecode.swift; path = AbstractLogger.swift; sourceTree = "<group>"; };
		FB242EB3243E3CFD00115B49 /* OSLogLogger.swift */ = {isa = PBXFileReference; lastKnownFileType = sourcecode.swift; path = OSLogLogger.swift; sourceTree = "<group>"; };
		FB242EB7243E424200115B49 /* CrossConfigurator.swift */ = {isa = PBXFileReference; lastKnownFileType = sourcecode.swift; path = CrossConfigurator.swift; sourceTree = "<group>"; };
		FB663213244641D7005C2A7D /* NewsEntry.swift */ = {isa = PBXFileReference; lastKnownFileType = sourcecode.swift; path = NewsEntry.swift; sourceTree = "<group>"; };
		FB66321524464264005C2A7D /* GetNewsRequest.swift */ = {isa = PBXFileReference; lastKnownFileType = sourcecode.swift; path = GetNewsRequest.swift; sourceTree = "<group>"; };
		FB66321724464287005C2A7D /* GetNewsResponseModel.swift */ = {isa = PBXFileReference; lastKnownFileType = sourcecode.swift; path = GetNewsResponseModel.swift; sourceTree = "<group>"; };
		FB66321A244649DA005C2A7D /* NewsListView.swift */ = {isa = PBXFileReference; lastKnownFileType = sourcecode.swift; path = NewsListView.swift; sourceTree = "<group>"; };
		FB66321C24464A41005C2A7D /* NewsListPresenter.swift */ = {isa = PBXFileReference; lastKnownFileType = sourcecode.swift; path = NewsListPresenter.swift; sourceTree = "<group>"; };
		FB66321E24464A49005C2A7D /* NewsListConfigurator.swift */ = {isa = PBXFileReference; lastKnownFileType = sourcecode.swift; path = NewsListConfigurator.swift; sourceTree = "<group>"; };
		FB66322024464AF5005C2A7D /* GetNewsListInteractor.swift */ = {isa = PBXFileReference; lastKnownFileType = sourcecode.swift; path = GetNewsListInteractor.swift; sourceTree = "<group>"; };
		FB66322424464BD4005C2A7D /* NewsEntryView.swift */ = {isa = PBXFileReference; lastKnownFileType = sourcecode.swift; path = NewsEntryView.swift; sourceTree = "<group>"; };
		FB67451C2448E7290044ED68 /* NewsEntryViewModel.swift */ = {isa = PBXFileReference; lastKnownFileType = sourcecode.swift; path = NewsEntryViewModel.swift; sourceTree = "<group>"; };
		FB6745202448E78C0044ED68 /* HTMLParser.swift */ = {isa = PBXFileReference; lastKnownFileType = sourcecode.swift; path = HTMLParser.swift; sourceTree = "<group>"; };
		FB6745262448F9810044ED68 /* AppAttributedString.swift */ = {isa = PBXFileReference; lastKnownFileType = sourcecode.swift; path = AppAttributedString.swift; sourceTree = "<group>"; };
		FB7E0FC0243E249500DCC043 /* Radio.entitlements */ = {isa = PBXFileReference; lastKnownFileType = text.plist.entitlements; path = Radio.entitlements; sourceTree = "<group>"; };
		FB81FD11243F775E00058FF8 /* SongRequestResponseModel.swift */ = {isa = PBXFileReference; lastKnownFileType = sourcecode.swift; path = SongRequestResponseModel.swift; sourceTree = "<group>"; };
		FB81FD15243F9B0800058FF8 /* ActivityIndicatorWrapper.swift */ = {isa = PBXFileReference; lastKnownFileType = sourcecode.swift; path = ActivityIndicatorWrapper.swift; sourceTree = "<group>"; };
		FB81FD17243FC7C300058FF8 /* GetFavoritesRequest.swift */ = {isa = PBXFileReference; lastKnownFileType = sourcecode.swift; path = GetFavoritesRequest.swift; sourceTree = "<group>"; };
		FB81FD19243FC88500058FF8 /* GetFavoritesResponseModel.swift */ = {isa = PBXFileReference; lastKnownFileType = sourcecode.swift; path = GetFavoritesResponseModel.swift; sourceTree = "<group>"; };
		FB81FD1B243FC9BE00058FF8 /* FavoriteTrack.swift */ = {isa = PBXFileReference; lastKnownFileType = sourcecode.swift; path = FavoriteTrack.swift; sourceTree = "<group>"; };
		FB81FD1F243FCF4B00058FF8 /* FavoritesPresenter.swift */ = {isa = PBXFileReference; lastKnownFileType = sourcecode.swift; path = FavoritesPresenter.swift; sourceTree = "<group>"; };
		FB81FD21243FCF5300058FF8 /* FavoritesView.swift */ = {isa = PBXFileReference; lastKnownFileType = sourcecode.swift; path = FavoritesView.swift; sourceTree = "<group>"; };
		FB81FD23243FD3AE00058FF8 /* GetFavoritesInteractor.swift */ = {isa = PBXFileReference; lastKnownFileType = sourcecode.swift; path = GetFavoritesInteractor.swift; sourceTree = "<group>"; };
		FB81FD26243FD57F00058FF8 /* FavoritesConfigurator.swift */ = {isa = PBXFileReference; lastKnownFileType = sourcecode.swift; path = FavoritesConfigurator.swift; sourceTree = "<group>"; };
		FBD0CACC243F64310093BF71 /* LastPlayedPresenter.swift */ = {isa = PBXFileReference; lastKnownFileType = sourcecode.swift; path = LastPlayedPresenter.swift; sourceTree = "<group>"; };
		FBD0CACE243F643B0093BF71 /* LastPlayedView.swift */ = {isa = PBXFileReference; lastKnownFileType = sourcecode.swift; path = LastPlayedView.swift; sourceTree = "<group>"; };
		FBD0CAD0243F64470093BF71 /* LastPlayedConfigurator.swift */ = {isa = PBXFileReference; lastKnownFileType = sourcecode.swift; path = LastPlayedConfigurator.swift; sourceTree = "<group>"; };
/* End PBXFileReference section */

/* Begin PBXFrameworksBuildPhase section */
		097C1E9D2378716F00A7A5AD /* Frameworks */ = {
			isa = PBXFrameworksBuildPhase;
			buildActionMask = 2147483647;
			files = (
				093E6A6A23B7931A00578C99 /* KingfisherSwiftUI in Frameworks */,
				09A03D8123D1175400277D16 /* SwiftSoup in Frameworks */,
				097C1EDF2378719700A7A5AD /* Radio_Domain.framework in Frameworks */,
				FB242EA9243E3C6100115B49 /* Radio_cross.framework in Frameworks */,
				0941B5092378823F00994F67 /* Swinject in Frameworks */,
			);
			runOnlyForDeploymentPostprocessing = 0;
		};
		097C1EB32378717100A7A5AD /* Frameworks */ = {
			isa = PBXFrameworksBuildPhase;
			buildActionMask = 2147483647;
			files = (
			);
			runOnlyForDeploymentPostprocessing = 0;
		};
		097C1EC72378719700A7A5AD /* Frameworks */ = {
			isa = PBXFrameworksBuildPhase;
			buildActionMask = 2147483647;
			files = (
				FB242EB6243E40D500115B49 /* Radio_cross.framework in Frameworks */,
			);
			runOnlyForDeploymentPostprocessing = 0;
		};
		097C1ECF2378719700A7A5AD /* Frameworks */ = {
			isa = PBXFrameworksBuildPhase;
			buildActionMask = 2147483647;
			files = (
				097C1ED32378719700A7A5AD /* Radio_Domain.framework in Frameworks */,
			);
			runOnlyForDeploymentPostprocessing = 0;
		};
		FB242E9F243E3C6100115B49 /* Frameworks */ = {
			isa = PBXFrameworksBuildPhase;
			buildActionMask = 2147483647;
			files = (
			);
			runOnlyForDeploymentPostprocessing = 0;
		};
/* End PBXFrameworksBuildPhase section */

/* Begin PBXGroup section */
		0922E2BC23A2F8AE00EB00C8 /* Modules */ = {
			isa = PBXGroup;
			children = (
				FB663219244649CF005C2A7D /* NewsListView */,
				FB81FD1E243FCF4200058FF8 /* FavoritesView */,
				FBD0CACB243F640C0093BF71 /* LastPlayedView */,
				098CAFA023BBC02800B6B80E /* SearchView */,
				0941B4FD23787CB200994F67 /* RadioView */,
				0941B4FC23787C8800994F67 /* TabView */,
			);
			path = Modules;
			sourceTree = "<group>";
		};
		0922E2BD23A2F8B400EB00C8 /* Components */ = {
			isa = PBXGroup;
			children = (
				FB6745222448F0800044ED68 /* Wrappers */,
				0922E2BE23A2F8DC00EB00C8 /* TrackView.swift */,
				093E6A6B23B79D5900578C99 /* DJView.swift */,
				09F8A11323B853FC00D95643 /* SeekBarView.swift */,
				09F8A11523B854AE00D95643 /* ProgressBar.swift */,
				098CAF9C23BB8BF800B6B80E /* BottomSheetView.swift */,
				098CAF9E23BB8FF700B6B80E /* SongList.swift */,
				0929C24A23D123930043E1D8 /* SongRequestButton.swift */,
				FB81FD15243F9B0800058FF8 /* ActivityIndicatorWrapper.swift */,
				FB66322424464BD4005C2A7D /* NewsEntryView.swift */,
			);
			path = Components;
			sourceTree = "<group>";
		};
		0922E2C023A2FA2000EB00C8 /* View Models */ = {
			isa = PBXGroup;
			children = (
				0922E2C123A2FA2A00EB00C8 /* TrackViewModel.swift */,
				098CAFB123BBD13C00B6B80E /* SearchedTrackViewModel.swift */,
				093E6A6D23B79E0000578C99 /* DJViewModel.swift */,
				09D49EE623B8E71C00BCC62D /* CurrentTrackViewModel.swift */,
				FB67451C2448E7290044ED68 /* NewsEntryViewModel.swift */,
			);
			path = "View Models";
			sourceTree = "<group>";
		};
		0922E2C323A2FB5100EB00C8 /* Utilities */ = {
			isa = PBXGroup;
			children = (
				0922E2C423A2FB5A00EB00C8 /* DateExtensions.swift */,
			);
			path = Utilities;
			sourceTree = "<group>";
		};
		093E6A6223B77F5E00578C99 /* Mappers */ = {
			isa = PBXGroup;
			children = (
				093E6A6323B77F7000578C99 /* RadioMapperTests.swift */,
			);
			path = Mappers;
			sourceTree = "<group>";
		};
		0941B4EC237873D800994F67 /* Use Cases */ = {
			isa = PBXGroup;
			children = (
				0941B4ED237873E400994F67 /* PlayRadioInteractor.swift */,
				0941B4F22378746D00994F67 /* StopRadioInteractor.swift */,
				0990B7AC2378F56000C213B7 /* GetCurrentTrackInteractor.swift */,
				0922E2B323A2EB4600EB00C8 /* GetSongQueueInteractor.swift */,
				093E6A6523B7839D00578C99 /* GetLastPlayedInteractor.swift */,
				093E6A6F23B7A1C200578C99 /* GetDJInteractor.swift */,
				093E6A7223B7AED600578C99 /* GetCurrentStatusInteractor.swift */,
				09F8EB5C23B81F2800FE6E25 /* GetPlaybackInfoInteractor.swift */,
				09DD268E23BCE0E400B70C8E /* SearchForTermInteractor.swift */,
				0929C24C23D127470043E1D8 /* RequestSongInteractor.swift */,
				FB81FD23243FD3AE00058FF8 /* GetFavoritesInteractor.swift */,
				FB66322024464AF5005C2A7D /* GetNewsListInteractor.swift */,
				FB0F62FA244A0C3200532FE8 /* IsPlayingUseCase.swift */,
			);
			path = "Use Cases";
			sourceTree = "<group>";
		};
		0941B4EF2378742300994F67 /* Gateways */ = {
			isa = PBXGroup;
			children = (
				0941B4F02378744200994F67 /* AVGateway.swift */,
				0956081B237F52BA008206A1 /* RadioGateway.swift */,
			);
			path = Gateways;
			sourceTree = "<group>";
		};
		0941B4F62378772400994F67 /* Interfaces */ = {
			isa = PBXGroup;
			children = (
				09F8EB5923B8189D00FE6E25 /* MediaPlayer */,
				0941B4F72378773600994F67 /* UI */,
			);
			path = Interfaces;
			sourceTree = "<group>";
		};
		0941B4F72378773600994F67 /* UI */ = {
			isa = PBXGroup;
			children = (
				FB6745252448F96E0044ED68 /* Controls and Labels */,
				0922E2C023A2FA2000EB00C8 /* View Models */,
				0922E2BD23A2F8B400EB00C8 /* Components */,
				0922E2BC23A2F8AE00EB00C8 /* Modules */,
				097C1EA52378716F00A7A5AD /* SceneDelegate.swift */,
				097C1EAE2378717000A7A5AD /* LaunchScreen.storyboard */,
			);
			path = UI;
			sourceTree = "<group>";
		};
		0941B4F82378774E00994F67 /* Resources */ = {
			isa = PBXGroup;
			children = (
				0941B50423787EC400994F67 /* Localizable.strings */,
				097C1EA92378717000A7A5AD /* Assets.xcassets */,
				097C1EB12378717000A7A5AD /* Info.plist */,
			);
			path = Resources;
			sourceTree = "<group>";
		};
		0941B4F92378778B00994F67 /* AVFoundation */ = {
			isa = PBXGroup;
			children = (
				09BD780A237E20FB008950CD /* Utilities */,
				0990B7AE2378F8E100C213B7 /* AVClient.swift */,
			);
			path = AVFoundation;
			sourceTree = "<group>";
		};
		0941B4FC23787C8800994F67 /* TabView */ = {
			isa = PBXGroup;
			children = (
				097C1EA72378716F00A7A5AD /* MainTabsView.swift */,
			);
			path = TabView;
			sourceTree = "<group>";
		};
		0941B4FD23787CB200994F67 /* RadioView */ = {
			isa = PBXGroup;
			children = (
				0941B511237883E800994F67 /* RadioConfigurator.swift */,
				0941B4FE23787D4A00994F67 /* RadioView.swift */,
				0941B5052378800C00994F67 /* RadioPresenter.swift */,
			);
			path = RadioView;
			sourceTree = "<group>";
		};
		0941B50A2378827500994F67 /* Injection */ = {
			isa = PBXGroup;
			children = (
				0941B50B2378830400994F67 /* Configurator.swift */,
				09560820237F5596008206A1 /* InterfaceConfigurator.swift */,
				0941B50D2378834700994F67 /* GatewayConfigurator.swift */,
				0941B50F2378834F00994F67 /* InteractorConfigurator.swift */,
				099FFB7423947A2C005E1AD6 /* MapperConfigurator.swift */,
				FB242EB7243E424200115B49 /* CrossConfigurator.swift */,
			);
			path = Injection;
			sourceTree = "<group>";
		};
		09560814237F4C9E008206A1 /* Entities */ = {
			isa = PBXGroup;
			children = (
				09560815237F4CB7008206A1 /* Track.swift */,
				09560817237F4D24008206A1 /* RadioDJ.swift */,
				09560819237F4F01008206A1 /* RadioStatus.swift */,
				FB663213244641D7005C2A7D /* NewsEntry.swift */,
			);
			path = Entities;
			sourceTree = "<group>";
		};
		096E0B96237A07EC00024572 /* RemoteControl */ = {
			isa = PBXGroup;
			children = (
				096E0B9F237A08F800024572 /* Utilities */,
				09BD780B237E2527008950CD /* RemoteControlClient.swift */,
			);
			path = RemoteControl;
			sourceTree = "<group>";
		};
		096E0B9F237A08F800024572 /* Utilities */ = {
			isa = PBXGroup;
			children = (
				096E0B97237A07F300024572 /* RemoteControl.swift */,
				096E0B99237A089600024572 /* RemoteControlCommand.swift */,
				096E0B9B237A08A500024572 /* RemoteControlMetadata.swift */,
				096E0B9D237A08B500024572 /* RemoteControlError.swift */,
				09BD7808237E206D008950CD /* AppleLicense */,
			);
			path = Utilities;
			sourceTree = "<group>";
		};
		097C1E972378716F00A7A5AD = {
			isa = PBXGroup;
			children = (
				096DF2E4237A19740094AFB0 /* README.md */,
				097C1EA22378716F00A7A5AD /* Radio */,
				097C1ECB2378719700A7A5AD /* Radio-domain */,
				097C1EB92378717100A7A5AD /* RadioTests */,
				097C1ED82378719700A7A5AD /* Radio-domainTests */,
				FB242EA3243E3C6100115B49 /* Radio-cross */,
				097C1EA12378716F00A7A5AD /* Products */,
				FB242EB5243E40D500115B49 /* Frameworks */,
			);
			sourceTree = "<group>";
		};
		097C1EA12378716F00A7A5AD /* Products */ = {
			isa = PBXGroup;
			children = (
				097C1EA02378716F00A7A5AD /* Radio.app */,
				097C1EB62378717100A7A5AD /* RadioTests.xctest */,
				097C1ECA2378719700A7A5AD /* Radio_Domain.framework */,
				097C1ED22378719700A7A5AD /* Radio-DomainTests.xctest */,
				FB242EA2243E3C6100115B49 /* Radio_cross.framework */,
			);
			name = Products;
			sourceTree = "<group>";
		};
		097C1EA22378716F00A7A5AD /* Radio */ = {
			isa = PBXGroup;
			children = (
				FB7E0FC0243E249500DCC043 /* Radio.entitlements */,
				0941B4F82378774E00994F67 /* Resources */,
				0922E2C323A2FB5100EB00C8 /* Utilities */,
				0941B50A2378827500994F67 /* Injection */,
				0941B4F62378772400994F67 /* Interfaces */,
				09F8EB5823B8188900FE6E25 /* Modules */,
				097C1EA32378716F00A7A5AD /* AppDelegate.swift */,
				097C1EAB2378717000A7A5AD /* Preview Content */,
			);
			path = Radio;
			sourceTree = "<group>";
		};
		097C1EAB2378717000A7A5AD /* Preview Content */ = {
			isa = PBXGroup;
			children = (
				097C1EAC2378717000A7A5AD /* Preview Assets.xcassets */,
			);
			path = "Preview Content";
			sourceTree = "<group>";
		};
		097C1EB92378717100A7A5AD /* RadioTests */ = {
			isa = PBXGroup;
			children = (
				09BD781E237E30CA008950CD /* Interfaces */,
				097C1EBA2378717100A7A5AD /* radioTests.swift */,
				097C1EBC2378717100A7A5AD /* Info.plist */,
			);
			path = RadioTests;
			sourceTree = "<group>";
		};
		097C1ECB2378719700A7A5AD /* Radio-domain */ = {
			isa = PBXGroup;
			children = (
				099FFB71239468D9005E1AD6 /* Models */,
				09560814237F4C9E008206A1 /* Entities */,
				097C1EE8237871F500A7A5AD /* Architecture */,
				0941B4EF2378742300994F67 /* Gateways */,
				0941B4EC237873D800994F67 /* Use Cases */,
				097C1ECC2378719700A7A5AD /* radio_domain.h */,
				097C1ECD2378719700A7A5AD /* Info.plist */,
			);
			path = "Radio-domain";
			sourceTree = "<group>";
		};
		097C1ED82378719700A7A5AD /* Radio-domainTests */ = {
			isa = PBXGroup;
			children = (
				097C1ED92378719700A7A5AD /* radio_domainTests.swift */,
				097C1EDB2378719700A7A5AD /* Info.plist */,
			);
			path = "Radio-domainTests";
			sourceTree = "<group>";
		};
		097C1EE8237871F500A7A5AD /* Architecture */ = {
			isa = PBXGroup;
			children = (
				097C1EE92378720100A7A5AD /* Interactor.swift */,
				0941B4F42378768900994F67 /* GatewayError.swift */,
			);
			path = Architecture;
			sourceTree = "<group>";
		};
		098CAFA023BBC02800B6B80E /* SearchView */ = {
			isa = PBXGroup;
			children = (
				098CAFAF23BBD04400B6B80E /* SearchConfigurator.swift */,
				098CAFA123BBC03900B6B80E /* SearchView.swift */,
				098CAFA523BBC78A00B6B80E /* SearchPresenter.swift */,
			);
			path = SearchView;
			sourceTree = "<group>";
		};
		099FFB71239468D9005E1AD6 /* Models */ = {
			isa = PBXGroup;
			children = (
				099FFB72239468E6005E1AD6 /* RadioDetailedModel.swift */,
				09FDBE73237E03C3001E34DE /* PlaybackInfo.swift */,
				098CAFA923BBC9DE00B6B80E /* SearchedTrack.swift */,
				098CAFAB23BBC9F500B6B80E /* QueuedTrack.swift */,
				FB81FD1B243FC9BE00058FF8 /* FavoriteTrack.swift */,
			);
			path = Models;
			sourceTree = "<group>";
		};
		099FFB7623947AD2005E1AD6 /* Mappers */ = {
			isa = PBXGroup;
			children = (
				099FFB6F239431D5005E1AD6 /* RadioMapper.swift */,
			);
			path = Mappers;
			sourceTree = "<group>";
		};
		09A03D8223D118F700277D16 /* URLSession */ = {
			isa = PBXGroup;
			children = (
				09A03D8323D1190E00277D16 /* ResponseHandlerTests.swift */,
			);
			path = URLSession;
			sourceTree = "<group>";
		};
		09BD780A237E20FB008950CD /* Utilities */ = {
			isa = PBXGroup;
			children = (
			);
			path = Utilities;
			sourceTree = "<group>";
		};
		09BD780D237E2BD2008950CD /* Network */ = {
			isa = PBXGroup;
			children = (
				09BD7817237E2D65008950CD /* Requests */,
				09BD780F237E2BDE008950CD /* FakeNetwork */,
				09BD780E237E2BD9008950CD /* URLSession */,
				09BD7810237E2C01008950CD /* NetworkDispatcher.swift */,
				09BD7812237E2C5A008950CD /* APIRequest.swift */,
			);
			path = Network;
			sourceTree = "<group>";
		};
		09BD780E237E2BD9008950CD /* URLSession */ = {
			isa = PBXGroup;
			children = (
				0906958223A300E800CF0398 /* NetworkManager.swift */,
				0906958323A300E800CF0398 /* RequestHandler.swift */,
				0906958423A300E800CF0398 /* ResponseHandler.swift */,
				0906958823A304BE00CF0398 /* URLSessionClient.swift */,
			);
			path = URLSession;
			sourceTree = "<group>";
		};
		09BD780F237E2BDE008950CD /* FakeNetwork */ = {
			isa = PBXGroup;
			children = (
				09BD7816237E2D5E008950CD /* Data */,
				09BD7814237E2CED008950CD /* FakeNetworkClient.swift */,
			);
			path = FakeNetwork;
			sourceTree = "<group>";
		};
		09BD7816237E2D5E008950CD /* Data */ = {
			isa = PBXGroup;
			children = (
				09BD781C237E2DBB008950CD /* RadioMainAPIFake.json */,
				09A03D8523D11A0A00277D16 /* RadioHomeAPIFake.html */,
			);
			path = Data;
			sourceTree = "<group>";
		};
		09BD7817237E2D65008950CD /* Requests */ = {
			isa = PBXGroup;
			children = (
				09BD7818237E2D77008950CD /* RadioMainAPI.swift */,
				09BD781A237E2D9B008950CD /* RadioMainAPIResponseModel.swift */,
				09DD268A23BCD33200B70C8E /* SearchRequest.swift */,
				09DD268C23BCDB0A00B70C8E /* SearchResponseModel.swift */,
				09A03D7D23D1162A00277D16 /* GetTokenRequest.swift */,
				0929C24823D11DC80043E1D8 /* SongRequestRequest.swift */,
				FB81FD11243F775E00058FF8 /* SongRequestResponseModel.swift */,
				FB81FD17243FC7C300058FF8 /* GetFavoritesRequest.swift */,
				FB81FD19243FC88500058FF8 /* GetFavoritesResponseModel.swift */,
				FB66321524464264005C2A7D /* GetNewsRequest.swift */,
				FB66321724464287005C2A7D /* GetNewsResponseModel.swift */,
			);
			path = Requests;
			sourceTree = "<group>";
		};
		09BD781E237E30CA008950CD /* Interfaces */ = {
			isa = PBXGroup;
			children = (
				093E6A6223B77F5E00578C99 /* Mappers */,
				09BD781F237E30D0008950CD /* Network */,
			);
			path = Interfaces;
			sourceTree = "<group>";
		};
		09BD781F237E30D0008950CD /* Network */ = {
			isa = PBXGroup;
			children = (
				09A03D8223D118F700277D16 /* URLSession */,
				09BD7820237E30D5008950CD /* FakeNetwork */,
			);
			path = Network;
			sourceTree = "<group>";
		};
		09BD7820237E30D5008950CD /* FakeNetwork */ = {
			isa = PBXGroup;
			children = (
				09BD7823237E30FB008950CD /* RadioMainAPITests.swift */,
			);
			path = FakeNetwork;
			sourceTree = "<group>";
		};
		09F8EB5723B8186000FE6E25 /* Gateway Implementations */ = {
			isa = PBXGroup;
			children = (
				0956081E237F5413008206A1 /* RadioGatewayImp.swift */,
				0941B4FA2378779400994F67 /* AVGatewayImp.swift */,
			);
			path = "Gateway Implementations";
			sourceTree = "<group>";
		};
		09F8EB5823B8188900FE6E25 /* Modules */ = {
			isa = PBXGroup;
			children = (
				FB67451E2448E76F0044ED68 /* Dependencies */,
				09F8EB5723B8186000FE6E25 /* Gateway Implementations */,
				099FFB7623947AD2005E1AD6 /* Mappers */,
				09BD780D237E2BD2008950CD /* Network */,
				096E0B96237A07EC00024572 /* RemoteControl */,
				0941B4F92378778B00994F67 /* AVFoundation */,
			);
			path = Modules;
			sourceTree = "<group>";
		};
		09F8EB5923B8189D00FE6E25 /* MediaPlayer */ = {
			isa = PBXGroup;
			children = (
				09F8EB6023B8244F00FE6E25 /* MediaPlayerConfigurator.swift */,
				09F8EB5A23B818D700FE6E25 /* MediaPlayerInterface.swift */,
				09F8A10D23B83E5500D95643 /* ArtworkHandler.swift */,
			);
			path = MediaPlayer;
			sourceTree = "<group>";
		};
		FB242EA3243E3C6100115B49 /* Radio-cross */ = {
			isa = PBXGroup;
			children = (
				FB242EAE243E3C7100115B49 /* Concerns */,
				FB242EA4243E3C6100115B49 /* Radio_cross.h */,
				FB242EA5243E3C6100115B49 /* Info.plist */,
			);
			path = "Radio-cross";
			sourceTree = "<group>";
		};
		FB242EAE243E3C7100115B49 /* Concerns */ = {
			isa = PBXGroup;
			children = (
				FB242EAF243E3C7A00115B49 /* Logging */,
			);
			path = Concerns;
			sourceTree = "<group>";
		};
		FB242EAF243E3C7A00115B49 /* Logging */ = {
			isa = PBXGroup;
			children = (
				FB242EB2243E3CF000115B49 /* Loggers */,
				FB242EB0243E3CC400115B49 /* AbstractLogger.swift */,
			);
			path = Logging;
			sourceTree = "<group>";
		};
		FB242EB2243E3CF000115B49 /* Loggers */ = {
			isa = PBXGroup;
			children = (
				FB242EB3243E3CFD00115B49 /* OSLogLogger.swift */,
			);
			path = Loggers;
			sourceTree = "<group>";
		};
		FB242EB5243E40D500115B49 /* Frameworks */ = {
			isa = PBXGroup;
			children = (
			);
			name = Frameworks;
			sourceTree = "<group>";
		};
		FB663219244649CF005C2A7D /* NewsListView */ = {
			isa = PBXGroup;
			children = (
				FB66321A244649DA005C2A7D /* NewsListView.swift */,
				FB66321C24464A41005C2A7D /* NewsListPresenter.swift */,
				FB66321E24464A49005C2A7D /* NewsListConfigurator.swift */,
			);
			path = NewsListView;
			sourceTree = "<group>";
		};
		FB67451E2448E76F0044ED68 /* Dependencies */ = {
			isa = PBXGroup;
			children = (
				FB67451F2448E77A0044ED68 /* SwiftSoup */,
			);
			path = Dependencies;
			sourceTree = "<group>";
		};
		FB67451F2448E77A0044ED68 /* SwiftSoup */ = {
			isa = PBXGroup;
			children = (
				FB6745202448E78C0044ED68 /* HTMLParser.swift */,
			);
			path = SwiftSoup;
			sourceTree = "<group>";
		};
		FB6745222448F0800044ED68 /* Wrappers */ = {
			isa = PBXGroup;
			children = (
				098CAFB323BBD59600B6B80E /* WebViewWrapper.swift */,
				09DD269123BCE71600B70C8E /* NavigationWrapper.swift */,
				098CAFA323BBC4D300B6B80E /* SearchWrapper.swift */,
				09E9425123BE132F00A294E2 /* LabelAttributedStringWrapper.swift */,
			);
			path = Wrappers;
			sourceTree = "<group>";
		};
		FB6745252448F96E0044ED68 /* Controls and Labels */ = {
			isa = PBXGroup;
			children = (
				FB6745262448F9810044ED68 /* AppAttributedString.swift */,
			);
			path = "Controls and Labels";
			sourceTree = "<group>";
		};
		FB81FD1E243FCF4200058FF8 /* FavoritesView */ = {
			isa = PBXGroup;
			children = (
				FB81FD1F243FCF4B00058FF8 /* FavoritesPresenter.swift */,
				FB81FD21243FCF5300058FF8 /* FavoritesView.swift */,
				FB81FD26243FD57F00058FF8 /* FavoritesConfigurator.swift */,
			);
			path = FavoritesView;
			sourceTree = "<group>";
		};
		FBD0CACB243F640C0093BF71 /* LastPlayedView */ = {
			isa = PBXGroup;
			children = (
				FBD0CAD0243F64470093BF71 /* LastPlayedConfigurator.swift */,
				FBD0CACC243F64310093BF71 /* LastPlayedPresenter.swift */,
				FBD0CACE243F643B0093BF71 /* LastPlayedView.swift */,
			);
			path = LastPlayedView;
			sourceTree = "<group>";
		};
/* End PBXGroup section */

/* Begin PBXHeadersBuildPhase section */
		097C1EC52378719700A7A5AD /* Headers */ = {
			isa = PBXHeadersBuildPhase;
			buildActionMask = 2147483647;
			files = (
				097C1EDC2378719700A7A5AD /* radio_domain.h in Headers */,
			);
			runOnlyForDeploymentPostprocessing = 0;
		};
		FB242E9D243E3C6100115B49 /* Headers */ = {
			isa = PBXHeadersBuildPhase;
			buildActionMask = 2147483647;
			files = (
				FB242EA6243E3C6100115B49 /* Radio_cross.h in Headers */,
			);
			runOnlyForDeploymentPostprocessing = 0;
		};
/* End PBXHeadersBuildPhase section */

/* Begin PBXNativeTarget section */
		097C1E9F2378716F00A7A5AD /* Radio */ = {
			isa = PBXNativeTarget;
			buildConfigurationList = 097C1EBF2378717100A7A5AD /* Build configuration list for PBXNativeTarget "Radio" */;
			buildPhases = (
				097C1E9C2378716F00A7A5AD /* Sources */,
				097C1E9D2378716F00A7A5AD /* Frameworks */,
				097C1E9E2378716F00A7A5AD /* Resources */,
				097C1EE42378719700A7A5AD /* Embed Frameworks */,
			);
			buildRules = (
			);
			dependencies = (
				097C1EDE2378719700A7A5AD /* PBXTargetDependency */,
				FB242EA8243E3C6100115B49 /* PBXTargetDependency */,
			);
			name = Radio;
			packageProductDependencies = (
				0941B5082378823F00994F67 /* Swinject */,
				093E6A6923B7931A00578C99 /* KingfisherSwiftUI */,
				09A03D8023D1175400277D16 /* SwiftSoup */,
			);
			productName = radio;
			productReference = 097C1EA02378716F00A7A5AD /* Radio.app */;
			productType = "com.apple.product-type.application";
		};
		097C1EB52378717100A7A5AD /* RadioTests */ = {
			isa = PBXNativeTarget;
			buildConfigurationList = 097C1EC22378717100A7A5AD /* Build configuration list for PBXNativeTarget "RadioTests" */;
			buildPhases = (
				097C1EB22378717100A7A5AD /* Sources */,
				097C1EB32378717100A7A5AD /* Frameworks */,
				097C1EB42378717100A7A5AD /* Resources */,
			);
			buildRules = (
			);
			dependencies = (
				097C1EB82378717100A7A5AD /* PBXTargetDependency */,
			);
			name = RadioTests;
			productName = radioTests;
			productReference = 097C1EB62378717100A7A5AD /* RadioTests.xctest */;
			productType = "com.apple.product-type.bundle.unit-test";
		};
		097C1EC92378719700A7A5AD /* Radio-Domain */ = {
			isa = PBXNativeTarget;
			buildConfigurationList = 097C1EE12378719700A7A5AD /* Build configuration list for PBXNativeTarget "Radio-Domain" */;
			buildPhases = (
				097C1EC52378719700A7A5AD /* Headers */,
				097C1EC62378719700A7A5AD /* Sources */,
				097C1EC72378719700A7A5AD /* Frameworks */,
				097C1EC82378719700A7A5AD /* Resources */,
			);
			buildRules = (
			);
			dependencies = (
			);
			name = "Radio-Domain";
			productName = "radio-domain";
			productReference = 097C1ECA2378719700A7A5AD /* Radio_Domain.framework */;
			productType = "com.apple.product-type.framework";
		};
		097C1ED12378719700A7A5AD /* Radio-DomainTests */ = {
			isa = PBXNativeTarget;
			buildConfigurationList = 097C1EE52378719700A7A5AD /* Build configuration list for PBXNativeTarget "Radio-DomainTests" */;
			buildPhases = (
				097C1ECE2378719700A7A5AD /* Sources */,
				097C1ECF2378719700A7A5AD /* Frameworks */,
				097C1ED02378719700A7A5AD /* Resources */,
			);
			buildRules = (
			);
			dependencies = (
				097C1ED52378719700A7A5AD /* PBXTargetDependency */,
				097C1ED72378719700A7A5AD /* PBXTargetDependency */,
			);
			name = "Radio-DomainTests";
			productName = "radio-domainTests";
			productReference = 097C1ED22378719700A7A5AD /* Radio-DomainTests.xctest */;
			productType = "com.apple.product-type.bundle.unit-test";
		};
		FB242EA1243E3C6100115B49 /* Radio-cross */ = {
			isa = PBXNativeTarget;
			buildConfigurationList = FB242EAD243E3C6100115B49 /* Build configuration list for PBXNativeTarget "Radio-cross" */;
			buildPhases = (
				FB242E9D243E3C6100115B49 /* Headers */,
				FB242E9E243E3C6100115B49 /* Sources */,
				FB242E9F243E3C6100115B49 /* Frameworks */,
				FB242EA0243E3C6100115B49 /* Resources */,
			);
			buildRules = (
			);
			dependencies = (
			);
			name = "Radio-cross";
			productName = "Radio-cross";
			productReference = FB242EA2243E3C6100115B49 /* Radio_cross.framework */;
			productType = "com.apple.product-type.framework";
		};
/* End PBXNativeTarget section */

/* Begin PBXProject section */
		097C1E982378716F00A7A5AD /* Project object */ = {
			isa = PBXProject;
			attributes = {
				LastSwiftUpdateCheck = 1100;
				LastUpgradeCheck = 1100;
				ORGANIZATIONNAME = RKM;
				TargetAttributes = {
					097C1E9F2378716F00A7A5AD = {
						CreatedOnToolsVersion = 11.0;
					};
					097C1EB52378717100A7A5AD = {
						CreatedOnToolsVersion = 11.0;
						TestTargetID = 097C1E9F2378716F00A7A5AD;
					};
					097C1EC92378719700A7A5AD = {
						CreatedOnToolsVersion = 11.0;
						LastSwiftMigration = 1100;
					};
					097C1ED12378719700A7A5AD = {
						CreatedOnToolsVersion = 11.0;
						TestTargetID = 097C1E9F2378716F00A7A5AD;
					};
					FB242EA1243E3C6100115B49 = {
						CreatedOnToolsVersion = 11.3.1;
						LastSwiftMigration = 1130;
					};
				};
			};
			buildConfigurationList = 097C1E9B2378716F00A7A5AD /* Build configuration list for PBXProject "Radio" */;
			compatibilityVersion = "Xcode 9.3";
			developmentRegion = en;
			hasScannedForEncodings = 0;
			knownRegions = (
				en,
				Base,
			);
			mainGroup = 097C1E972378716F00A7A5AD;
			packageReferences = (
				0941B5072378823F00994F67 /* XCRemoteSwiftPackageReference "Swinject" */,
				093E6A6823B7931A00578C99 /* XCRemoteSwiftPackageReference "Kingfisher" */,
				09A03D7F23D1175400277D16 /* XCRemoteSwiftPackageReference "SwiftSoup" */,
			);
			productRefGroup = 097C1EA12378716F00A7A5AD /* Products */;
			projectDirPath = "";
			projectRoot = "";
			targets = (
				097C1E9F2378716F00A7A5AD /* Radio */,
				097C1EB52378717100A7A5AD /* RadioTests */,
				097C1EC92378719700A7A5AD /* Radio-Domain */,
				097C1ED12378719700A7A5AD /* Radio-DomainTests */,
				FB242EA1243E3C6100115B49 /* Radio-cross */,
			);
		};
/* End PBXProject section */

/* Begin PBXResourcesBuildPhase section */
		097C1E9E2378716F00A7A5AD /* Resources */ = {
			isa = PBXResourcesBuildPhase;
			buildActionMask = 2147483647;
			files = (
				09A03D8623D11A1A00277D16 /* RadioHomeAPIFake.html in Resources */,
				09BD7809237E206D008950CD /* AppleLicense in Resources */,
				097C1EB02378717000A7A5AD /* LaunchScreen.storyboard in Resources */,
				09BD781D237E2DBB008950CD /* RadioMainAPIFake.json in Resources */,
				0941B50223787EC400994F67 /* Localizable.strings in Resources */,
				097C1EAD2378717000A7A5AD /* Preview Assets.xcassets in Resources */,
				097C1EAA2378717000A7A5AD /* Assets.xcassets in Resources */,
			);
			runOnlyForDeploymentPostprocessing = 0;
		};
		097C1EB42378717100A7A5AD /* Resources */ = {
			isa = PBXResourcesBuildPhase;
			buildActionMask = 2147483647;
			files = (
			);
			runOnlyForDeploymentPostprocessing = 0;
		};
		097C1EC82378719700A7A5AD /* Resources */ = {
			isa = PBXResourcesBuildPhase;
			buildActionMask = 2147483647;
			files = (
			);
			runOnlyForDeploymentPostprocessing = 0;
		};
		097C1ED02378719700A7A5AD /* Resources */ = {
			isa = PBXResourcesBuildPhase;
			buildActionMask = 2147483647;
			files = (
			);
			runOnlyForDeploymentPostprocessing = 0;
		};
		FB242EA0243E3C6100115B49 /* Resources */ = {
			isa = PBXResourcesBuildPhase;
			buildActionMask = 2147483647;
			files = (
			);
			runOnlyForDeploymentPostprocessing = 0;
		};
/* End PBXResourcesBuildPhase section */

/* Begin PBXSourcesBuildPhase section */
		097C1E9C2378716F00A7A5AD /* Sources */ = {
			isa = PBXSourcesBuildPhase;
			buildActionMask = 2147483647;
			files = (
				09A03D7E23D1162A00277D16 /* GetTokenRequest.swift in Sources */,
				093E6A6C23B79D5900578C99 /* DJView.swift in Sources */,
				099FFB7523947A2C005E1AD6 /* MapperConfigurator.swift in Sources */,
				09BD7811237E2C01008950CD /* NetworkDispatcher.swift in Sources */,
				09F8EB6123B8244F00FE6E25 /* MediaPlayerConfigurator.swift in Sources */,
				0922E2C523A2FB5A00EB00C8 /* DateExtensions.swift in Sources */,
				FB66321B244649DA005C2A7D /* NewsListView.swift in Sources */,
				09DD268D23BCDB0A00B70C8E /* SearchResponseModel.swift in Sources */,
				0906958923A304BE00CF0398 /* URLSessionClient.swift in Sources */,
				0941B5102378834F00994F67 /* InteractorConfigurator.swift in Sources */,
				FB66322524464BD4005C2A7D /* NewsEntryView.swift in Sources */,
				09DD269223BCE71600B70C8E /* NavigationWrapper.swift in Sources */,
				09F8A10E23B83E5500D95643 /* ArtworkHandler.swift in Sources */,
				0941B4FB2378779400994F67 /* AVGatewayImp.swift in Sources */,
				0941B50E2378834700994F67 /* GatewayConfigurator.swift in Sources */,
				FB81FD1A243FC88500058FF8 /* GetFavoritesResponseModel.swift in Sources */,
				FBD0CAD1243F64470093BF71 /* LastPlayedConfigurator.swift in Sources */,
				FB81FD20243FCF4B00058FF8 /* FavoritesPresenter.swift in Sources */,
				0922E2C223A2FA2A00EB00C8 /* TrackViewModel.swift in Sources */,
				097C1EA42378716F00A7A5AD /* AppDelegate.swift in Sources */,
				FB81FD18243FC7C300058FF8 /* GetFavoritesRequest.swift in Sources */,
				098CAFB223BBD13C00B6B80E /* SearchedTrackViewModel.swift in Sources */,
				FB66321F24464A49005C2A7D /* NewsListConfigurator.swift in Sources */,
				098CAFA423BBC4D300B6B80E /* SearchWrapper.swift in Sources */,
				FB81FD12243F775E00058FF8 /* SongRequestResponseModel.swift in Sources */,
				098CAFA623BBC78A00B6B80E /* SearchPresenter.swift in Sources */,
				09D49EE723B8E71C00BCC62D /* CurrentTrackViewModel.swift in Sources */,
				09DD268B23BCD33200B70C8E /* SearchRequest.swift in Sources */,
				09E9425223BE132F00A294E2 /* LabelAttributedStringWrapper.swift in Sources */,
				09560821237F5596008206A1 /* InterfaceConfigurator.swift in Sources */,
				099FFB70239431D5005E1AD6 /* RadioMapper.swift in Sources */,
				097C1EA62378716F00A7A5AD /* SceneDelegate.swift in Sources */,
				0956081F237F5413008206A1 /* RadioGatewayImp.swift in Sources */,
				097C1EA82378716F00A7A5AD /* MainTabsView.swift in Sources */,
				FB67451D2448E72A0044ED68 /* NewsEntryViewModel.swift in Sources */,
				FB81FD27243FD57F00058FF8 /* FavoritesConfigurator.swift in Sources */,
				0941B50C2378830400994F67 /* Configurator.swift in Sources */,
				FB66321D24464A41005C2A7D /* NewsListPresenter.swift in Sources */,
				098CAFB023BBD04400B6B80E /* SearchConfigurator.swift in Sources */,
				09BD781B237E2D9B008950CD /* RadioMainAPIResponseModel.swift in Sources */,
				09F8A11423B853FC00D95643 /* SeekBarView.swift in Sources */,
				0929C24B23D123930043E1D8 /* SongRequestButton.swift in Sources */,
				099FFB73239468E6005E1AD6 /* RadioDetailedModel.swift in Sources */,
				096E0B9A237A089600024572 /* RemoteControlCommand.swift in Sources */,
				FB242EB8243E424200115B49 /* CrossConfigurator.swift in Sources */,
				09BD7815237E2CED008950CD /* FakeNetworkClient.swift in Sources */,
				096E0B9E237A08B500024572 /* RemoteControlError.swift in Sources */,
				0906958523A300E800CF0398 /* NetworkManager.swift in Sources */,
				09BD780C237E2527008950CD /* RemoteControlClient.swift in Sources */,
				0929C24923D11DC80043E1D8 /* SongRequestRequest.swift in Sources */,
				FB81FD22243FCF5400058FF8 /* FavoritesView.swift in Sources */,
				096E0B98237A07F300024572 /* RemoteControl.swift in Sources */,
				0941B5062378800C00994F67 /* RadioPresenter.swift in Sources */,
				098CAF9F23BB8FF700B6B80E /* SongList.swift in Sources */,
				FB6745212448E78C0044ED68 /* HTMLParser.swift in Sources */,
				0941B512237883E800994F67 /* RadioConfigurator.swift in Sources */,
				FB6745272448F9810044ED68 /* AppAttributedString.swift in Sources */,
				0906958723A300E800CF0398 /* ResponseHandler.swift in Sources */,
				093E6A6E23B79E0000578C99 /* DJViewModel.swift in Sources */,
				0941B4FF23787D4A00994F67 /* RadioView.swift in Sources */,
				FB81FD16243F9B0800058FF8 /* ActivityIndicatorWrapper.swift in Sources */,
				09F8EB5B23B818D700FE6E25 /* MediaPlayerInterface.swift in Sources */,
				098CAFA223BBC03900B6B80E /* SearchView.swift in Sources */,
				098CAFB423BBD59600B6B80E /* WebViewWrapper.swift in Sources */,
				FBD0CACF243F643B0093BF71 /* LastPlayedView.swift in Sources */,
				0906958623A300E800CF0398 /* RequestHandler.swift in Sources */,
				096E0B9C237A08A500024572 /* RemoteControlMetadata.swift in Sources */,
				09BD7813237E2C5A008950CD /* APIRequest.swift in Sources */,
				FB66321624464264005C2A7D /* GetNewsRequest.swift in Sources */,
				0990B7AF2378F8E100C213B7 /* AVClient.swift in Sources */,
				09BD7819237E2D77008950CD /* RadioMainAPI.swift in Sources */,
				098CAF9D23BB8BF800B6B80E /* BottomSheetView.swift in Sources */,
				FB66321824464287005C2A7D /* GetNewsResponseModel.swift in Sources */,
				FBD0CACD243F64310093BF71 /* LastPlayedPresenter.swift in Sources */,
				09F8A11623B854AE00D95643 /* ProgressBar.swift in Sources */,
				0922E2BF23A2F8DC00EB00C8 /* TrackView.swift in Sources */,
			);
			runOnlyForDeploymentPostprocessing = 0;
		};
		097C1EB22378717100A7A5AD /* Sources */ = {
			isa = PBXSourcesBuildPhase;
			buildActionMask = 2147483647;
			files = (
				093E6A6423B77F7000578C99 /* RadioMapperTests.swift in Sources */,
				09A03D8423D1190E00277D16 /* ResponseHandlerTests.swift in Sources */,
				097C1EBB2378717100A7A5AD /* radioTests.swift in Sources */,
				09BD7824237E30FB008950CD /* RadioMainAPITests.swift in Sources */,
			);
			runOnlyForDeploymentPostprocessing = 0;
		};
		097C1EC62378719700A7A5AD /* Sources */ = {
			isa = PBXSourcesBuildPhase;
			buildActionMask = 2147483647;
			files = (
				09F8EB5F23B81FC500FE6E25 /* PlaybackInfo.swift in Sources */,
				0922E2B523A2EC0E00EB00C8 /* GetSongQueueInteractor.swift in Sources */,
				FB66322324464B49005C2A7D /* GetNewsListInteractor.swift in Sources */,
				FB81FD1D243FCA6F00058FF8 /* FavoriteTrack.swift in Sources */,
				0941B4F32378746D00994F67 /* StopRadioInteractor.swift in Sources */,
				093E6A6723B783BC00578C99 /* GetLastPlayedInteractor.swift in Sources */,
				0922E2B623A2EC1400EB00C8 /* GetCurrentTrackInteractor.swift in Sources */,
				FB0F62FB244A0C3200532FE8 /* IsPlayingUseCase.swift in Sources */,
				0941B4F12378744200994F67 /* AVGateway.swift in Sources */,
				0941B4EE237873E400994F67 /* PlayRadioInteractor.swift in Sources */,
				093E6A7123B7A1ED00578C99 /* GetDJInteractor.swift in Sources */,
				0922E2BA23A2EC3400EB00C8 /* RadioStatus.swift in Sources */,
				0922E2B923A2EC3000EB00C8 /* RadioDJ.swift in Sources */,
				09F8EB5E23B81F8500FE6E25 /* GetPlaybackInfoInteractor.swift in Sources */,
				FB66322224464B38005C2A7D /* NewsEntry.swift in Sources */,
				093E6A7423B7AEDB00578C99 /* GetCurrentStatusInteractor.swift in Sources */,
				09DD269023BCE0FC00B70C8E /* SearchForTermInteractor.swift in Sources */,
				0929C24E23D1276F0043E1D8 /* RequestSongInteractor.swift in Sources */,
				0922E2B823A2EC2900EB00C8 /* Track.swift in Sources */,
				0941B4F52378768900994F67 /* GatewayError.swift in Sources */,
				FB81FD25243FD3D800058FF8 /* GetFavoritesInteractor.swift in Sources */,
				0922E2B723A2EC2100EB00C8 /* RadioGateway.swift in Sources */,
				098CAFAD23BBCDE000B6B80E /* SearchedTrack.swift in Sources */,
				098CAFAE23BBCDE400B6B80E /* QueuedTrack.swift in Sources */,
				097C1EEA2378720100A7A5AD /* Interactor.swift in Sources */,
			);
			runOnlyForDeploymentPostprocessing = 0;
		};
		097C1ECE2378719700A7A5AD /* Sources */ = {
			isa = PBXSourcesBuildPhase;
			buildActionMask = 2147483647;
			files = (
				097C1EDA2378719700A7A5AD /* radio_domainTests.swift in Sources */,
			);
			runOnlyForDeploymentPostprocessing = 0;
		};
		FB242E9E243E3C6100115B49 /* Sources */ = {
			isa = PBXSourcesBuildPhase;
			buildActionMask = 2147483647;
			files = (
				FB242EB4243E3CFD00115B49 /* OSLogLogger.swift in Sources */,
				FB242EB1243E3CC400115B49 /* AbstractLogger.swift in Sources */,
			);
			runOnlyForDeploymentPostprocessing = 0;
		};
/* End PBXSourcesBuildPhase section */

/* Begin PBXTargetDependency section */
		097C1EB82378717100A7A5AD /* PBXTargetDependency */ = {
			isa = PBXTargetDependency;
			target = 097C1E9F2378716F00A7A5AD /* Radio */;
			targetProxy = 097C1EB72378717100A7A5AD /* PBXContainerItemProxy */;
		};
		097C1ED52378719700A7A5AD /* PBXTargetDependency */ = {
			isa = PBXTargetDependency;
			target = 097C1EC92378719700A7A5AD /* Radio-Domain */;
			targetProxy = 097C1ED42378719700A7A5AD /* PBXContainerItemProxy */;
		};
		097C1ED72378719700A7A5AD /* PBXTargetDependency */ = {
			isa = PBXTargetDependency;
			target = 097C1E9F2378716F00A7A5AD /* Radio */;
			targetProxy = 097C1ED62378719700A7A5AD /* PBXContainerItemProxy */;
		};
		097C1EDE2378719700A7A5AD /* PBXTargetDependency */ = {
			isa = PBXTargetDependency;
			target = 097C1EC92378719700A7A5AD /* Radio-Domain */;
			targetProxy = 097C1EDD2378719700A7A5AD /* PBXContainerItemProxy */;
		};
		FB242EA8243E3C6100115B49 /* PBXTargetDependency */ = {
			isa = PBXTargetDependency;
			target = FB242EA1243E3C6100115B49 /* Radio-cross */;
			targetProxy = FB242EA7243E3C6100115B49 /* PBXContainerItemProxy */;
		};
/* End PBXTargetDependency section */

/* Begin PBXVariantGroup section */
		0941B50423787EC400994F67 /* Localizable.strings */ = {
			isa = PBXVariantGroup;
			children = (
				0941B50323787EC400994F67 /* en */,
			);
			name = Localizable.strings;
			sourceTree = "<group>";
		};
		097C1EAE2378717000A7A5AD /* LaunchScreen.storyboard */ = {
			isa = PBXVariantGroup;
			children = (
				097C1EAF2378717000A7A5AD /* Base */,
			);
			name = LaunchScreen.storyboard;
			sourceTree = "<group>";
		};
/* End PBXVariantGroup section */

/* Begin XCBuildConfiguration section */
		097C1EBD2378717100A7A5AD /* Debug */ = {
			isa = XCBuildConfiguration;
			buildSettings = {
				ALWAYS_SEARCH_USER_PATHS = NO;
				CLANG_ANALYZER_NONNULL = YES;
				CLANG_ANALYZER_NUMBER_OBJECT_CONVERSION = YES_AGGRESSIVE;
				CLANG_CXX_LANGUAGE_STANDARD = "gnu++14";
				CLANG_CXX_LIBRARY = "libc++";
				CLANG_ENABLE_MODULES = YES;
				CLANG_ENABLE_OBJC_ARC = YES;
				CLANG_ENABLE_OBJC_WEAK = YES;
				CLANG_WARN_BLOCK_CAPTURE_AUTORELEASING = YES;
				CLANG_WARN_BOOL_CONVERSION = YES;
				CLANG_WARN_COMMA = YES;
				CLANG_WARN_CONSTANT_CONVERSION = YES;
				CLANG_WARN_DEPRECATED_OBJC_IMPLEMENTATIONS = YES;
				CLANG_WARN_DIRECT_OBJC_ISA_USAGE = YES_ERROR;
				CLANG_WARN_DOCUMENTATION_COMMENTS = YES;
				CLANG_WARN_EMPTY_BODY = YES;
				CLANG_WARN_ENUM_CONVERSION = YES;
				CLANG_WARN_INFINITE_RECURSION = YES;
				CLANG_WARN_INT_CONVERSION = YES;
				CLANG_WARN_NON_LITERAL_NULL_CONVERSION = YES;
				CLANG_WARN_OBJC_IMPLICIT_RETAIN_SELF = YES;
				CLANG_WARN_OBJC_LITERAL_CONVERSION = YES;
				CLANG_WARN_OBJC_ROOT_CLASS = YES_ERROR;
				CLANG_WARN_RANGE_LOOP_ANALYSIS = YES;
				CLANG_WARN_STRICT_PROTOTYPES = YES;
				CLANG_WARN_SUSPICIOUS_MOVE = YES;
				CLANG_WARN_UNGUARDED_AVAILABILITY = YES_AGGRESSIVE;
				CLANG_WARN_UNREACHABLE_CODE = YES;
				CLANG_WARN__DUPLICATE_METHOD_MATCH = YES;
				COPY_PHASE_STRIP = NO;
				DEBUG_INFORMATION_FORMAT = dwarf;
				ENABLE_STRICT_OBJC_MSGSEND = YES;
				ENABLE_TESTABILITY = YES;
				GCC_C_LANGUAGE_STANDARD = gnu11;
				GCC_DYNAMIC_NO_PIC = NO;
				GCC_NO_COMMON_BLOCKS = YES;
				GCC_OPTIMIZATION_LEVEL = 0;
				GCC_PREPROCESSOR_DEFINITIONS = (
					"DEBUG=1",
					"$(inherited)",
				);
				GCC_WARN_64_TO_32_BIT_CONVERSION = YES;
				GCC_WARN_ABOUT_RETURN_TYPE = YES_ERROR;
				GCC_WARN_UNDECLARED_SELECTOR = YES;
				GCC_WARN_UNINITIALIZED_AUTOS = YES_AGGRESSIVE;
				GCC_WARN_UNUSED_FUNCTION = YES;
				GCC_WARN_UNUSED_VARIABLE = YES;
				IPHONEOS_DEPLOYMENT_TARGET = 13.0;
				MTL_ENABLE_DEBUG_INFO = INCLUDE_SOURCE;
				MTL_FAST_MATH = YES;
				ONLY_ACTIVE_ARCH = YES;
				SDKROOT = iphoneos;
				SWIFT_ACTIVE_COMPILATION_CONDITIONS = DEBUG;
				SWIFT_OPTIMIZATION_LEVEL = "-Onone";
			};
			name = Debug;
		};
		097C1EBE2378717100A7A5AD /* Release */ = {
			isa = XCBuildConfiguration;
			buildSettings = {
				ALWAYS_SEARCH_USER_PATHS = NO;
				CLANG_ANALYZER_NONNULL = YES;
				CLANG_ANALYZER_NUMBER_OBJECT_CONVERSION = YES_AGGRESSIVE;
				CLANG_CXX_LANGUAGE_STANDARD = "gnu++14";
				CLANG_CXX_LIBRARY = "libc++";
				CLANG_ENABLE_MODULES = YES;
				CLANG_ENABLE_OBJC_ARC = YES;
				CLANG_ENABLE_OBJC_WEAK = YES;
				CLANG_WARN_BLOCK_CAPTURE_AUTORELEASING = YES;
				CLANG_WARN_BOOL_CONVERSION = YES;
				CLANG_WARN_COMMA = YES;
				CLANG_WARN_CONSTANT_CONVERSION = YES;
				CLANG_WARN_DEPRECATED_OBJC_IMPLEMENTATIONS = YES;
				CLANG_WARN_DIRECT_OBJC_ISA_USAGE = YES_ERROR;
				CLANG_WARN_DOCUMENTATION_COMMENTS = YES;
				CLANG_WARN_EMPTY_BODY = YES;
				CLANG_WARN_ENUM_CONVERSION = YES;
				CLANG_WARN_INFINITE_RECURSION = YES;
				CLANG_WARN_INT_CONVERSION = YES;
				CLANG_WARN_NON_LITERAL_NULL_CONVERSION = YES;
				CLANG_WARN_OBJC_IMPLICIT_RETAIN_SELF = YES;
				CLANG_WARN_OBJC_LITERAL_CONVERSION = YES;
				CLANG_WARN_OBJC_ROOT_CLASS = YES_ERROR;
				CLANG_WARN_RANGE_LOOP_ANALYSIS = YES;
				CLANG_WARN_STRICT_PROTOTYPES = YES;
				CLANG_WARN_SUSPICIOUS_MOVE = YES;
				CLANG_WARN_UNGUARDED_AVAILABILITY = YES_AGGRESSIVE;
				CLANG_WARN_UNREACHABLE_CODE = YES;
				CLANG_WARN__DUPLICATE_METHOD_MATCH = YES;
				COPY_PHASE_STRIP = NO;
				DEBUG_INFORMATION_FORMAT = "dwarf-with-dsym";
				ENABLE_NS_ASSERTIONS = NO;
				ENABLE_STRICT_OBJC_MSGSEND = YES;
				GCC_C_LANGUAGE_STANDARD = gnu11;
				GCC_NO_COMMON_BLOCKS = YES;
				GCC_WARN_64_TO_32_BIT_CONVERSION = YES;
				GCC_WARN_ABOUT_RETURN_TYPE = YES_ERROR;
				GCC_WARN_UNDECLARED_SELECTOR = YES;
				GCC_WARN_UNINITIALIZED_AUTOS = YES_AGGRESSIVE;
				GCC_WARN_UNUSED_FUNCTION = YES;
				GCC_WARN_UNUSED_VARIABLE = YES;
				IPHONEOS_DEPLOYMENT_TARGET = 13.0;
				MTL_ENABLE_DEBUG_INFO = NO;
				MTL_FAST_MATH = YES;
				SDKROOT = iphoneos;
				SWIFT_COMPILATION_MODE = wholemodule;
				SWIFT_OPTIMIZATION_LEVEL = "-O";
				VALIDATE_PRODUCT = YES;
			};
			name = Release;
		};
		097C1EC02378717100A7A5AD /* Debug */ = {
			isa = XCBuildConfiguration;
			buildSettings = {
				ALWAYS_EMBED_SWIFT_STANDARD_LIBRARIES = YES;
				ASSETCATALOG_COMPILER_APPICON_NAME = AppIcon;
				CODE_SIGN_ENTITLEMENTS = Radio/Radio.entitlements;
				"CODE_SIGN_IDENTITY[sdk=macosx*]" = "Apple Development";
				CODE_SIGN_STYLE = Automatic;
				DEAD_CODE_STRIPPING = NO;
				DEBUG_INFORMATION_FORMAT = "dwarf-with-dsym";
				DERIVE_MACCATALYST_PRODUCT_BUNDLE_IDENTIFIER = YES;
				DEVELOPMENT_ASSET_PATHS = "";
				DEVELOPMENT_TEAM = N34AH7UQAR;
				ENABLE_PREVIEWS = YES;
				INFOPLIST_FILE = Radio/Resources/Info.plist;
				LD_RUNPATH_SEARCH_PATHS = (
					"$(inherited)",
					"@executable_path/Frameworks",
				);
				PRODUCT_BUNDLE_IDENTIFIER = "com.rkm.r-a-dio";
				PRODUCT_NAME = Radio;
				SUPPORTS_MACCATALYST = YES;
				SWIFT_VERSION = 5.0;
				TARGETED_DEVICE_FAMILY = "1,2";
			};
			name = Debug;
		};
		097C1EC12378717100A7A5AD /* Release */ = {
			isa = XCBuildConfiguration;
			buildSettings = {
				ALWAYS_EMBED_SWIFT_STANDARD_LIBRARIES = YES;
				ASSETCATALOG_COMPILER_APPICON_NAME = AppIcon;
				CODE_SIGN_ENTITLEMENTS = Radio/Radio.entitlements;
				CODE_SIGN_STYLE = Automatic;
				DEAD_CODE_STRIPPING = NO;
				DERIVE_MACCATALYST_PRODUCT_BUNDLE_IDENTIFIER = YES;
				DEVELOPMENT_ASSET_PATHS = "";
				DEVELOPMENT_TEAM = N34AH7UQAR;
				ENABLE_PREVIEWS = YES;
				INFOPLIST_FILE = Radio/Resources/Info.plist;
				LD_RUNPATH_SEARCH_PATHS = (
					"$(inherited)",
					"@executable_path/Frameworks",
				);
				PRODUCT_BUNDLE_IDENTIFIER = "com.rkm.r-a-dio";
				PRODUCT_NAME = Radio;
				SUPPORTS_MACCATALYST = YES;
				SWIFT_VERSION = 5.0;
				TARGETED_DEVICE_FAMILY = "1,2";
			};
			name = Release;
		};
		097C1EC32378717100A7A5AD /* Debug */ = {
			isa = XCBuildConfiguration;
			buildSettings = {
				ALWAYS_EMBED_SWIFT_STANDARD_LIBRARIES = YES;
				BUNDLE_LOADER = "$(TEST_HOST)";
				CODE_SIGN_STYLE = Automatic;
				DEVELOPMENT_TEAM = D5C75HG392;
				INFOPLIST_FILE = RadioTests/Info.plist;
				IPHONEOS_DEPLOYMENT_TARGET = 13.0;
				LD_RUNPATH_SEARCH_PATHS = (
					"$(inherited)",
					"@executable_path/Frameworks",
					"@loader_path/Frameworks",
				);
				PRODUCT_BUNDLE_IDENTIFIER = com.rkm.radioTests;
				PRODUCT_NAME = "$(TARGET_NAME)";
				SWIFT_VERSION = 5.0;
				TARGETED_DEVICE_FAMILY = "1,2";
				TEST_HOST = "$(BUILT_PRODUCTS_DIR)/Radio.app/Radio";
			};
			name = Debug;
		};
		097C1EC42378717100A7A5AD /* Release */ = {
			isa = XCBuildConfiguration;
			buildSettings = {
				ALWAYS_EMBED_SWIFT_STANDARD_LIBRARIES = YES;
				BUNDLE_LOADER = "$(TEST_HOST)";
				CODE_SIGN_STYLE = Automatic;
				DEVELOPMENT_TEAM = D5C75HG392;
				INFOPLIST_FILE = RadioTests/Info.plist;
				IPHONEOS_DEPLOYMENT_TARGET = 13.0;
				LD_RUNPATH_SEARCH_PATHS = (
					"$(inherited)",
					"@executable_path/Frameworks",
					"@loader_path/Frameworks",
				);
				PRODUCT_BUNDLE_IDENTIFIER = com.rkm.radioTests;
				PRODUCT_NAME = "$(TARGET_NAME)";
				SWIFT_VERSION = 5.0;
				TARGETED_DEVICE_FAMILY = "1,2";
				TEST_HOST = "$(BUILT_PRODUCTS_DIR)/Radio.app/Radio";
			};
			name = Release;
		};
		097C1EE22378719700A7A5AD /* Debug */ = {
			isa = XCBuildConfiguration;
			buildSettings = {
				CLANG_ENABLE_MODULES = YES;
				CODE_SIGN_STYLE = Automatic;
				CURRENT_PROJECT_VERSION = 1;
				DEFINES_MODULE = YES;
				DEVELOPMENT_TEAM = D5C75HG392;
				DYLIB_COMPATIBILITY_VERSION = 1;
				DYLIB_CURRENT_VERSION = 1;
				DYLIB_INSTALL_NAME_BASE = "@rpath";
				INFOPLIST_FILE = "Radio-domain/Info.plist";
				INSTALL_PATH = "$(LOCAL_LIBRARY_DIR)/Frameworks";
				LD_RUNPATH_SEARCH_PATHS = (
					"$(inherited)",
					"@executable_path/Frameworks",
					"@loader_path/Frameworks",
				);
				PRODUCT_BUNDLE_IDENTIFIER = "com.rkm.radio-domain";
				PRODUCT_NAME = "$(TARGET_NAME:c99extidentifier)";
				SKIP_INSTALL = YES;
				SWIFT_OPTIMIZATION_LEVEL = "-Onone";
				SWIFT_VERSION = 5.0;
				TARGETED_DEVICE_FAMILY = "1,2";
				VERSIONING_SYSTEM = "apple-generic";
				VERSION_INFO_PREFIX = "";
			};
			name = Debug;
		};
		097C1EE32378719700A7A5AD /* Release */ = {
			isa = XCBuildConfiguration;
			buildSettings = {
				CLANG_ENABLE_MODULES = YES;
				CODE_SIGN_STYLE = Automatic;
				CURRENT_PROJECT_VERSION = 1;
				DEFINES_MODULE = YES;
				DEVELOPMENT_TEAM = D5C75HG392;
				DYLIB_COMPATIBILITY_VERSION = 1;
				DYLIB_CURRENT_VERSION = 1;
				DYLIB_INSTALL_NAME_BASE = "@rpath";
				INFOPLIST_FILE = "Radio-domain/Info.plist";
				INSTALL_PATH = "$(LOCAL_LIBRARY_DIR)/Frameworks";
				LD_RUNPATH_SEARCH_PATHS = (
					"$(inherited)",
					"@executable_path/Frameworks",
					"@loader_path/Frameworks",
				);
				PRODUCT_BUNDLE_IDENTIFIER = "com.rkm.radio-domain";
				PRODUCT_NAME = "$(TARGET_NAME:c99extidentifier)";
				SKIP_INSTALL = YES;
				SWIFT_VERSION = 5.0;
				TARGETED_DEVICE_FAMILY = "1,2";
				VERSIONING_SYSTEM = "apple-generic";
				VERSION_INFO_PREFIX = "";
			};
			name = Release;
		};
		097C1EE62378719700A7A5AD /* Debug */ = {
			isa = XCBuildConfiguration;
			buildSettings = {
				ALWAYS_EMBED_SWIFT_STANDARD_LIBRARIES = YES;
				CODE_SIGN_STYLE = Automatic;
				DEVELOPMENT_TEAM = D5C75HG392;
				INFOPLIST_FILE = "Radio-domainTests/Info.plist";
				LD_RUNPATH_SEARCH_PATHS = (
					"$(inherited)",
					"@executable_path/Frameworks",
					"@loader_path/Frameworks",
				);
				PRODUCT_BUNDLE_IDENTIFIER = "com.rkm.radio-domainTests";
				PRODUCT_NAME = "$(TARGET_NAME)";
				SWIFT_VERSION = 5.0;
				TARGETED_DEVICE_FAMILY = "1,2";
				TEST_HOST = "$(BUILT_PRODUCTS_DIR)/Radio.app/Radio";
			};
			name = Debug;
		};
		097C1EE72378719700A7A5AD /* Release */ = {
			isa = XCBuildConfiguration;
			buildSettings = {
				ALWAYS_EMBED_SWIFT_STANDARD_LIBRARIES = YES;
				CODE_SIGN_STYLE = Automatic;
				DEVELOPMENT_TEAM = D5C75HG392;
				INFOPLIST_FILE = "Radio-domainTests/Info.plist";
				LD_RUNPATH_SEARCH_PATHS = (
					"$(inherited)",
					"@executable_path/Frameworks",
					"@loader_path/Frameworks",
				);
				PRODUCT_BUNDLE_IDENTIFIER = "com.rkm.radio-domainTests";
				PRODUCT_NAME = "$(TARGET_NAME)";
				SWIFT_VERSION = 5.0;
				TARGETED_DEVICE_FAMILY = "1,2";
				TEST_HOST = "$(BUILT_PRODUCTS_DIR)/Radio.app/Radio";
			};
			name = Release;
		};
		FB242EAB243E3C6100115B49 /* Debug */ = {
			isa = XCBuildConfiguration;
			buildSettings = {
				CLANG_ENABLE_MODULES = YES;
				CODE_SIGN_STYLE = Automatic;
				CURRENT_PROJECT_VERSION = 1;
				DEFINES_MODULE = YES;
				DEVELOPMENT_TEAM = N34AH7UQAR;
				DYLIB_COMPATIBILITY_VERSION = 1;
				DYLIB_CURRENT_VERSION = 1;
				DYLIB_INSTALL_NAME_BASE = "@rpath";
				INFOPLIST_FILE = "Radio-cross/Info.plist";
				INSTALL_PATH = "$(LOCAL_LIBRARY_DIR)/Frameworks";
				IPHONEOS_DEPLOYMENT_TARGET = 13.0;
				LD_RUNPATH_SEARCH_PATHS = (
					"$(inherited)",
					"@executable_path/Frameworks",
					"@loader_path/Frameworks",
				);
				PRODUCT_BUNDLE_IDENTIFIER = "eu.atlantico.Radio-cross";
				PRODUCT_NAME = "$(TARGET_NAME:c99extidentifier)";
				SKIP_INSTALL = YES;
				SWIFT_OPTIMIZATION_LEVEL = "-Onone";
				SWIFT_VERSION = 5.0;
				TARGETED_DEVICE_FAMILY = "1,2";
				VERSIONING_SYSTEM = "apple-generic";
				VERSION_INFO_PREFIX = "";
			};
			name = Debug;
		};
		FB242EAC243E3C6100115B49 /* Release */ = {
			isa = XCBuildConfiguration;
			buildSettings = {
				CLANG_ENABLE_MODULES = YES;
				CODE_SIGN_STYLE = Automatic;
				CURRENT_PROJECT_VERSION = 1;
				DEFINES_MODULE = YES;
				DEVELOPMENT_TEAM = N34AH7UQAR;
				DYLIB_COMPATIBILITY_VERSION = 1;
				DYLIB_CURRENT_VERSION = 1;
				DYLIB_INSTALL_NAME_BASE = "@rpath";
				INFOPLIST_FILE = "Radio-cross/Info.plist";
				INSTALL_PATH = "$(LOCAL_LIBRARY_DIR)/Frameworks";
				IPHONEOS_DEPLOYMENT_TARGET = 13.0;
				LD_RUNPATH_SEARCH_PATHS = (
					"$(inherited)",
					"@executable_path/Frameworks",
					"@loader_path/Frameworks",
				);
				PRODUCT_BUNDLE_IDENTIFIER = "eu.atlantico.Radio-cross";
				PRODUCT_NAME = "$(TARGET_NAME:c99extidentifier)";
				SKIP_INSTALL = YES;
				SWIFT_VERSION = 5.0;
				TARGETED_DEVICE_FAMILY = "1,2";
				VERSIONING_SYSTEM = "apple-generic";
				VERSION_INFO_PREFIX = "";
			};
			name = Release;
		};
/* End XCBuildConfiguration section */

/* Begin XCConfigurationList section */
		097C1E9B2378716F00A7A5AD /* Build configuration list for PBXProject "Radio" */ = {
			isa = XCConfigurationList;
			buildConfigurations = (
				097C1EBD2378717100A7A5AD /* Debug */,
				097C1EBE2378717100A7A5AD /* Release */,
			);
			defaultConfigurationIsVisible = 0;
			defaultConfigurationName = Release;
		};
		097C1EBF2378717100A7A5AD /* Build configuration list for PBXNativeTarget "Radio" */ = {
			isa = XCConfigurationList;
			buildConfigurations = (
				097C1EC02378717100A7A5AD /* Debug */,
				097C1EC12378717100A7A5AD /* Release */,
			);
			defaultConfigurationIsVisible = 0;
			defaultConfigurationName = Release;
		};
		097C1EC22378717100A7A5AD /* Build configuration list for PBXNativeTarget "RadioTests" */ = {
			isa = XCConfigurationList;
			buildConfigurations = (
				097C1EC32378717100A7A5AD /* Debug */,
				097C1EC42378717100A7A5AD /* Release */,
			);
			defaultConfigurationIsVisible = 0;
			defaultConfigurationName = Release;
		};
		097C1EE12378719700A7A5AD /* Build configuration list for PBXNativeTarget "Radio-Domain" */ = {
			isa = XCConfigurationList;
			buildConfigurations = (
				097C1EE22378719700A7A5AD /* Debug */,
				097C1EE32378719700A7A5AD /* Release */,
			);
			defaultConfigurationIsVisible = 0;
			defaultConfigurationName = Release;
		};
		097C1EE52378719700A7A5AD /* Build configuration list for PBXNativeTarget "Radio-DomainTests" */ = {
			isa = XCConfigurationList;
			buildConfigurations = (
				097C1EE62378719700A7A5AD /* Debug */,
				097C1EE72378719700A7A5AD /* Release */,
			);
			defaultConfigurationIsVisible = 0;
			defaultConfigurationName = Release;
		};
		FB242EAD243E3C6100115B49 /* Build configuration list for PBXNativeTarget "Radio-cross" */ = {
			isa = XCConfigurationList;
			buildConfigurations = (
				FB242EAB243E3C6100115B49 /* Debug */,
				FB242EAC243E3C6100115B49 /* Release */,
			);
			defaultConfigurationIsVisible = 0;
			defaultConfigurationName = Release;
		};
/* End XCConfigurationList section */

/* Begin XCRemoteSwiftPackageReference section */
		093E6A6823B7931A00578C99 /* XCRemoteSwiftPackageReference "Kingfisher" */ = {
			isa = XCRemoteSwiftPackageReference;
			repositoryURL = "https://github.com/onevcat/Kingfisher";
			requirement = {
				kind = upToNextMajorVersion;
				minimumVersion = 5.12.0;
			};
		};
		0941B5072378823F00994F67 /* XCRemoteSwiftPackageReference "Swinject" */ = {
			isa = XCRemoteSwiftPackageReference;
			repositoryURL = "https://github.com/Swinject/Swinject";
			requirement = {
				kind = upToNextMajorVersion;
				minimumVersion = 2.7.1;
			};
		};
		09A03D7F23D1175400277D16 /* XCRemoteSwiftPackageReference "SwiftSoup" */ = {
			isa = XCRemoteSwiftPackageReference;
			repositoryURL = "https://github.com/scinfu/SwiftSoup";
			requirement = {
				kind = upToNextMajorVersion;
				minimumVersion = 2.3.0;
			};
		};
/* End XCRemoteSwiftPackageReference section */

/* Begin XCSwiftPackageProductDependency section */
		093E6A6923B7931A00578C99 /* KingfisherSwiftUI */ = {
			isa = XCSwiftPackageProductDependency;
			package = 093E6A6823B7931A00578C99 /* XCRemoteSwiftPackageReference "Kingfisher" */;
			productName = KingfisherSwiftUI;
		};
		0941B5082378823F00994F67 /* Swinject */ = {
			isa = XCSwiftPackageProductDependency;
			package = 0941B5072378823F00994F67 /* XCRemoteSwiftPackageReference "Swinject" */;
			productName = Swinject;
		};
		09A03D8023D1175400277D16 /* SwiftSoup */ = {
			isa = XCSwiftPackageProductDependency;
			package = 09A03D7F23D1175400277D16 /* XCRemoteSwiftPackageReference "SwiftSoup" */;
			productName = SwiftSoup;
		};
/* End XCSwiftPackageProductDependency section */
	};
	rootObject = 097C1E982378716F00A7A5AD /* Project object */;
}
