// !$*UTF8*$!
{
	archiveVersion = 1;
	classes = {
	};
	objectVersion = 52;
	objects = {

/* Begin PBXBuildFile section */
		0906958523A300E800CF0398 /* NetworkManager.swift in Sources */ = {isa = PBXBuildFile; fileRef = 0906958223A300E800CF0398 /* NetworkManager.swift */; };
		0906958623A300E800CF0398 /* RequestHandler.swift in Sources */ = {isa = PBXBuildFile; fileRef = 0906958323A300E800CF0398 /* RequestHandler.swift */; };
		0906958723A300E800CF0398 /* ResponseHandler.swift in Sources */ = {isa = PBXBuildFile; fileRef = 0906958423A300E800CF0398 /* ResponseHandler.swift */; };
		0906958923A304BE00CF0398 /* URLSessionClient.swift in Sources */ = {isa = PBXBuildFile; fileRef = 0906958823A304BE00CF0398 /* URLSessionClient.swift */; };
		0922E2B523A2EC0E00EB00C8 /* GetSongQueueInteractor.swift in Sources */ = {isa = PBXBuildFile; fileRef = 0922E2B323A2EB4600EB00C8 /* GetSongQueueInteractor.swift */; };
		0922E2B623A2EC1400EB00C8 /* GetCurrentTrackInteractor.swift in Sources */ = {isa = PBXBuildFile; fileRef = 0990B7AC2378F56000C213B7 /* GetCurrentTrackInteractor.swift */; };
		0922E2B723A2EC2100EB00C8 /* RadioGateway.swift in Sources */ = {isa = PBXBuildFile; fileRef = 0956081B237F52BA008206A1 /* RadioGateway.swift */; };
		0922E2B823A2EC2900EB00C8 /* Track.swift in Sources */ = {isa = PBXBuildFile; fileRef = 09560815237F4CB7008206A1 /* Track.swift */; };
		0922E2B923A2EC3000EB00C8 /* RadioDJ.swift in Sources */ = {isa = PBXBuildFile; fileRef = 09560817237F4D24008206A1 /* RadioDJ.swift */; };
		0922E2BA23A2EC3400EB00C8 /* RadioStatus.swift in Sources */ = {isa = PBXBuildFile; fileRef = 09560819237F4F01008206A1 /* RadioStatus.swift */; };
		0922E2BF23A2F8DC00EB00C8 /* TrackView.swift in Sources */ = {isa = PBXBuildFile; fileRef = 0922E2BE23A2F8DC00EB00C8 /* TrackView.swift */; };
		0922E2C223A2FA2A00EB00C8 /* TrackViewModel.swift in Sources */ = {isa = PBXBuildFile; fileRef = 0922E2C123A2FA2A00EB00C8 /* TrackViewModel.swift */; };
		0922E2C523A2FB5A00EB00C8 /* DateExtensions.swift in Sources */ = {isa = PBXBuildFile; fileRef = 0922E2C423A2FB5A00EB00C8 /* DateExtensions.swift */; };
		093E6A6423B77F7000578C99 /* RadioMapperTests.swift in Sources */ = {isa = PBXBuildFile; fileRef = 093E6A6323B77F7000578C99 /* RadioMapperTests.swift */; };
		093E6A6723B783BC00578C99 /* GetLastPlayedInteractor.swift in Sources */ = {isa = PBXBuildFile; fileRef = 093E6A6523B7839D00578C99 /* GetLastPlayedInteractor.swift */; };
		093E6A6A23B7931A00578C99 /* KingfisherSwiftUI in Frameworks */ = {isa = PBXBuildFile; productRef = 093E6A6923B7931A00578C99 /* KingfisherSwiftUI */; };
		093E6A6C23B79D5900578C99 /* DJView.swift in Sources */ = {isa = PBXBuildFile; fileRef = 093E6A6B23B79D5900578C99 /* DJView.swift */; };
		093E6A6E23B79E0000578C99 /* DJViewModel.swift in Sources */ = {isa = PBXBuildFile; fileRef = 093E6A6D23B79E0000578C99 /* DJViewModel.swift */; };
		093E6A7123B7A1ED00578C99 /* GetDJInteractor.swift in Sources */ = {isa = PBXBuildFile; fileRef = 093E6A6F23B7A1C200578C99 /* GetDJInteractor.swift */; };
		093E6A7423B7AEDB00578C99 /* GetCurrentStatusInteractor.swift in Sources */ = {isa = PBXBuildFile; fileRef = 093E6A7223B7AED600578C99 /* GetCurrentStatusInteractor.swift */; };
		0941B4EE237873E400994F67 /* PlayRadioInteractor.swift in Sources */ = {isa = PBXBuildFile; fileRef = 0941B4ED237873E400994F67 /* PlayRadioInteractor.swift */; };
		0941B4F12378744200994F67 /* AVGateway.swift in Sources */ = {isa = PBXBuildFile; fileRef = 0941B4F02378744200994F67 /* AVGateway.swift */; };
		0941B4F32378746D00994F67 /* StopRadioInteractor.swift in Sources */ = {isa = PBXBuildFile; fileRef = 0941B4F22378746D00994F67 /* StopRadioInteractor.swift */; };
		0941B4F52378768900994F67 /* GatewayError.swift in Sources */ = {isa = PBXBuildFile; fileRef = 0941B4F42378768900994F67 /* GatewayError.swift */; };
		0941B4FB2378779400994F67 /* AVGatewayImp.swift in Sources */ = {isa = PBXBuildFile; fileRef = 0941B4FA2378779400994F67 /* AVGatewayImp.swift */; };
		0941B4FF23787D4A00994F67 /* RadioView.swift in Sources */ = {isa = PBXBuildFile; fileRef = 0941B4FE23787D4A00994F67 /* RadioView.swift */; };
		0941B50223787EC400994F67 /* Localizable.strings in Resources */ = {isa = PBXBuildFile; fileRef = 0941B50423787EC400994F67 /* Localizable.strings */; };
		0941B5062378800C00994F67 /* RadioPresenter.swift in Sources */ = {isa = PBXBuildFile; fileRef = 0941B5052378800C00994F67 /* RadioPresenter.swift */; };
		0941B5092378823F00994F67 /* Swinject in Frameworks */ = {isa = PBXBuildFile; productRef = 0941B5082378823F00994F67 /* Swinject */; };
		0941B50C2378830400994F67 /* Configurator.swift in Sources */ = {isa = PBXBuildFile; fileRef = 0941B50B2378830400994F67 /* Configurator.swift */; };
		0941B50E2378834700994F67 /* GatewayConfigurator.swift in Sources */ = {isa = PBXBuildFile; fileRef = 0941B50D2378834700994F67 /* GatewayConfigurator.swift */; };
		0941B5102378834F00994F67 /* InteractorConfigurator.swift in Sources */ = {isa = PBXBuildFile; fileRef = 0941B50F2378834F00994F67 /* InteractorConfigurator.swift */; };
		0941B512237883E800994F67 /* RadioConfigurator.swift in Sources */ = {isa = PBXBuildFile; fileRef = 0941B511237883E800994F67 /* RadioConfigurator.swift */; };
		0956081F237F5413008206A1 /* RadioGatewayImp.swift in Sources */ = {isa = PBXBuildFile; fileRef = 0956081E237F5413008206A1 /* RadioGatewayImp.swift */; };
		09560821237F5596008206A1 /* InterfaceConfigurator.swift in Sources */ = {isa = PBXBuildFile; fileRef = 09560820237F5596008206A1 /* InterfaceConfigurator.swift */; };
		096E0B98237A07F300024572 /* RemoteControl.swift in Sources */ = {isa = PBXBuildFile; fileRef = 096E0B97237A07F300024572 /* RemoteControl.swift */; };
		096E0B9A237A089600024572 /* RemoteControlCommand.swift in Sources */ = {isa = PBXBuildFile; fileRef = 096E0B99237A089600024572 /* RemoteControlCommand.swift */; };
		096E0B9C237A08A500024572 /* RemoteControlMetadata.swift in Sources */ = {isa = PBXBuildFile; fileRef = 096E0B9B237A08A500024572 /* RemoteControlMetadata.swift */; };
		096E0B9E237A08B500024572 /* RemoteControlError.swift in Sources */ = {isa = PBXBuildFile; fileRef = 096E0B9D237A08B500024572 /* RemoteControlError.swift */; };
		097C1EA42378716F00A7A5AD /* AppDelegate.swift in Sources */ = {isa = PBXBuildFile; fileRef = 097C1EA32378716F00A7A5AD /* AppDelegate.swift */; };
		097C1EA62378716F00A7A5AD /* SceneDelegate.swift in Sources */ = {isa = PBXBuildFile; fileRef = 097C1EA52378716F00A7A5AD /* SceneDelegate.swift */; };
		097C1EA82378716F00A7A5AD /* MainTabsView.swift in Sources */ = {isa = PBXBuildFile; fileRef = 097C1EA72378716F00A7A5AD /* MainTabsView.swift */; };
		097C1EAA2378717000A7A5AD /* Assets.xcassets in Resources */ = {isa = PBXBuildFile; fileRef = 097C1EA92378717000A7A5AD /* Assets.xcassets */; };
		097C1EAD2378717000A7A5AD /* Preview Assets.xcassets in Resources */ = {isa = PBXBuildFile; fileRef = 097C1EAC2378717000A7A5AD /* Preview Assets.xcassets */; };
		097C1EB02378717000A7A5AD /* LaunchScreen.storyboard in Resources */ = {isa = PBXBuildFile; fileRef = 097C1EAE2378717000A7A5AD /* LaunchScreen.storyboard */; };
		097C1EBB2378717100A7A5AD /* radioTests.swift in Sources */ = {isa = PBXBuildFile; fileRef = 097C1EBA2378717100A7A5AD /* radioTests.swift */; };
		097C1ED32378719700A7A5AD /* Radio_Domain.framework in Frameworks */ = {isa = PBXBuildFile; fileRef = 097C1ECA2378719700A7A5AD /* Radio_Domain.framework */; };
		097C1EDA2378719700A7A5AD /* radio_domainTests.swift in Sources */ = {isa = PBXBuildFile; fileRef = 097C1ED92378719700A7A5AD /* radio_domainTests.swift */; };
		097C1EDC2378719700A7A5AD /* radio_domain.h in Headers */ = {isa = PBXBuildFile; fileRef = 097C1ECC2378719700A7A5AD /* radio_domain.h */; settings = {ATTRIBUTES = (Public, ); }; };
		097C1EDF2378719700A7A5AD /* Radio_Domain.framework in Frameworks */ = {isa = PBXBuildFile; fileRef = 097C1ECA2378719700A7A5AD /* Radio_Domain.framework */; };
		097C1EE02378719700A7A5AD /* Radio_Domain.framework in Embed Frameworks */ = {isa = PBXBuildFile; fileRef = 097C1ECA2378719700A7A5AD /* Radio_Domain.framework */; settings = {ATTRIBUTES = (CodeSignOnCopy, RemoveHeadersOnCopy, ); }; };
		097C1EEA2378720100A7A5AD /* Interactor.swift in Sources */ = {isa = PBXBuildFile; fileRef = 097C1EE92378720100A7A5AD /* Interactor.swift */; };
		0990B7AF2378F8E100C213B7 /* AVClient.swift in Sources */ = {isa = PBXBuildFile; fileRef = 0990B7AE2378F8E100C213B7 /* AVClient.swift */; };
		099FFB70239431D5005E1AD6 /* RadioMapper.swift in Sources */ = {isa = PBXBuildFile; fileRef = 099FFB6F239431D5005E1AD6 /* RadioMapper.swift */; };
		099FFB73239468E6005E1AD6 /* RadioDetailedModel.swift in Sources */ = {isa = PBXBuildFile; fileRef = 099FFB72239468E6005E1AD6 /* RadioDetailedModel.swift */; };
		099FFB7523947A2C005E1AD6 /* MapperConfigurator.swift in Sources */ = {isa = PBXBuildFile; fileRef = 099FFB7423947A2C005E1AD6 /* MapperConfigurator.swift */; };
		09BD7809237E206D008950CD /* AppleLicense in Resources */ = {isa = PBXBuildFile; fileRef = 09BD7808237E206D008950CD /* AppleLicense */; };
		09BD780C237E2527008950CD /* RemoteControlClient.swift in Sources */ = {isa = PBXBuildFile; fileRef = 09BD780B237E2527008950CD /* RemoteControlClient.swift */; };
		09BD7811237E2C01008950CD /* NetworkDispatcher.swift in Sources */ = {isa = PBXBuildFile; fileRef = 09BD7810237E2C01008950CD /* NetworkDispatcher.swift */; };
		09BD7813237E2C5A008950CD /* APIRequest.swift in Sources */ = {isa = PBXBuildFile; fileRef = 09BD7812237E2C5A008950CD /* APIRequest.swift */; };
		09BD7815237E2CED008950CD /* FakeNetworkClient.swift in Sources */ = {isa = PBXBuildFile; fileRef = 09BD7814237E2CED008950CD /* FakeNetworkClient.swift */; };
		09BD7819237E2D77008950CD /* RadioMainAPI.swift in Sources */ = {isa = PBXBuildFile; fileRef = 09BD7818237E2D77008950CD /* RadioMainAPI.swift */; };
		09BD781B237E2D9B008950CD /* RadioMainAPIResponseModel.swift in Sources */ = {isa = PBXBuildFile; fileRef = 09BD781A237E2D9B008950CD /* RadioMainAPIResponseModel.swift */; };
		09BD781D237E2DBB008950CD /* RadioMainAPIFake.json in Resources */ = {isa = PBXBuildFile; fileRef = 09BD781C237E2DBB008950CD /* RadioMainAPIFake.json */; };
		09BD7824237E30FB008950CD /* RadioMainAPITests.swift in Sources */ = {isa = PBXBuildFile; fileRef = 09BD7823237E30FB008950CD /* RadioMainAPITests.swift */; };
		09D49EE723B8E71C00BCC62D /* CurrentTrackViewModel.swift in Sources */ = {isa = PBXBuildFile; fileRef = 09D49EE623B8E71C00BCC62D /* CurrentTrackViewModel.swift */; };
		09F8A10E23B83E5500D95643 /* ArtworkHandler.swift in Sources */ = {isa = PBXBuildFile; fileRef = 09F8A10D23B83E5500D95643 /* ArtworkHandler.swift */; };
		09F8A11423B853FC00D95643 /* SeekBarView.swift in Sources */ = {isa = PBXBuildFile; fileRef = 09F8A11323B853FC00D95643 /* SeekBarView.swift */; };
		09F8A11623B854AE00D95643 /* ProgressBar.swift in Sources */ = {isa = PBXBuildFile; fileRef = 09F8A11523B854AE00D95643 /* ProgressBar.swift */; };
		09F8EB5B23B818D700FE6E25 /* MediaPlayerInterface.swift in Sources */ = {isa = PBXBuildFile; fileRef = 09F8EB5A23B818D700FE6E25 /* MediaPlayerInterface.swift */; };
		09F8EB5E23B81F8500FE6E25 /* GetPlaybackInfoInteractor.swift in Sources */ = {isa = PBXBuildFile; fileRef = 09F8EB5C23B81F2800FE6E25 /* GetPlaybackInfoInteractor.swift */; };
		09F8EB5F23B81FC500FE6E25 /* PlaybackInfo.swift in Sources */ = {isa = PBXBuildFile; fileRef = 09FDBE73237E03C3001E34DE /* PlaybackInfo.swift */; };
		09F8EB6123B8244F00FE6E25 /* MediaPlayerConfigurator.swift in Sources */ = {isa = PBXBuildFile; fileRef = 09F8EB6023B8244F00FE6E25 /* MediaPlayerConfigurator.swift */; };
/* End PBXBuildFile section */

/* Begin PBXContainerItemProxy section */
		097C1EB72378717100A7A5AD /* PBXContainerItemProxy */ = {
			isa = PBXContainerItemProxy;
			containerPortal = 097C1E982378716F00A7A5AD /* Project object */;
			proxyType = 1;
			remoteGlobalIDString = 097C1E9F2378716F00A7A5AD;
			remoteInfo = radio;
		};
		097C1ED42378719700A7A5AD /* PBXContainerItemProxy */ = {
			isa = PBXContainerItemProxy;
			containerPortal = 097C1E982378716F00A7A5AD /* Project object */;
			proxyType = 1;
			remoteGlobalIDString = 097C1EC92378719700A7A5AD;
			remoteInfo = "radio-domain";
		};
		097C1ED62378719700A7A5AD /* PBXContainerItemProxy */ = {
			isa = PBXContainerItemProxy;
			containerPortal = 097C1E982378716F00A7A5AD /* Project object */;
			proxyType = 1;
			remoteGlobalIDString = 097C1E9F2378716F00A7A5AD;
			remoteInfo = radio;
		};
		097C1EDD2378719700A7A5AD /* PBXContainerItemProxy */ = {
			isa = PBXContainerItemProxy;
			containerPortal = 097C1E982378716F00A7A5AD /* Project object */;
			proxyType = 1;
			remoteGlobalIDString = 097C1EC92378719700A7A5AD;
			remoteInfo = "radio-domain";
		};
/* End PBXContainerItemProxy section */

/* Begin PBXCopyFilesBuildPhase section */
		097C1EE42378719700A7A5AD /* Embed Frameworks */ = {
			isa = PBXCopyFilesBuildPhase;
			buildActionMask = 2147483647;
			dstPath = "";
			dstSubfolderSpec = 10;
			files = (
				097C1EE02378719700A7A5AD /* Radio_Domain.framework in Embed Frameworks */,
			);
			name = "Embed Frameworks";
			runOnlyForDeploymentPostprocessing = 0;
		};
/* End PBXCopyFilesBuildPhase section */

/* Begin PBXFileReference section */
		0906958223A300E800CF0398 /* NetworkManager.swift */ = {isa = PBXFileReference; fileEncoding = 4; lastKnownFileType = sourcecode.swift; path = NetworkManager.swift; sourceTree = "<group>"; };
		0906958323A300E800CF0398 /* RequestHandler.swift */ = {isa = PBXFileReference; fileEncoding = 4; lastKnownFileType = sourcecode.swift; path = RequestHandler.swift; sourceTree = "<group>"; };
		0906958423A300E800CF0398 /* ResponseHandler.swift */ = {isa = PBXFileReference; fileEncoding = 4; lastKnownFileType = sourcecode.swift; path = ResponseHandler.swift; sourceTree = "<group>"; };
		0906958823A304BE00CF0398 /* URLSessionClient.swift */ = {isa = PBXFileReference; lastKnownFileType = sourcecode.swift; path = URLSessionClient.swift; sourceTree = "<group>"; };
		0922E2B323A2EB4600EB00C8 /* GetSongQueueInteractor.swift */ = {isa = PBXFileReference; lastKnownFileType = sourcecode.swift; path = GetSongQueueInteractor.swift; sourceTree = "<group>"; };
		0922E2BE23A2F8DC00EB00C8 /* TrackView.swift */ = {isa = PBXFileReference; lastKnownFileType = sourcecode.swift; path = TrackView.swift; sourceTree = "<group>"; };
		0922E2C123A2FA2A00EB00C8 /* TrackViewModel.swift */ = {isa = PBXFileReference; lastKnownFileType = sourcecode.swift; path = TrackViewModel.swift; sourceTree = "<group>"; };
		0922E2C423A2FB5A00EB00C8 /* DateExtensions.swift */ = {isa = PBXFileReference; lastKnownFileType = sourcecode.swift; path = DateExtensions.swift; sourceTree = "<group>"; };
		093E6A6323B77F7000578C99 /* RadioMapperTests.swift */ = {isa = PBXFileReference; lastKnownFileType = sourcecode.swift; path = RadioMapperTests.swift; sourceTree = "<group>"; };
		093E6A6523B7839D00578C99 /* GetLastPlayedInteractor.swift */ = {isa = PBXFileReference; lastKnownFileType = sourcecode.swift; path = GetLastPlayedInteractor.swift; sourceTree = "<group>"; };
		093E6A6B23B79D5900578C99 /* DJView.swift */ = {isa = PBXFileReference; lastKnownFileType = sourcecode.swift; path = DJView.swift; sourceTree = "<group>"; };
		093E6A6D23B79E0000578C99 /* DJViewModel.swift */ = {isa = PBXFileReference; lastKnownFileType = sourcecode.swift; path = DJViewModel.swift; sourceTree = "<group>"; };
		093E6A6F23B7A1C200578C99 /* GetDJInteractor.swift */ = {isa = PBXFileReference; lastKnownFileType = sourcecode.swift; path = GetDJInteractor.swift; sourceTree = "<group>"; };
		093E6A7223B7AED600578C99 /* GetCurrentStatusInteractor.swift */ = {isa = PBXFileReference; lastKnownFileType = sourcecode.swift; path = GetCurrentStatusInteractor.swift; sourceTree = "<group>"; };
		0941B4ED237873E400994F67 /* PlayRadioInteractor.swift */ = {isa = PBXFileReference; lastKnownFileType = sourcecode.swift; path = PlayRadioInteractor.swift; sourceTree = "<group>"; };
		0941B4F02378744200994F67 /* AVGateway.swift */ = {isa = PBXFileReference; lastKnownFileType = sourcecode.swift; path = AVGateway.swift; sourceTree = "<group>"; };
		0941B4F22378746D00994F67 /* StopRadioInteractor.swift */ = {isa = PBXFileReference; lastKnownFileType = sourcecode.swift; path = StopRadioInteractor.swift; sourceTree = "<group>"; };
		0941B4F42378768900994F67 /* GatewayError.swift */ = {isa = PBXFileReference; lastKnownFileType = sourcecode.swift; path = GatewayError.swift; sourceTree = "<group>"; };
		0941B4FA2378779400994F67 /* AVGatewayImp.swift */ = {isa = PBXFileReference; lastKnownFileType = sourcecode.swift; path = AVGatewayImp.swift; sourceTree = "<group>"; };
		0941B4FE23787D4A00994F67 /* RadioView.swift */ = {isa = PBXFileReference; lastKnownFileType = sourcecode.swift; path = RadioView.swift; sourceTree = "<group>"; };
		0941B50323787EC400994F67 /* en */ = {isa = PBXFileReference; lastKnownFileType = text.plist.strings; name = en; path = en.lproj/Localizable.strings; sourceTree = "<group>"; };
		0941B5052378800C00994F67 /* RadioPresenter.swift */ = {isa = PBXFileReference; lastKnownFileType = sourcecode.swift; path = RadioPresenter.swift; sourceTree = "<group>"; };
		0941B50B2378830400994F67 /* Configurator.swift */ = {isa = PBXFileReference; lastKnownFileType = sourcecode.swift; path = Configurator.swift; sourceTree = "<group>"; };
		0941B50D2378834700994F67 /* GatewayConfigurator.swift */ = {isa = PBXFileReference; lastKnownFileType = sourcecode.swift; path = GatewayConfigurator.swift; sourceTree = "<group>"; };
		0941B50F2378834F00994F67 /* InteractorConfigurator.swift */ = {isa = PBXFileReference; lastKnownFileType = sourcecode.swift; path = InteractorConfigurator.swift; sourceTree = "<group>"; };
		0941B511237883E800994F67 /* RadioConfigurator.swift */ = {isa = PBXFileReference; lastKnownFileType = sourcecode.swift; path = RadioConfigurator.swift; sourceTree = "<group>"; };
		09560815237F4CB7008206A1 /* Track.swift */ = {isa = PBXFileReference; lastKnownFileType = sourcecode.swift; path = Track.swift; sourceTree = "<group>"; };
		09560817237F4D24008206A1 /* RadioDJ.swift */ = {isa = PBXFileReference; lastKnownFileType = sourcecode.swift; path = RadioDJ.swift; sourceTree = "<group>"; };
		09560819237F4F01008206A1 /* RadioStatus.swift */ = {isa = PBXFileReference; lastKnownFileType = sourcecode.swift; path = RadioStatus.swift; sourceTree = "<group>"; };
		0956081B237F52BA008206A1 /* RadioGateway.swift */ = {isa = PBXFileReference; lastKnownFileType = sourcecode.swift; path = RadioGateway.swift; sourceTree = "<group>"; };
		0956081E237F5413008206A1 /* RadioGatewayImp.swift */ = {isa = PBXFileReference; lastKnownFileType = sourcecode.swift; path = RadioGatewayImp.swift; sourceTree = "<group>"; };
		09560820237F5596008206A1 /* InterfaceConfigurator.swift */ = {isa = PBXFileReference; lastKnownFileType = sourcecode.swift; path = InterfaceConfigurator.swift; sourceTree = "<group>"; };
		096DF2E4237A19740094AFB0 /* README.md */ = {isa = PBXFileReference; lastKnownFileType = net.daringfireball.markdown; path = README.md; sourceTree = "<group>"; };
		096E0B97237A07F300024572 /* RemoteControl.swift */ = {isa = PBXFileReference; lastKnownFileType = sourcecode.swift; path = RemoteControl.swift; sourceTree = "<group>"; };
		096E0B99237A089600024572 /* RemoteControlCommand.swift */ = {isa = PBXFileReference; lastKnownFileType = sourcecode.swift; path = RemoteControlCommand.swift; sourceTree = "<group>"; };
		096E0B9B237A08A500024572 /* RemoteControlMetadata.swift */ = {isa = PBXFileReference; lastKnownFileType = sourcecode.swift; path = RemoteControlMetadata.swift; sourceTree = "<group>"; };
		096E0B9D237A08B500024572 /* RemoteControlError.swift */ = {isa = PBXFileReference; lastKnownFileType = sourcecode.swift; path = RemoteControlError.swift; sourceTree = "<group>"; };
		097C1EA02378716F00A7A5AD /* Radio.app */ = {isa = PBXFileReference; explicitFileType = wrapper.application; includeInIndex = 0; path = Radio.app; sourceTree = BUILT_PRODUCTS_DIR; };
		097C1EA32378716F00A7A5AD /* AppDelegate.swift */ = {isa = PBXFileReference; lastKnownFileType = sourcecode.swift; path = AppDelegate.swift; sourceTree = "<group>"; };
		097C1EA52378716F00A7A5AD /* SceneDelegate.swift */ = {isa = PBXFileReference; lastKnownFileType = sourcecode.swift; path = SceneDelegate.swift; sourceTree = "<group>"; };
		097C1EA72378716F00A7A5AD /* MainTabsView.swift */ = {isa = PBXFileReference; lastKnownFileType = sourcecode.swift; path = MainTabsView.swift; sourceTree = "<group>"; };
		097C1EA92378717000A7A5AD /* Assets.xcassets */ = {isa = PBXFileReference; lastKnownFileType = folder.assetcatalog; path = Assets.xcassets; sourceTree = "<group>"; };
		097C1EAC2378717000A7A5AD /* Preview Assets.xcassets */ = {isa = PBXFileReference; lastKnownFileType = folder.assetcatalog; path = "Preview Assets.xcassets"; sourceTree = "<group>"; };
		097C1EAF2378717000A7A5AD /* Base */ = {isa = PBXFileReference; lastKnownFileType = file.storyboard; name = Base; path = Base.lproj/LaunchScreen.storyboard; sourceTree = "<group>"; };
		097C1EB12378717000A7A5AD /* Info.plist */ = {isa = PBXFileReference; lastKnownFileType = text.plist.xml; path = Info.plist; sourceTree = "<group>"; };
		097C1EB62378717100A7A5AD /* RadioTests.xctest */ = {isa = PBXFileReference; explicitFileType = wrapper.cfbundle; includeInIndex = 0; path = RadioTests.xctest; sourceTree = BUILT_PRODUCTS_DIR; };
		097C1EBA2378717100A7A5AD /* radioTests.swift */ = {isa = PBXFileReference; lastKnownFileType = sourcecode.swift; path = radioTests.swift; sourceTree = "<group>"; };
		097C1EBC2378717100A7A5AD /* Info.plist */ = {isa = PBXFileReference; lastKnownFileType = text.plist.xml; path = Info.plist; sourceTree = "<group>"; };
		097C1ECA2378719700A7A5AD /* Radio_Domain.framework */ = {isa = PBXFileReference; explicitFileType = wrapper.framework; includeInIndex = 0; path = Radio_Domain.framework; sourceTree = BUILT_PRODUCTS_DIR; };
		097C1ECC2378719700A7A5AD /* radio_domain.h */ = {isa = PBXFileReference; lastKnownFileType = sourcecode.c.h; path = radio_domain.h; sourceTree = "<group>"; };
		097C1ECD2378719700A7A5AD /* Info.plist */ = {isa = PBXFileReference; lastKnownFileType = text.plist.xml; path = Info.plist; sourceTree = "<group>"; };
		097C1ED22378719700A7A5AD /* Radio-DomainTests.xctest */ = {isa = PBXFileReference; explicitFileType = wrapper.cfbundle; includeInIndex = 0; path = "Radio-DomainTests.xctest"; sourceTree = BUILT_PRODUCTS_DIR; };
		097C1ED92378719700A7A5AD /* radio_domainTests.swift */ = {isa = PBXFileReference; lastKnownFileType = sourcecode.swift; path = radio_domainTests.swift; sourceTree = "<group>"; };
		097C1EDB2378719700A7A5AD /* Info.plist */ = {isa = PBXFileReference; lastKnownFileType = text.plist.xml; path = Info.plist; sourceTree = "<group>"; };
		097C1EE92378720100A7A5AD /* Interactor.swift */ = {isa = PBXFileReference; lastKnownFileType = sourcecode.swift; path = Interactor.swift; sourceTree = "<group>"; };
		0990B7AC2378F56000C213B7 /* GetCurrentTrackInteractor.swift */ = {isa = PBXFileReference; lastKnownFileType = sourcecode.swift; path = GetCurrentTrackInteractor.swift; sourceTree = "<group>"; };
		0990B7AE2378F8E100C213B7 /* AVClient.swift */ = {isa = PBXFileReference; lastKnownFileType = sourcecode.swift; path = AVClient.swift; sourceTree = "<group>"; };
		099FFB6F239431D5005E1AD6 /* RadioMapper.swift */ = {isa = PBXFileReference; lastKnownFileType = sourcecode.swift; path = RadioMapper.swift; sourceTree = "<group>"; };
		099FFB72239468E6005E1AD6 /* RadioDetailedModel.swift */ = {isa = PBXFileReference; lastKnownFileType = sourcecode.swift; path = RadioDetailedModel.swift; sourceTree = "<group>"; };
		099FFB7423947A2C005E1AD6 /* MapperConfigurator.swift */ = {isa = PBXFileReference; lastKnownFileType = sourcecode.swift; path = MapperConfigurator.swift; sourceTree = "<group>"; };
		09BD7808237E206D008950CD /* AppleLicense */ = {isa = PBXFileReference; lastKnownFileType = text; path = AppleLicense; sourceTree = "<group>"; };
		09BD780B237E2527008950CD /* RemoteControlClient.swift */ = {isa = PBXFileReference; lastKnownFileType = sourcecode.swift; path = RemoteControlClient.swift; sourceTree = "<group>"; };
		09BD7810237E2C01008950CD /* NetworkDispatcher.swift */ = {isa = PBXFileReference; lastKnownFileType = sourcecode.swift; path = NetworkDispatcher.swift; sourceTree = "<group>"; };
		09BD7812237E2C5A008950CD /* APIRequest.swift */ = {isa = PBXFileReference; lastKnownFileType = sourcecode.swift; path = APIRequest.swift; sourceTree = "<group>"; };
		09BD7814237E2CED008950CD /* FakeNetworkClient.swift */ = {isa = PBXFileReference; lastKnownFileType = sourcecode.swift; path = FakeNetworkClient.swift; sourceTree = "<group>"; };
		09BD7818237E2D77008950CD /* RadioMainAPI.swift */ = {isa = PBXFileReference; lastKnownFileType = sourcecode.swift; path = RadioMainAPI.swift; sourceTree = "<group>"; };
		09BD781A237E2D9B008950CD /* RadioMainAPIResponseModel.swift */ = {isa = PBXFileReference; lastKnownFileType = sourcecode.swift; path = RadioMainAPIResponseModel.swift; sourceTree = "<group>"; };
		09BD781C237E2DBB008950CD /* RadioMainAPIFake.json */ = {isa = PBXFileReference; lastKnownFileType = text.json; path = RadioMainAPIFake.json; sourceTree = "<group>"; };
		09BD7823237E30FB008950CD /* RadioMainAPITests.swift */ = {isa = PBXFileReference; lastKnownFileType = sourcecode.swift; path = RadioMainAPITests.swift; sourceTree = "<group>"; };
		09D49EE623B8E71C00BCC62D /* CurrentTrackViewModel.swift */ = {isa = PBXFileReference; lastKnownFileType = sourcecode.swift; path = CurrentTrackViewModel.swift; sourceTree = "<group>"; };
		09F8A10D23B83E5500D95643 /* ArtworkHandler.swift */ = {isa = PBXFileReference; lastKnownFileType = sourcecode.swift; path = ArtworkHandler.swift; sourceTree = "<group>"; };
		09F8A11323B853FC00D95643 /* SeekBarView.swift */ = {isa = PBXFileReference; lastKnownFileType = sourcecode.swift; path = SeekBarView.swift; sourceTree = "<group>"; };
		09F8A11523B854AE00D95643 /* ProgressBar.swift */ = {isa = PBXFileReference; lastKnownFileType = sourcecode.swift; path = ProgressBar.swift; sourceTree = "<group>"; };
		09F8EB5A23B818D700FE6E25 /* MediaPlayerInterface.swift */ = {isa = PBXFileReference; lastKnownFileType = sourcecode.swift; path = MediaPlayerInterface.swift; sourceTree = "<group>"; };
		09F8EB5C23B81F2800FE6E25 /* GetPlaybackInfoInteractor.swift */ = {isa = PBXFileReference; lastKnownFileType = sourcecode.swift; path = GetPlaybackInfoInteractor.swift; sourceTree = "<group>"; };
		09F8EB6023B8244F00FE6E25 /* MediaPlayerConfigurator.swift */ = {isa = PBXFileReference; lastKnownFileType = sourcecode.swift; path = MediaPlayerConfigurator.swift; sourceTree = "<group>"; };
		09FDBE73237E03C3001E34DE /* PlaybackInfo.swift */ = {isa = PBXFileReference; lastKnownFileType = sourcecode.swift; path = PlaybackInfo.swift; sourceTree = "<group>"; };
/* End PBXFileReference section */

/* Begin PBXFrameworksBuildPhase section */
		097C1E9D2378716F00A7A5AD /* Frameworks */ = {
			isa = PBXFrameworksBuildPhase;
			buildActionMask = 2147483647;
			files = (
				093E6A6A23B7931A00578C99 /* KingfisherSwiftUI in Frameworks */,
				097C1EDF2378719700A7A5AD /* Radio_Domain.framework in Frameworks */,
				0941B5092378823F00994F67 /* Swinject in Frameworks */,
			);
			runOnlyForDeploymentPostprocessing = 0;
		};
		097C1EB32378717100A7A5AD /* Frameworks */ = {
			isa = PBXFrameworksBuildPhase;
			buildActionMask = 2147483647;
			files = (
			);
			runOnlyForDeploymentPostprocessing = 0;
		};
		097C1EC72378719700A7A5AD /* Frameworks */ = {
			isa = PBXFrameworksBuildPhase;
			buildActionMask = 2147483647;
			files = (
			);
			runOnlyForDeploymentPostprocessing = 0;
		};
		097C1ECF2378719700A7A5AD /* Frameworks */ = {
			isa = PBXFrameworksBuildPhase;
			buildActionMask = 2147483647;
			files = (
				097C1ED32378719700A7A5AD /* Radio_Domain.framework in Frameworks */,
			);
			runOnlyForDeploymentPostprocessing = 0;
		};
/* End PBXFrameworksBuildPhase section */

/* Begin PBXGroup section */
		0922E2BC23A2F8AE00EB00C8 /* Modules */ = {
			isa = PBXGroup;
			children = (
				0941B4FD23787CB200994F67 /* RadioView */,
				0941B4FC23787C8800994F67 /* TabView */,
			);
			path = Modules;
			sourceTree = "<group>";
		};
		0922E2BD23A2F8B400EB00C8 /* Components */ = {
			isa = PBXGroup;
			children = (
				0922E2BE23A2F8DC00EB00C8 /* TrackView.swift */,
				093E6A6B23B79D5900578C99 /* DJView.swift */,
				09F8A11323B853FC00D95643 /* SeekBarView.swift */,
				09F8A11523B854AE00D95643 /* ProgressBar.swift */,
			);
			path = Components;
			sourceTree = "<group>";
		};
		0922E2C023A2FA2000EB00C8 /* View Models */ = {
			isa = PBXGroup;
			children = (
				0922E2C123A2FA2A00EB00C8 /* TrackViewModel.swift */,
				093E6A6D23B79E0000578C99 /* DJViewModel.swift */,
				09D49EE623B8E71C00BCC62D /* CurrentTrackViewModel.swift */,
			);
			path = "View Models";
			sourceTree = "<group>";
		};
		0922E2C323A2FB5100EB00C8 /* Utilities */ = {
			isa = PBXGroup;
			children = (
				0922E2C423A2FB5A00EB00C8 /* DateExtensions.swift */,
			);
			path = Utilities;
			sourceTree = "<group>";
		};
		093E6A6223B77F5E00578C99 /* Mappers */ = {
			isa = PBXGroup;
			children = (
				093E6A6323B77F7000578C99 /* RadioMapperTests.swift */,
			);
			path = Mappers;
			sourceTree = "<group>";
		};
		0941B4EC237873D800994F67 /* Use Cases */ = {
			isa = PBXGroup;
			children = (
				0941B4ED237873E400994F67 /* PlayRadioInteractor.swift */,
				0941B4F22378746D00994F67 /* StopRadioInteractor.swift */,
				0990B7AC2378F56000C213B7 /* GetCurrentTrackInteractor.swift */,
				0922E2B323A2EB4600EB00C8 /* GetSongQueueInteractor.swift */,
				093E6A6523B7839D00578C99 /* GetLastPlayedInteractor.swift */,
				093E6A6F23B7A1C200578C99 /* GetDJInteractor.swift */,
				093E6A7223B7AED600578C99 /* GetCurrentStatusInteractor.swift */,
				09F8EB5C23B81F2800FE6E25 /* GetPlaybackInfoInteractor.swift */,
			);
			path = "Use Cases";
			sourceTree = "<group>";
		};
		0941B4EF2378742300994F67 /* Gateways */ = {
			isa = PBXGroup;
			children = (
				0941B4F02378744200994F67 /* AVGateway.swift */,
				0956081B237F52BA008206A1 /* RadioGateway.swift */,
			);
			path = Gateways;
			sourceTree = "<group>";
		};
		0941B4F62378772400994F67 /* Interfaces */ = {
			isa = PBXGroup;
			children = (
				09F8EB5923B8189D00FE6E25 /* MediaPlayer */,
				0941B4F72378773600994F67 /* UI */,
			);
			path = Interfaces;
			sourceTree = "<group>";
		};
		0941B4F72378773600994F67 /* UI */ = {
			isa = PBXGroup;
			children = (
				0922E2C023A2FA2000EB00C8 /* View Models */,
				0922E2BD23A2F8B400EB00C8 /* Components */,
				0922E2BC23A2F8AE00EB00C8 /* Modules */,
				097C1EA52378716F00A7A5AD /* SceneDelegate.swift */,
				097C1EAE2378717000A7A5AD /* LaunchScreen.storyboard */,
			);
			path = UI;
			sourceTree = "<group>";
		};
		0941B4F82378774E00994F67 /* Resources */ = {
			isa = PBXGroup;
			children = (
				0941B50423787EC400994F67 /* Localizable.strings */,
				097C1EA92378717000A7A5AD /* Assets.xcassets */,
				097C1EB12378717000A7A5AD /* Info.plist */,
			);
			path = Resources;
			sourceTree = "<group>";
		};
		0941B4F92378778B00994F67 /* AVFoundation */ = {
			isa = PBXGroup;
			children = (
				09BD780A237E20FB008950CD /* Utilities */,
				0990B7AE2378F8E100C213B7 /* AVClient.swift */,
			);
			path = AVFoundation;
			sourceTree = "<group>";
		};
		0941B4FC23787C8800994F67 /* TabView */ = {
			isa = PBXGroup;
			children = (
				097C1EA72378716F00A7A5AD /* MainTabsView.swift */,
			);
			path = TabView;
			sourceTree = "<group>";
		};
		0941B4FD23787CB200994F67 /* RadioView */ = {
			isa = PBXGroup;
			children = (
				0941B511237883E800994F67 /* RadioConfigurator.swift */,
				0941B4FE23787D4A00994F67 /* RadioView.swift */,
				0941B5052378800C00994F67 /* RadioPresenter.swift */,
			);
			path = RadioView;
			sourceTree = "<group>";
		};
		0941B50A2378827500994F67 /* Injection */ = {
			isa = PBXGroup;
			children = (
				0941B50B2378830400994F67 /* Configurator.swift */,
				09560820237F5596008206A1 /* InterfaceConfigurator.swift */,
				0941B50D2378834700994F67 /* GatewayConfigurator.swift */,
				0941B50F2378834F00994F67 /* InteractorConfigurator.swift */,
				099FFB7423947A2C005E1AD6 /* MapperConfigurator.swift */,
			);
			path = Injection;
			sourceTree = "<group>";
		};
		09560814237F4C9E008206A1 /* Entities */ = {
			isa = PBXGroup;
			children = (
				09560815237F4CB7008206A1 /* Track.swift */,
				09560817237F4D24008206A1 /* RadioDJ.swift */,
				09560819237F4F01008206A1 /* RadioStatus.swift */,
			);
			path = Entities;
			sourceTree = "<group>";
		};
		096E0B96237A07EC00024572 /* RemoteControl */ = {
			isa = PBXGroup;
			children = (
				096E0B9F237A08F800024572 /* Utilities */,
				09BD780B237E2527008950CD /* RemoteControlClient.swift */,
			);
			path = RemoteControl;
			sourceTree = "<group>";
		};
		096E0B9F237A08F800024572 /* Utilities */ = {
			isa = PBXGroup;
			children = (
				096E0B97237A07F300024572 /* RemoteControl.swift */,
				096E0B99237A089600024572 /* RemoteControlCommand.swift */,
				096E0B9B237A08A500024572 /* RemoteControlMetadata.swift */,
				096E0B9D237A08B500024572 /* RemoteControlError.swift */,
				09BD7808237E206D008950CD /* AppleLicense */,
			);
			path = Utilities;
			sourceTree = "<group>";
		};
		097C1E972378716F00A7A5AD = {
			isa = PBXGroup;
			children = (
				096DF2E4237A19740094AFB0 /* README.md */,
				097C1EA22378716F00A7A5AD /* Radio */,
				097C1ECB2378719700A7A5AD /* Radio-domain */,
				097C1EB92378717100A7A5AD /* RadioTests */,
				097C1ED82378719700A7A5AD /* Radio-domainTests */,
				097C1EA12378716F00A7A5AD /* Products */,
			);
			sourceTree = "<group>";
		};
		097C1EA12378716F00A7A5AD /* Products */ = {
			isa = PBXGroup;
			children = (
				097C1EA02378716F00A7A5AD /* Radio.app */,
				097C1EB62378717100A7A5AD /* RadioTests.xctest */,
				097C1ECA2378719700A7A5AD /* Radio_Domain.framework */,
				097C1ED22378719700A7A5AD /* Radio-DomainTests.xctest */,
			);
			name = Products;
			sourceTree = "<group>";
		};
		097C1EA22378716F00A7A5AD /* Radio */ = {
			isa = PBXGroup;
			children = (
				0941B4F82378774E00994F67 /* Resources */,
				0922E2C323A2FB5100EB00C8 /* Utilities */,
				0941B50A2378827500994F67 /* Injection */,
				0941B4F62378772400994F67 /* Interfaces */,
				09F8EB5823B8188900FE6E25 /* Modules */,
				097C1EA32378716F00A7A5AD /* AppDelegate.swift */,
				097C1EAB2378717000A7A5AD /* Preview Content */,
			);
			path = Radio;
			sourceTree = "<group>";
		};
		097C1EAB2378717000A7A5AD /* Preview Content */ = {
			isa = PBXGroup;
			children = (
				097C1EAC2378717000A7A5AD /* Preview Assets.xcassets */,
			);
			path = "Preview Content";
			sourceTree = "<group>";
		};
		097C1EB92378717100A7A5AD /* RadioTests */ = {
			isa = PBXGroup;
			children = (
				09BD781E237E30CA008950CD /* Interfaces */,
				097C1EBA2378717100A7A5AD /* radioTests.swift */,
				097C1EBC2378717100A7A5AD /* Info.plist */,
			);
			path = RadioTests;
			sourceTree = "<group>";
		};
		097C1ECB2378719700A7A5AD /* Radio-domain */ = {
			isa = PBXGroup;
			children = (
				099FFB71239468D9005E1AD6 /* Models */,
				09560814237F4C9E008206A1 /* Entities */,
				097C1EE8237871F500A7A5AD /* Architecture */,
				0941B4EF2378742300994F67 /* Gateways */,
				0941B4EC237873D800994F67 /* Use Cases */,
				097C1ECC2378719700A7A5AD /* radio_domain.h */,
				097C1ECD2378719700A7A5AD /* Info.plist */,
			);
			path = "Radio-domain";
			sourceTree = "<group>";
		};
		097C1ED82378719700A7A5AD /* Radio-domainTests */ = {
			isa = PBXGroup;
			children = (
				097C1ED92378719700A7A5AD /* radio_domainTests.swift */,
				097C1EDB2378719700A7A5AD /* Info.plist */,
			);
			path = "Radio-domainTests";
			sourceTree = "<group>";
		};
		097C1EE8237871F500A7A5AD /* Architecture */ = {
			isa = PBXGroup;
			children = (
				097C1EE92378720100A7A5AD /* Interactor.swift */,
				0941B4F42378768900994F67 /* GatewayError.swift */,
			);
			path = Architecture;
			sourceTree = "<group>";
		};
		099FFB71239468D9005E1AD6 /* Models */ = {
			isa = PBXGroup;
			children = (
				099FFB72239468E6005E1AD6 /* RadioDetailedModel.swift */,
				09FDBE73237E03C3001E34DE /* PlaybackInfo.swift */,
			);
			path = Models;
			sourceTree = "<group>";
		};
		099FFB7623947AD2005E1AD6 /* Mappers */ = {
			isa = PBXGroup;
			children = (
				099FFB6F239431D5005E1AD6 /* RadioMapper.swift */,
			);
			path = Mappers;
			sourceTree = "<group>";
		};
		09BD780A237E20FB008950CD /* Utilities */ = {
			isa = PBXGroup;
			children = (
			);
			path = Utilities;
			sourceTree = "<group>";
		};
		09BD780D237E2BD2008950CD /* Network */ = {
			isa = PBXGroup;
			children = (
				09BD7817237E2D65008950CD /* Requests */,
				09BD780F237E2BDE008950CD /* FakeNetwork */,
				09BD780E237E2BD9008950CD /* URLSession */,
				09BD7810237E2C01008950CD /* NetworkDispatcher.swift */,
				09BD7812237E2C5A008950CD /* APIRequest.swift */,
			);
			path = Network;
			sourceTree = "<group>";
		};
		09BD780E237E2BD9008950CD /* URLSession */ = {
			isa = PBXGroup;
			children = (
				0906958223A300E800CF0398 /* NetworkManager.swift */,
				0906958323A300E800CF0398 /* RequestHandler.swift */,
				0906958423A300E800CF0398 /* ResponseHandler.swift */,
				0906958823A304BE00CF0398 /* URLSessionClient.swift */,
			);
			path = URLSession;
			sourceTree = "<group>";
		};
		09BD780F237E2BDE008950CD /* FakeNetwork */ = {
			isa = PBXGroup;
			children = (
				09BD7816237E2D5E008950CD /* Data */,
				09BD7814237E2CED008950CD /* FakeNetworkClient.swift */,
			);
			path = FakeNetwork;
			sourceTree = "<group>";
		};
		09BD7816237E2D5E008950CD /* Data */ = {
			isa = PBXGroup;
			children = (
				09BD781C237E2DBB008950CD /* RadioMainAPIFake.json */,
			);
			path = Data;
			sourceTree = "<group>";
		};
		09BD7817237E2D65008950CD /* Requests */ = {
			isa = PBXGroup;
			children = (
				09BD7818237E2D77008950CD /* RadioMainAPI.swift */,
				09BD781A237E2D9B008950CD /* RadioMainAPIResponseModel.swift */,
			);
			path = Requests;
			sourceTree = "<group>";
		};
		09BD781E237E30CA008950CD /* Interfaces */ = {
			isa = PBXGroup;
			children = (
				093E6A6223B77F5E00578C99 /* Mappers */,
				09BD781F237E30D0008950CD /* Network */,
			);
			path = Interfaces;
			sourceTree = "<group>";
		};
		09BD781F237E30D0008950CD /* Network */ = {
			isa = PBXGroup;
			children = (
				09BD7820237E30D5008950CD /* FakeNetwork */,
			);
			path = Network;
			sourceTree = "<group>";
		};
		09BD7820237E30D5008950CD /* FakeNetwork */ = {
			isa = PBXGroup;
			children = (
				09BD7823237E30FB008950CD /* RadioMainAPITests.swift */,
			);
			path = FakeNetwork;
			sourceTree = "<group>";
		};
		09F8EB5723B8186000FE6E25 /* Gateway Implementations */ = {
			isa = PBXGroup;
			children = (
				0956081E237F5413008206A1 /* RadioGatewayImp.swift */,
				0941B4FA2378779400994F67 /* AVGatewayImp.swift */,
			);
			path = "Gateway Implementations";
			sourceTree = "<group>";
		};
		09F8EB5823B8188900FE6E25 /* Modules */ = {
			isa = PBXGroup;
			children = (
				09F8EB5723B8186000FE6E25 /* Gateway Implementations */,
				099FFB7623947AD2005E1AD6 /* Mappers */,
				09BD780D237E2BD2008950CD /* Network */,
				096E0B96237A07EC00024572 /* RemoteControl */,
				0941B4F92378778B00994F67 /* AVFoundation */,
			);
			path = Modules;
			sourceTree = "<group>";
		};
		09F8EB5923B8189D00FE6E25 /* MediaPlayer */ = {
			isa = PBXGroup;
			children = (
				09F8EB5A23B818D700FE6E25 /* MediaPlayerInterface.swift */,
				09F8EB6023B8244F00FE6E25 /* MediaPlayerConfigurator.swift */,
				09F8A10D23B83E5500D95643 /* ArtworkHandler.swift */,
			);
			path = MediaPlayer;
			sourceTree = "<group>";
		};
/* End PBXGroup section */

/* Begin PBXHeadersBuildPhase section */
		097C1EC52378719700A7A5AD /* Headers */ = {
			isa = PBXHeadersBuildPhase;
			buildActionMask = 2147483647;
			files = (
				097C1EDC2378719700A7A5AD /* radio_domain.h in Headers */,
			);
			runOnlyForDeploymentPostprocessing = 0;
		};
/* End PBXHeadersBuildPhase section */

/* Begin PBXNativeTarget section */
		097C1E9F2378716F00A7A5AD /* Radio */ = {
			isa = PBXNativeTarget;
			buildConfigurationList = 097C1EBF2378717100A7A5AD /* Build configuration list for PBXNativeTarget "Radio" */;
			buildPhases = (
				097C1E9C2378716F00A7A5AD /* Sources */,
				097C1E9D2378716F00A7A5AD /* Frameworks */,
				097C1E9E2378716F00A7A5AD /* Resources */,
				097C1EE42378719700A7A5AD /* Embed Frameworks */,
			);
			buildRules = (
			);
			dependencies = (
				097C1EDE2378719700A7A5AD /* PBXTargetDependency */,
			);
			name = Radio;
			packageProductDependencies = (
				0941B5082378823F00994F67 /* Swinject */,
				093E6A6923B7931A00578C99 /* KingfisherSwiftUI */,
			);
			productName = radio;
			productReference = 097C1EA02378716F00A7A5AD /* Radio.app */;
			productType = "com.apple.product-type.application";
		};
		097C1EB52378717100A7A5AD /* RadioTests */ = {
			isa = PBXNativeTarget;
			buildConfigurationList = 097C1EC22378717100A7A5AD /* Build configuration list for PBXNativeTarget "RadioTests" */;
			buildPhases = (
				097C1EB22378717100A7A5AD /* Sources */,
				097C1EB32378717100A7A5AD /* Frameworks */,
				097C1EB42378717100A7A5AD /* Resources */,
			);
			buildRules = (
			);
			dependencies = (
				097C1EB82378717100A7A5AD /* PBXTargetDependency */,
			);
			name = RadioTests;
			productName = radioTests;
			productReference = 097C1EB62378717100A7A5AD /* RadioTests.xctest */;
			productType = "com.apple.product-type.bundle.unit-test";
		};
		097C1EC92378719700A7A5AD /* Radio-Domain */ = {
			isa = PBXNativeTarget;
			buildConfigurationList = 097C1EE12378719700A7A5AD /* Build configuration list for PBXNativeTarget "Radio-Domain" */;
			buildPhases = (
				097C1EC52378719700A7A5AD /* Headers */,
				097C1EC62378719700A7A5AD /* Sources */,
				097C1EC72378719700A7A5AD /* Frameworks */,
				097C1EC82378719700A7A5AD /* Resources */,
			);
			buildRules = (
			);
			dependencies = (
			);
			name = "Radio-Domain";
			productName = "radio-domain";
			productReference = 097C1ECA2378719700A7A5AD /* Radio_Domain.framework */;
			productType = "com.apple.product-type.framework";
		};
		097C1ED12378719700A7A5AD /* Radio-DomainTests */ = {
			isa = PBXNativeTarget;
			buildConfigurationList = 097C1EE52378719700A7A5AD /* Build configuration list for PBXNativeTarget "Radio-DomainTests" */;
			buildPhases = (
				097C1ECE2378719700A7A5AD /* Sources */,
				097C1ECF2378719700A7A5AD /* Frameworks */,
				097C1ED02378719700A7A5AD /* Resources */,
			);
			buildRules = (
			);
			dependencies = (
				097C1ED52378719700A7A5AD /* PBXTargetDependency */,
				097C1ED72378719700A7A5AD /* PBXTargetDependency */,
			);
			name = "Radio-DomainTests";
			productName = "radio-domainTests";
			productReference = 097C1ED22378719700A7A5AD /* Radio-DomainTests.xctest */;
			productType = "com.apple.product-type.bundle.unit-test";
		};
/* End PBXNativeTarget section */

/* Begin PBXProject section */
		097C1E982378716F00A7A5AD /* Project object */ = {
			isa = PBXProject;
			attributes = {
				LastSwiftUpdateCheck = 1100;
				LastUpgradeCheck = 1100;
				ORGANIZATIONNAME = RKM;
				TargetAttributes = {
					097C1E9F2378716F00A7A5AD = {
						CreatedOnToolsVersion = 11.0;
					};
					097C1EB52378717100A7A5AD = {
						CreatedOnToolsVersion = 11.0;
						TestTargetID = 097C1E9F2378716F00A7A5AD;
					};
					097C1EC92378719700A7A5AD = {
						CreatedOnToolsVersion = 11.0;
						LastSwiftMigration = 1100;
					};
					097C1ED12378719700A7A5AD = {
						CreatedOnToolsVersion = 11.0;
						TestTargetID = 097C1E9F2378716F00A7A5AD;
					};
				};
			};
			buildConfigurationList = 097C1E9B2378716F00A7A5AD /* Build configuration list for PBXProject "Radio" */;
			compatibilityVersion = "Xcode 9.3";
			developmentRegion = en;
			hasScannedForEncodings = 0;
			knownRegions = (
				en,
				Base,
			);
			mainGroup = 097C1E972378716F00A7A5AD;
			packageReferences = (
				0941B5072378823F00994F67 /* XCRemoteSwiftPackageReference "Swinject" */,
				093E6A6823B7931A00578C99 /* XCRemoteSwiftPackageReference "Kingfisher" */,
			);
			productRefGroup = 097C1EA12378716F00A7A5AD /* Products */;
			projectDirPath = "";
			projectRoot = "";
			targets = (
				097C1E9F2378716F00A7A5AD /* Radio */,
				097C1EB52378717100A7A5AD /* RadioTests */,
				097C1EC92378719700A7A5AD /* Radio-Domain */,
				097C1ED12378719700A7A5AD /* Radio-DomainTests */,
			);
		};
/* End PBXProject section */

/* Begin PBXResourcesBuildPhase section */
		097C1E9E2378716F00A7A5AD /* Resources */ = {
			isa = PBXResourcesBuildPhase;
			buildActionMask = 2147483647;
			files = (
				09BD7809237E206D008950CD /* AppleLicense in Resources */,
				097C1EB02378717000A7A5AD /* LaunchScreen.storyboard in Resources */,
				09BD781D237E2DBB008950CD /* RadioMainAPIFake.json in Resources */,
				0941B50223787EC400994F67 /* Localizable.strings in Resources */,
				097C1EAD2378717000A7A5AD /* Preview Assets.xcassets in Resources */,
				097C1EAA2378717000A7A5AD /* Assets.xcassets in Resources */,
			);
			runOnlyForDeploymentPostprocessing = 0;
		};
		097C1EB42378717100A7A5AD /* Resources */ = {
			isa = PBXResourcesBuildPhase;
			buildActionMask = 2147483647;
			files = (
			);
			runOnlyForDeploymentPostprocessing = 0;
		};
		097C1EC82378719700A7A5AD /* Resources */ = {
			isa = PBXResourcesBuildPhase;
			buildActionMask = 2147483647;
			files = (
			);
			runOnlyForDeploymentPostprocessing = 0;
		};
		097C1ED02378719700A7A5AD /* Resources */ = {
			isa = PBXResourcesBuildPhase;
			buildActionMask = 2147483647;
			files = (
			);
			runOnlyForDeploymentPostprocessing = 0;
		};
/* End PBXResourcesBuildPhase section */

/* Begin PBXSourcesBuildPhase section */
		097C1E9C2378716F00A7A5AD /* Sources */ = {
			isa = PBXSourcesBuildPhase;
			buildActionMask = 2147483647;
			files = (
				093E6A6C23B79D5900578C99 /* DJView.swift in Sources */,
				099FFB7523947A2C005E1AD6 /* MapperConfigurator.swift in Sources */,
				09BD7811237E2C01008950CD /* NetworkDispatcher.swift in Sources */,
				09F8EB6123B8244F00FE6E25 /* MediaPlayerConfigurator.swift in Sources */,
				0922E2C523A2FB5A00EB00C8 /* DateExtensions.swift in Sources */,
				0906958923A304BE00CF0398 /* URLSessionClient.swift in Sources */,
				0941B5102378834F00994F67 /* InteractorConfigurator.swift in Sources */,
				09F8A10E23B83E5500D95643 /* ArtworkHandler.swift in Sources */,
				0941B4FB2378779400994F67 /* AVGatewayImp.swift in Sources */,
				0941B50E2378834700994F67 /* GatewayConfigurator.swift in Sources */,
				0922E2C223A2FA2A00EB00C8 /* TrackViewModel.swift in Sources */,
				097C1EA42378716F00A7A5AD /* AppDelegate.swift in Sources */,
				09D49EE723B8E71C00BCC62D /* CurrentTrackViewModel.swift in Sources */,
				09560821237F5596008206A1 /* InterfaceConfigurator.swift in Sources */,
				099FFB70239431D5005E1AD6 /* RadioMapper.swift in Sources */,
				097C1EA62378716F00A7A5AD /* SceneDelegate.swift in Sources */,
				0956081F237F5413008206A1 /* RadioGatewayImp.swift in Sources */,
				097C1EA82378716F00A7A5AD /* MainTabsView.swift in Sources */,
				0941B50C2378830400994F67 /* Configurator.swift in Sources */,
				09BD781B237E2D9B008950CD /* RadioMainAPIResponseModel.swift in Sources */,
				09F8A11423B853FC00D95643 /* SeekBarView.swift in Sources */,
				099FFB73239468E6005E1AD6 /* RadioDetailedModel.swift in Sources */,
				096E0B9A237A089600024572 /* RemoteControlCommand.swift in Sources */,
				09BD7815237E2CED008950CD /* FakeNetworkClient.swift in Sources */,
				096E0B9E237A08B500024572 /* RemoteControlError.swift in Sources */,
				0906958523A300E800CF0398 /* NetworkManager.swift in Sources */,
				09BD780C237E2527008950CD /* RemoteControlClient.swift in Sources */,
				096E0B98237A07F300024572 /* RemoteControl.swift in Sources */,
				0941B5062378800C00994F67 /* RadioPresenter.swift in Sources */,
				0941B512237883E800994F67 /* RadioConfigurator.swift in Sources */,
				0906958723A300E800CF0398 /* ResponseHandler.swift in Sources */,
				093E6A6E23B79E0000578C99 /* DJViewModel.swift in Sources */,
				0941B4FF23787D4A00994F67 /* RadioView.swift in Sources */,
				09F8EB5B23B818D700FE6E25 /* MediaPlayerInterface.swift in Sources */,
				0906958623A300E800CF0398 /* RequestHandler.swift in Sources */,
				096E0B9C237A08A500024572 /* RemoteControlMetadata.swift in Sources */,
				09BD7813237E2C5A008950CD /* APIRequest.swift in Sources */,
				0990B7AF2378F8E100C213B7 /* AVClient.swift in Sources */,
				09BD7819237E2D77008950CD /* RadioMainAPI.swift in Sources */,
				09F8A11623B854AE00D95643 /* ProgressBar.swift in Sources */,
				0922E2BF23A2F8DC00EB00C8 /* TrackView.swift in Sources */,
			);
			runOnlyForDeploymentPostprocessing = 0;
		};
		097C1EB22378717100A7A5AD /* Sources */ = {
			isa = PBXSourcesBuildPhase;
			buildActionMask = 2147483647;
			files = (
				093E6A6423B77F7000578C99 /* RadioMapperTests.swift in Sources */,
				097C1EBB2378717100A7A5AD /* radioTests.swift in Sources */,
				09BD7824237E30FB008950CD /* RadioMainAPITests.swift in Sources */,
			);
			runOnlyForDeploymentPostprocessing = 0;
		};
		097C1EC62378719700A7A5AD /* Sources */ = {
			isa = PBXSourcesBuildPhase;
			buildActionMask = 2147483647;
			files = (
				09F8EB5F23B81FC500FE6E25 /* PlaybackInfo.swift in Sources */,
				0922E2B523A2EC0E00EB00C8 /* GetSongQueueInteractor.swift in Sources */,
				0941B4F32378746D00994F67 /* StopRadioInteractor.swift in Sources */,
				093E6A6723B783BC00578C99 /* GetLastPlayedInteractor.swift in Sources */,
				0922E2B623A2EC1400EB00C8 /* GetCurrentTrackInteractor.swift in Sources */,
				0941B4F12378744200994F67 /* AVGateway.swift in Sources */,
				0941B4EE237873E400994F67 /* PlayRadioInteractor.swift in Sources */,
				093E6A7123B7A1ED00578C99 /* GetDJInteractor.swift in Sources */,
				0922E2BA23A2EC3400EB00C8 /* RadioStatus.swift in Sources */,
				0922E2B923A2EC3000EB00C8 /* RadioDJ.swift in Sources */,
				09F8EB5E23B81F8500FE6E25 /* GetPlaybackInfoInteractor.swift in Sources */,
				093E6A7423B7AEDB00578C99 /* GetCurrentStatusInteractor.swift in Sources */,
				0922E2B823A2EC2900EB00C8 /* Track.swift in Sources */,
				0941B4F52378768900994F67 /* GatewayError.swift in Sources */,
				0922E2B723A2EC2100EB00C8 /* RadioGateway.swift in Sources */,
				097C1EEA2378720100A7A5AD /* Interactor.swift in Sources */,
			);
			runOnlyForDeploymentPostprocessing = 0;
		};
		097C1ECE2378719700A7A5AD /* Sources */ = {
			isa = PBXSourcesBuildPhase;
			buildActionMask = 2147483647;
			files = (
				097C1EDA2378719700A7A5AD /* radio_domainTests.swift in Sources */,
			);
			runOnlyForDeploymentPostprocessing = 0;
		};
/* End PBXSourcesBuildPhase section */

/* Begin PBXTargetDependency section */
		097C1EB82378717100A7A5AD /* PBXTargetDependency */ = {
			isa = PBXTargetDependency;
			target = 097C1E9F2378716F00A7A5AD /* Radio */;
			targetProxy = 097C1EB72378717100A7A5AD /* PBXContainerItemProxy */;
		};
		097C1ED52378719700A7A5AD /* PBXTargetDependency */ = {
			isa = PBXTargetDependency;
			target = 097C1EC92378719700A7A5AD /* Radio-Domain */;
			targetProxy = 097C1ED42378719700A7A5AD /* PBXContainerItemProxy */;
		};
		097C1ED72378719700A7A5AD /* PBXTargetDependency */ = {
			isa = PBXTargetDependency;
			target = 097C1E9F2378716F00A7A5AD /* Radio */;
			targetProxy = 097C1ED62378719700A7A5AD /* PBXContainerItemProxy */;
		};
		097C1EDE2378719700A7A5AD /* PBXTargetDependency */ = {
			isa = PBXTargetDependency;
			target = 097C1EC92378719700A7A5AD /* Radio-Domain */;
			targetProxy = 097C1EDD2378719700A7A5AD /* PBXContainerItemProxy */;
		};
/* End PBXTargetDependency section */

/* Begin PBXVariantGroup section */
		0941B50423787EC400994F67 /* Localizable.strings */ = {
			isa = PBXVariantGroup;
			children = (
				0941B50323787EC400994F67 /* en */,
			);
			name = Localizable.strings;
			sourceTree = "<group>";
		};
		097C1EAE2378717000A7A5AD /* LaunchScreen.storyboard */ = {
			isa = PBXVariantGroup;
			children = (
				097C1EAF2378717000A7A5AD /* Base */,
			);
			name = LaunchScreen.storyboard;
			sourceTree = "<group>";
		};
/* End PBXVariantGroup section */

/* Begin XCBuildConfiguration section */
		097C1EBD2378717100A7A5AD /* Debug */ = {
			isa = XCBuildConfiguration;
			buildSettings = {
				ALWAYS_SEARCH_USER_PATHS = NO;
				CLANG_ANALYZER_NONNULL = YES;
				CLANG_ANALYZER_NUMBER_OBJECT_CONVERSION = YES_AGGRESSIVE;
				CLANG_CXX_LANGUAGE_STANDARD = "gnu++14";
				CLANG_CXX_LIBRARY = "libc++";
				CLANG_ENABLE_MODULES = YES;
				CLANG_ENABLE_OBJC_ARC = YES;
				CLANG_ENABLE_OBJC_WEAK = YES;
				CLANG_WARN_BLOCK_CAPTURE_AUTORELEASING = YES;
				CLANG_WARN_BOOL_CONVERSION = YES;
				CLANG_WARN_COMMA = YES;
				CLANG_WARN_CONSTANT_CONVERSION = YES;
				CLANG_WARN_DEPRECATED_OBJC_IMPLEMENTATIONS = YES;
				CLANG_WARN_DIRECT_OBJC_ISA_USAGE = YES_ERROR;
				CLANG_WARN_DOCUMENTATION_COMMENTS = YES;
				CLANG_WARN_EMPTY_BODY = YES;
				CLANG_WARN_ENUM_CONVERSION = YES;
				CLANG_WARN_INFINITE_RECURSION = YES;
				CLANG_WARN_INT_CONVERSION = YES;
				CLANG_WARN_NON_LITERAL_NULL_CONVERSION = YES;
				CLANG_WARN_OBJC_IMPLICIT_RETAIN_SELF = YES;
				CLANG_WARN_OBJC_LITERAL_CONVERSION = YES;
				CLANG_WARN_OBJC_ROOT_CLASS = YES_ERROR;
				CLANG_WARN_RANGE_LOOP_ANALYSIS = YES;
				CLANG_WARN_STRICT_PROTOTYPES = YES;
				CLANG_WARN_SUSPICIOUS_MOVE = YES;
				CLANG_WARN_UNGUARDED_AVAILABILITY = YES_AGGRESSIVE;
				CLANG_WARN_UNREACHABLE_CODE = YES;
				CLANG_WARN__DUPLICATE_METHOD_MATCH = YES;
				COPY_PHASE_STRIP = NO;
				DEBUG_INFORMATION_FORMAT = dwarf;
				ENABLE_STRICT_OBJC_MSGSEND = YES;
				ENABLE_TESTABILITY = YES;
				GCC_C_LANGUAGE_STANDARD = gnu11;
				GCC_DYNAMIC_NO_PIC = NO;
				GCC_NO_COMMON_BLOCKS = YES;
				GCC_OPTIMIZATION_LEVEL = 0;
				GCC_PREPROCESSOR_DEFINITIONS = (
					"DEBUG=1",
					"$(inherited)",
				);
				GCC_WARN_64_TO_32_BIT_CONVERSION = YES;
				GCC_WARN_ABOUT_RETURN_TYPE = YES_ERROR;
				GCC_WARN_UNDECLARED_SELECTOR = YES;
				GCC_WARN_UNINITIALIZED_AUTOS = YES_AGGRESSIVE;
				GCC_WARN_UNUSED_FUNCTION = YES;
				GCC_WARN_UNUSED_VARIABLE = YES;
				IPHONEOS_DEPLOYMENT_TARGET = 13.0;
				MTL_ENABLE_DEBUG_INFO = INCLUDE_SOURCE;
				MTL_FAST_MATH = YES;
				ONLY_ACTIVE_ARCH = YES;
				SDKROOT = iphoneos;
				SWIFT_ACTIVE_COMPILATION_CONDITIONS = DEBUG;
				SWIFT_OPTIMIZATION_LEVEL = "-Onone";
			};
			name = Debug;
		};
		097C1EBE2378717100A7A5AD /* Release */ = {
			isa = XCBuildConfiguration;
			buildSettings = {
				ALWAYS_SEARCH_USER_PATHS = NO;
				CLANG_ANALYZER_NONNULL = YES;
				CLANG_ANALYZER_NUMBER_OBJECT_CONVERSION = YES_AGGRESSIVE;
				CLANG_CXX_LANGUAGE_STANDARD = "gnu++14";
				CLANG_CXX_LIBRARY = "libc++";
				CLANG_ENABLE_MODULES = YES;
				CLANG_ENABLE_OBJC_ARC = YES;
				CLANG_ENABLE_OBJC_WEAK = YES;
				CLANG_WARN_BLOCK_CAPTURE_AUTORELEASING = YES;
				CLANG_WARN_BOOL_CONVERSION = YES;
				CLANG_WARN_COMMA = YES;
				CLANG_WARN_CONSTANT_CONVERSION = YES;
				CLANG_WARN_DEPRECATED_OBJC_IMPLEMENTATIONS = YES;
				CLANG_WARN_DIRECT_OBJC_ISA_USAGE = YES_ERROR;
				CLANG_WARN_DOCUMENTATION_COMMENTS = YES;
				CLANG_WARN_EMPTY_BODY = YES;
				CLANG_WARN_ENUM_CONVERSION = YES;
				CLANG_WARN_INFINITE_RECURSION = YES;
				CLANG_WARN_INT_CONVERSION = YES;
				CLANG_WARN_NON_LITERAL_NULL_CONVERSION = YES;
				CLANG_WARN_OBJC_IMPLICIT_RETAIN_SELF = YES;
				CLANG_WARN_OBJC_LITERAL_CONVERSION = YES;
				CLANG_WARN_OBJC_ROOT_CLASS = YES_ERROR;
				CLANG_WARN_RANGE_LOOP_ANALYSIS = YES;
				CLANG_WARN_STRICT_PROTOTYPES = YES;
				CLANG_WARN_SUSPICIOUS_MOVE = YES;
				CLANG_WARN_UNGUARDED_AVAILABILITY = YES_AGGRESSIVE;
				CLANG_WARN_UNREACHABLE_CODE = YES;
				CLANG_WARN__DUPLICATE_METHOD_MATCH = YES;
				COPY_PHASE_STRIP = NO;
				DEBUG_INFORMATION_FORMAT = "dwarf-with-dsym";
				ENABLE_NS_ASSERTIONS = NO;
				ENABLE_STRICT_OBJC_MSGSEND = YES;
				GCC_C_LANGUAGE_STANDARD = gnu11;
				GCC_NO_COMMON_BLOCKS = YES;
				GCC_WARN_64_TO_32_BIT_CONVERSION = YES;
				GCC_WARN_ABOUT_RETURN_TYPE = YES_ERROR;
				GCC_WARN_UNDECLARED_SELECTOR = YES;
				GCC_WARN_UNINITIALIZED_AUTOS = YES_AGGRESSIVE;
				GCC_WARN_UNUSED_FUNCTION = YES;
				GCC_WARN_UNUSED_VARIABLE = YES;
				IPHONEOS_DEPLOYMENT_TARGET = 13.0;
				MTL_ENABLE_DEBUG_INFO = NO;
				MTL_FAST_MATH = YES;
				SDKROOT = iphoneos;
				SWIFT_COMPILATION_MODE = wholemodule;
				SWIFT_OPTIMIZATION_LEVEL = "-O";
				VALIDATE_PRODUCT = YES;
			};
			name = Release;
		};
		097C1EC02378717100A7A5AD /* Debug */ = {
			isa = XCBuildConfiguration;
			buildSettings = {
				ALWAYS_EMBED_SWIFT_STANDARD_LIBRARIES = YES;
				ASSETCATALOG_COMPILER_APPICON_NAME = AppIcon;
				CODE_SIGN_STYLE = Automatic;
				DEAD_CODE_STRIPPING = NO;
				DEBUG_INFORMATION_FORMAT = "dwarf-with-dsym";
				DEVELOPMENT_ASSET_PATHS = "";
				DEVELOPMENT_TEAM = 5CPHJKX2SV;
				ENABLE_PREVIEWS = YES;
				INFOPLIST_FILE = Radio/Resources/Info.plist;
				LD_RUNPATH_SEARCH_PATHS = (
					"$(inherited)",
					"@executable_path/Frameworks",
				);
				PRODUCT_BUNDLE_IDENTIFIER = "com.rkm.r-a-dio";
				PRODUCT_NAME = "$(TARGET_NAME)";
				SWIFT_VERSION = 5.0;
				TARGETED_DEVICE_FAMILY = "1,2";
			};
			name = Debug;
		};
		097C1EC12378717100A7A5AD /* Release */ = {
			isa = XCBuildConfiguration;
			buildSettings = {
				ALWAYS_EMBED_SWIFT_STANDARD_LIBRARIES = YES;
				ASSETCATALOG_COMPILER_APPICON_NAME = AppIcon;
				CODE_SIGN_STYLE = Automatic;
				DEAD_CODE_STRIPPING = NO;
				DEVELOPMENT_ASSET_PATHS = "";
				DEVELOPMENT_TEAM = 5CPHJKX2SV;
				ENABLE_PREVIEWS = YES;
				INFOPLIST_FILE = Radio/Resources/Info.plist;
				LD_RUNPATH_SEARCH_PATHS = (
					"$(inherited)",
					"@executable_path/Frameworks",
				);
				PRODUCT_BUNDLE_IDENTIFIER = "com.rkm.r-a-dio";
				PRODUCT_NAME = "$(TARGET_NAME)";
				SWIFT_VERSION = 5.0;
				TARGETED_DEVICE_FAMILY = "1,2";
			};
			name = Release;
		};
		097C1EC32378717100A7A5AD /* Debug */ = {
			isa = XCBuildConfiguration;
			buildSettings = {
				ALWAYS_EMBED_SWIFT_STANDARD_LIBRARIES = YES;
				BUNDLE_LOADER = "$(TEST_HOST)";
				CODE_SIGN_STYLE = Automatic;
				DEVELOPMENT_TEAM = D5C75HG392;
				INFOPLIST_FILE = RadioTests/Info.plist;
				IPHONEOS_DEPLOYMENT_TARGET = 13.0;
				LD_RUNPATH_SEARCH_PATHS = (
					"$(inherited)",
					"@executable_path/Frameworks",
					"@loader_path/Frameworks",
				);
				PRODUCT_BUNDLE_IDENTIFIER = com.rkm.radioTests;
				PRODUCT_NAME = "$(TARGET_NAME)";
				SWIFT_VERSION = 5.0;
				TARGETED_DEVICE_FAMILY = "1,2";
				TEST_HOST = "$(BUILT_PRODUCTS_DIR)/Radio.app/Radio";
			};
			name = Debug;
		};
		097C1EC42378717100A7A5AD /* Release */ = {
			isa = XCBuildConfiguration;
			buildSettings = {
				ALWAYS_EMBED_SWIFT_STANDARD_LIBRARIES = YES;
				BUNDLE_LOADER = "$(TEST_HOST)";
				CODE_SIGN_STYLE = Automatic;
				DEVELOPMENT_TEAM = D5C75HG392;
				INFOPLIST_FILE = RadioTests/Info.plist;
				IPHONEOS_DEPLOYMENT_TARGET = 13.0;
				LD_RUNPATH_SEARCH_PATHS = (
					"$(inherited)",
					"@executable_path/Frameworks",
					"@loader_path/Frameworks",
				);
				PRODUCT_BUNDLE_IDENTIFIER = com.rkm.radioTests;
				PRODUCT_NAME = "$(TARGET_NAME)";
				SWIFT_VERSION = 5.0;
				TARGETED_DEVICE_FAMILY = "1,2";
				TEST_HOST = "$(BUILT_PRODUCTS_DIR)/Radio.app/Radio";
			};
			name = Release;
		};
		097C1EE22378719700A7A5AD /* Debug */ = {
			isa = XCBuildConfiguration;
			buildSettings = {
				CLANG_ENABLE_MODULES = YES;
				CODE_SIGN_STYLE = Automatic;
				CURRENT_PROJECT_VERSION = 1;
				DEFINES_MODULE = YES;
				DEVELOPMENT_TEAM = D5C75HG392;
				DYLIB_COMPATIBILITY_VERSION = 1;
				DYLIB_CURRENT_VERSION = 1;
				DYLIB_INSTALL_NAME_BASE = "@rpath";
				INFOPLIST_FILE = "Radio-domain/Info.plist";
				INSTALL_PATH = "$(LOCAL_LIBRARY_DIR)/Frameworks";
				LD_RUNPATH_SEARCH_PATHS = (
					"$(inherited)",
					"@executable_path/Frameworks",
					"@loader_path/Frameworks",
				);
				PRODUCT_BUNDLE_IDENTIFIER = "com.rkm.radio-domain";
				PRODUCT_NAME = "$(TARGET_NAME:c99extidentifier)";
				SKIP_INSTALL = YES;
				SWIFT_OPTIMIZATION_LEVEL = "-Onone";
				SWIFT_VERSION = 5.0;
				TARGETED_DEVICE_FAMILY = "1,2";
				VERSIONING_SYSTEM = "apple-generic";
				VERSION_INFO_PREFIX = "";
			};
			name = Debug;
		};
		097C1EE32378719700A7A5AD /* Release */ = {
			isa = XCBuildConfiguration;
			buildSettings = {
				CLANG_ENABLE_MODULES = YES;
				CODE_SIGN_STYLE = Automatic;
				CURRENT_PROJECT_VERSION = 1;
				DEFINES_MODULE = YES;
				DEVELOPMENT_TEAM = D5C75HG392;
				DYLIB_COMPATIBILITY_VERSION = 1;
				DYLIB_CURRENT_VERSION = 1;
				DYLIB_INSTALL_NAME_BASE = "@rpath";
				INFOPLIST_FILE = "Radio-domain/Info.plist";
				INSTALL_PATH = "$(LOCAL_LIBRARY_DIR)/Frameworks";
				LD_RUNPATH_SEARCH_PATHS = (
					"$(inherited)",
					"@executable_path/Frameworks",
					"@loader_path/Frameworks",
				);
				PRODUCT_BUNDLE_IDENTIFIER = "com.rkm.radio-domain";
				PRODUCT_NAME = "$(TARGET_NAME:c99extidentifier)";
				SKIP_INSTALL = YES;
				SWIFT_VERSION = 5.0;
				TARGETED_DEVICE_FAMILY = "1,2";
				VERSIONING_SYSTEM = "apple-generic";
				VERSION_INFO_PREFIX = "";
			};
			name = Release;
		};
		097C1EE62378719700A7A5AD /* Debug */ = {
			isa = XCBuildConfiguration;
			buildSettings = {
				ALWAYS_EMBED_SWIFT_STANDARD_LIBRARIES = YES;
				CODE_SIGN_STYLE = Automatic;
				DEVELOPMENT_TEAM = D5C75HG392;
				INFOPLIST_FILE = "Radio-domainTests/Info.plist";
				LD_RUNPATH_SEARCH_PATHS = (
					"$(inherited)",
					"@executable_path/Frameworks",
					"@loader_path/Frameworks",
				);
				PRODUCT_BUNDLE_IDENTIFIER = "com.rkm.radio-domainTests";
				PRODUCT_NAME = "$(TARGET_NAME)";
				SWIFT_VERSION = 5.0;
				TARGETED_DEVICE_FAMILY = "1,2";
				TEST_HOST = "$(BUILT_PRODUCTS_DIR)/Radio.app/Radio";
			};
			name = Debug;
		};
		097C1EE72378719700A7A5AD /* Release */ = {
			isa = XCBuildConfiguration;
			buildSettings = {
				ALWAYS_EMBED_SWIFT_STANDARD_LIBRARIES = YES;
				CODE_SIGN_STYLE = Automatic;
				DEVELOPMENT_TEAM = D5C75HG392;
				INFOPLIST_FILE = "Radio-domainTests/Info.plist";
				LD_RUNPATH_SEARCH_PATHS = (
					"$(inherited)",
					"@executable_path/Frameworks",
					"@loader_path/Frameworks",
				);
				PRODUCT_BUNDLE_IDENTIFIER = "com.rkm.radio-domainTests";
				PRODUCT_NAME = "$(TARGET_NAME)";
				SWIFT_VERSION = 5.0;
				TARGETED_DEVICE_FAMILY = "1,2";
				TEST_HOST = "$(BUILT_PRODUCTS_DIR)/Radio.app/Radio";
			};
			name = Release;
		};
/* End XCBuildConfiguration section */

/* Begin XCConfigurationList section */
		097C1E9B2378716F00A7A5AD /* Build configuration list for PBXProject "Radio" */ = {
			isa = XCConfigurationList;
			buildConfigurations = (
				097C1EBD2378717100A7A5AD /* Debug */,
				097C1EBE2378717100A7A5AD /* Release */,
			);
			defaultConfigurationIsVisible = 0;
			defaultConfigurationName = Release;
		};
		097C1EBF2378717100A7A5AD /* Build configuration list for PBXNativeTarget "Radio" */ = {
			isa = XCConfigurationList;
			buildConfigurations = (
				097C1EC02378717100A7A5AD /* Debug */,
				097C1EC12378717100A7A5AD /* Release */,
			);
			defaultConfigurationIsVisible = 0;
			defaultConfigurationName = Release;
		};
		097C1EC22378717100A7A5AD /* Build configuration list for PBXNativeTarget "RadioTests" */ = {
			isa = XCConfigurationList;
			buildConfigurations = (
				097C1EC32378717100A7A5AD /* Debug */,
				097C1EC42378717100A7A5AD /* Release */,
			);
			defaultConfigurationIsVisible = 0;
			defaultConfigurationName = Release;
		};
		097C1EE12378719700A7A5AD /* Build configuration list for PBXNativeTarget "Radio-Domain" */ = {
			isa = XCConfigurationList;
			buildConfigurations = (
				097C1EE22378719700A7A5AD /* Debug */,
				097C1EE32378719700A7A5AD /* Release */,
			);
			defaultConfigurationIsVisible = 0;
			defaultConfigurationName = Release;
		};
		097C1EE52378719700A7A5AD /* Build configuration list for PBXNativeTarget "Radio-DomainTests" */ = {
			isa = XCConfigurationList;
			buildConfigurations = (
				097C1EE62378719700A7A5AD /* Debug */,
				097C1EE72378719700A7A5AD /* Release */,
			);
			defaultConfigurationIsVisible = 0;
			defaultConfigurationName = Release;
		};
/* End XCConfigurationList section */

/* Begin XCRemoteSwiftPackageReference section */
		093E6A6823B7931A00578C99 /* XCRemoteSwiftPackageReference "Kingfisher" */ = {
			isa = XCRemoteSwiftPackageReference;
			repositoryURL = "https://github.com/onevcat/Kingfisher";
			requirement = {
				kind = upToNextMajorVersion;
				minimumVersion = 5.12.0;
			};
		};
		0941B5072378823F00994F67 /* XCRemoteSwiftPackageReference "Swinject" */ = {
			isa = XCRemoteSwiftPackageReference;
			repositoryURL = "https://github.com/Swinject/Swinject";
			requirement = {
				kind = upToNextMajorVersion;
				minimumVersion = 2.7.1;
			};
		};
/* End XCRemoteSwiftPackageReference section */

/* Begin XCSwiftPackageProductDependency section */
		093E6A6923B7931A00578C99 /* KingfisherSwiftUI */ = {
			isa = XCSwiftPackageProductDependency;
			package = 093E6A6823B7931A00578C99 /* XCRemoteSwiftPackageReference "Kingfisher" */;
			productName = KingfisherSwiftUI;
		};
		0941B5082378823F00994F67 /* Swinject */ = {
			isa = XCSwiftPackageProductDependency;
			package = 0941B5072378823F00994F67 /* XCRemoteSwiftPackageReference "Swinject" */;
			productName = Swinject;
		};
/* End XCSwiftPackageProductDependency section */
	};
	rootObject = 097C1E982378716F00A7A5AD /* Project object */;
}
