{
  "object": {
    "pins": [
      {
        "package": "Kingfisher",
        "repositoryURL": "https://github.com/onevcat/Kingfisher",
        "state": {
          "branch": null,
          "revision": "ca02b7f57439afca10536fc7b75406e7ebd88d3b",
          "version": "5.12.0"
        }
      },
      {
        "package": "Mockingbird",
        "repositoryURL": "https://github.com/birdrides/mockingbird.git",
        "state": {
          "branch": null,
          "revision": "4069bb0cb0163b1f05b2bbb95f9396964d5a19ca",
          "version": "0.18.1"
        }
      },
      {
        "package": "SwiftSoup",
        "repositoryURL": "https://github.com/scinfu/SwiftSoup",
        "state": {
          "branch": null,
          "revision": "02c63b7be50bda384f22c56c64d347231754a07e",
          "version": "2.3.3"
        }
      }
    ]
  },
  "version": 1
}
